Microsoft Visual Studio Solution File, Format Version 8.00
# Visual C++ Express 2005
Project("{8BC9CEB8-8B4A-11D0-8D11-00A0C91BC942}") = "grpall_CSlibs", "grpall_CSlibs.vcproj", "{5EF19EA5-1AC8-A311-489F-FBE2F918C222}"
EndProject
Project("{8BC9CEB8-8B4A-11D0-8D11-00A0C91BC942}") = "grplibs_CSlibs", "grplibs_CSlibs.vcproj", "{89347686-E846-7F71-E4CD-0AF786056792}"
EndProject
Project("{8BC9CEB8-8B4A-11D0-8D11-00A0C91BC942}") = "libfreetype2", "libfreetype2.vcproj", "{3FC0D9C5-1691-6CF4-1403-9CA726EAD5F4}"
EndProject
Project("{8BC9CEB8-8B4A-11D0-8D11-00A0C91BC942}") = "libfreetype2_static", "libfreetype2_static.vcproj", "{6A34C6DE-AF3A-82C2-1D86-C8B34A9C7115}"
EndProject
Project("{8BC9CEB8-8B4A-11D0-8D11-00A0C91BC942}") = "libjpeg", "libjpeg.vcproj", "{C1136BAF-ABFA-927E-FC1C-88B00774FEF5}"
EndProject
Project("{8BC9CEB8-8B4A-11D0-8D11-00A0C91BC942}") = "libjpeg_static", "libjpeg_static.vcproj", "{C6442786-99DB-B81B-C490-9F2C2FF9BBBE}"
EndProject
Project("{8BC9CEB8-8B4A-11D0-8D11-00A0C91BC942}") = "libmng", "libmng.vcproj", "{FE64FABB-86E3-27FC-6933-19A8849AD0AE}"
EndProject
Project("{8BC9CEB8-8B4A-11D0-8D11-00A0C91BC942}") = "libmng_static", "libmng_static.vcproj", "{8F15C977-7338-8ADE-20A7-19F0916F53B4}"
EndProject
Project("{8BC9CEB8-8B4A-11D0-8D11-00A0C91BC942}") = "libpng", "libpng.vcproj", "{378EBA0C-3BA5-1CB2-6A4B-13E100D0686B}"
EndProject
Project("{8BC9CEB8-8B4A-11D0-8D11-00A0C91BC942}") = "libpng_static", "libpng_static.vcproj", "{76826832-67F2-BB7E-1E3C-53704C5D0C45}"
EndProject
Project("{8BC9CEB8-8B4A-11D0-8D11-00A0C91BC942}") = "libz", "libz.vcproj", "{8787BA6B-D5B6-9DD7-8556-AEEFEEF0DCF8}"
EndProject
Project("{8BC9CEB8-8B4A-11D0-8D11-00A0C91BC942}") = "libz_static", "libz_static.vcproj", "{E5C680E5-EAD0-C41F-70EE-C0BF49CE7DC8}"
EndProject
Global
	GlobalSection(SolutionConfiguration) = preSolution
		ConfigName.0 = Release
	EndGlobalSection
	GlobalSection(ProjectDependencies) = postSolution
		{5EF19EA5-1AC8-A311-489F-FBE2F918C222}.0 = {3FC0D9C5-1691-6CF4-1403-9CA726EAD5F4}
		{5EF19EA5-1AC8-A311-489F-FBE2F918C222}.1 = {6A34C6DE-AF3A-82C2-1D86-C8B34A9C7115}
		{5EF19EA5-1AC8-A311-489F-FBE2F918C222}.2 = {C1136BAF-ABFA-927E-FC1C-88B00774FEF5}
		{5EF19EA5-1AC8-A311-489F-FBE2F918C222}.3 = {C6442786-99DB-B81B-C490-9F2C2FF9BBBE}
		{5EF19EA5-1AC8-A311-489F-FBE2F918C222}.4 = {FE64FABB-86E3-27FC-6933-19A8849AD0AE}
		{5EF19EA5-1AC8-A311-489F-FBE2F918C222}.5 = {8F15C977-7338-8ADE-20A7-19F0916F53B4}
		{5EF19EA5-1AC8-A311-489F-FBE2F918C222}.6 = {378EBA0C-3BA5-1CB2-6A4B-13E100D0686B}
		{5EF19EA5-1AC8-A311-489F-FBE2F918C222}.7 = {76826832-67F2-BB7E-1E3C-53704C5D0C45}
		{5EF19EA5-1AC8-A311-489F-FBE2F918C222}.8 = {8787BA6B-D5B6-9DD7-8556-AEEFEEF0DCF8}
		{5EF19EA5-1AC8-A311-489F-FBE2F918C222}.9 = {E5C680E5-EAD0-C41F-70EE-C0BF49CE7DC8}
		{89347686-E846-7F71-E4CD-0AF786056792}.0 = {3FC0D9C5-1691-6CF4-1403-9CA726EAD5F4}
		{89347686-E846-7F71-E4CD-0AF786056792}.1 = {6A34C6DE-AF3A-82C2-1D86-C8B34A9C7115}
		{89347686-E846-7F71-E4CD-0AF786056792}.2 = {C1136BAF-ABFA-927E-FC1C-88B00774FEF5}
		{89347686-E846-7F71-E4CD-0AF786056792}.3 = {C6442786-99DB-B81B-C490-9F2C2FF9BBBE}
		{89347686-E846-7F71-E4CD-0AF786056792}.4 = {FE64FABB-86E3-27FC-6933-19A8849AD0AE}
		{89347686-E846-7F71-E4CD-0AF786056792}.5 = {8F15C977-7338-8ADE-20A7-19F0916F53B4}
		{89347686-E846-7F71-E4CD-0AF786056792}.6 = {378EBA0C-3BA5-1CB2-6A4B-13E100D0686B}
		{89347686-E846-7F71-E4CD-0AF786056792}.7 = {76826832-67F2-BB7E-1E3C-53704C5D0C45}
		{89347686-E846-7F71-E4CD-0AF786056792}.8 = {8787BA6B-D5B6-9DD7-8556-AEEFEEF0DCF8}
		{89347686-E846-7F71-E4CD-0AF786056792}.9 = {E5C680E5-EAD0-C41F-70EE-C0BF49CE7DC8}
		{3FC0D9C5-1691-6CF4-1403-9CA726EAD5F4}.0 = {8787BA6B-D5B6-9DD7-8556-AEEFEEF0DCF8}
		{FE64FABB-86E3-27FC-6933-19A8849AD0AE}.0 = {C1136BAF-ABFA-927E-FC1C-88B00774FEF5}
		{FE64FABB-86E3-27FC-6933-19A8849AD0AE}.1 = {8787BA6B-D5B6-9DD7-8556-AEEFEEF0DCF8}
		{378EBA0C-3BA5-1CB2-6A4B-13E100D0686B}.0 = {8787BA6B-D5B6-9DD7-8556-AEEFEEF0DCF8}
	EndGlobalSection
	GlobalSection(ProjectConfiguration) = postSolution
		{5EF19EA5-1AC8-A311-489F-FBE2F918C222}.Release.ActiveCfg = Release|Win32
		{5EF19EA5-1AC8-A311-489F-FBE2F918C222}.Release.Build.0 = Release|Win32
		{89347686-E846-7F71-E4CD-0AF786056792}.Release.ActiveCfg = Release|Win32
		{89347686-E846-7F71-E4CD-0AF786056792}.Release.Build.0 = Release|Win32
		{3FC0D9C5-1691-6CF4-1403-9CA726EAD5F4}.Release.ActiveCfg = Release|Win32
		{3FC0D9C5-1691-6CF4-1403-9CA726EAD5F4}.Release.Build.0 = Release|Win32
		{6A34C6DE-AF3A-82C2-1D86-C8B34A9C7115}.Release.ActiveCfg = Release|Win32
		{6A34C6DE-AF3A-82C2-1D86-C8B34A9C7115}.Release.Build.0 = Release|Win32
		{C1136BAF-ABFA-927E-FC1C-88B00774FEF5}.Release.ActiveCfg = Release|Win32
		{C1136BAF-ABFA-927E-FC1C-88B00774FEF5}.Release.Build.0 = Release|Win32
		{C6442786-99DB-B81B-C490-9F2C2FF9BBBE}.Release.ActiveCfg = Release|Win32
		{C6442786-99DB-B81B-C490-9F2C2FF9BBBE}.Release.Build.0 = Release|Win32
		{FE64FABB-86E3-27FC-6933-19A8849AD0AE}.Release.ActiveCfg = Release|Win32
		{FE64FABB-86E3-27FC-6933-19A8849AD0AE}.Release.Build.0 = Release|Win32
		{8F15C977-7338-8ADE-20A7-19F0916F53B4}.Release.ActiveCfg = Release|Win32
		{8F15C977-7338-8ADE-20A7-19F0916F53B4}.Release.Build.0 = Release|Win32
		{378EBA0C-3BA5-1CB2-6A4B-13E100D0686B}.Release.ActiveCfg = Release|Win32
		{378EBA0C-3BA5-1CB2-6A4B-13E100D0686B}.Release.Build.0 = Release|Win32
		{76826832-67F2-BB7E-1E3C-53704C5D0C45}.Release.ActiveCfg = Release|Win32
		{76826832-67F2-BB7E-1E3C-53704C5D0C45}.Release.Build.0 = Release|Win32
		{8787BA6B-D5B6-9DD7-8556-AEEFEEF0DCF8}.Release.ActiveCfg = Release|Win32
		{8787BA6B-D5B6-9DD7-8556-AEEFEEF0DCF8}.Release.Build.0 = Release|Win32
		{E5C680E5-EAD0-C41F-70EE-C0BF49CE7DC8}.Release.ActiveCfg = Release|Win32
		{E5C680E5-EAD0-C41F-70EE-C0BF49CE7DC8}.Release.Build.0 = Release|Win32
	EndGlobalSection
	GlobalSection(ExtensibilityGlobals) = postSolution
	EndGlobalSection
	GlobalSection(ExtensibilityAddIns) = postSolution
	EndGlobalSection
EndGlobal
