
Microsoft Visual Studio Solution File, Format Version 9.00
# Visual C++ Express 2005
Project("{8BC9CEB8-8B4A-11D0-8D11-00A0C91BC942}") = "libcal3d-vc8", "libcal3d-vc8.vcproj", "{E3C20979-17F3-4FDF-A3AA-77041EDF37DF}"
EndProject
Project("{8BC9CEB8-8B4A-11D0-8D11-00A0C91BC942}") = "libcal3d-vc8_debug", "libcal3d-vc8_debug.vcproj", "{D87DF5E5-EDD9-4353-9BD8-2EDCB1EA8C4D}"
EndProject
Project("{8BC9CEB8-8B4A-11D0-8D11-00A0C91BC942}") = "CEGUIFalagardBase-vc8", "CEGUIFalagardBase-vc8.vcproj", "{D76C04E9-BF97-4282-8BAB-70EF55E348A9}"
	ProjectSection(ProjectDependencies) = postProject
		{818AF37D-6C57-4E3A-9B96-D24079460E9D} = {818AF37D-6C57-4E3A-9B96-D24079460E9D}
	EndProjectSection
EndProject
Project("{8BC9CEB8-8B4A-11D0-8D11-00A0C91BC942}") = "CEGUIFalagardBase-vc8_static", "CEGUIFalagardBase-vc8_static.vcproj", "{5C293D48-E4D8-4B33-9D2B-5A13BA1A2C51}"
	ProjectSection(ProjectDependencies) = postProject
		{76171D96-19F7-40B6-9580-3D5444EF37B3} = {76171D96-19F7-40B6-9580-3D5444EF37B3}
	EndProjectSection
EndProject
Project("{8BC9CEB8-8B4A-11D0-8D11-00A0C91BC942}") = "libcal3d-vc8_static", "libcal3d-vc8_static.vcproj", "{0CCE0E95-ACC1-4009-9F6B-81C6F0B28C4F}"
EndProject
Project("{8BC9CEB8-8B4A-11D0-8D11-00A0C91BC942}") = "libcal3d-vc8_static_debug", "libcal3d-vc8_static_debug.vcproj", "{98D125E2-68A6-4D88-A573-26D1EE936553}"
EndProject
Project("{8BC9CEB8-8B4A-11D0-8D11-00A0C91BC942}") = "libCEGUIBase-vc8", "libCEGUIBase-vc8.vcproj", "{818AF37D-6C57-4E3A-9B96-D24079460E9D}"
EndProject
Project("{8BC9CEB8-8B4A-11D0-8D11-00A0C91BC942}") = "libCEGUIBase-vc8_static", "libCEGUIBase-vc8_static.vcproj", "{76171D96-19F7-40B6-9580-3D5444EF37B3}"
EndProject
Project("{8BC9CEB8-8B4A-11D0-8D11-00A0C91BC942}") = "libCEGUIBase-vc8_debug", "libCEGUIBase-vc8_debug.vcproj", "{40036858-E6E2-47D6-AA9A-A0997AD82793}"
EndProject
Project("{8BC9CEB8-8B4A-11D0-8D11-00A0C91BC942}") = "libCEGUIBase-vc8_static_debug", "libCEGUIBase-vc8_static_debug.vcproj", "{212BB3D0-CF7C-4D30-BD74-336E3266FD6B}"
EndProject
Project("{8BC9CEB8-8B4A-11D0-8D11-00A0C91BC942}") = "CEGUIFalagardBase-vc8_debug", "CEGUIFalagardBase-vc8_debug.vcproj", "{6590F868-0754-4FC6-9EC7-7CE5504FFAF0}"
	ProjectSection(ProjectDependencies) = postProject
		{40036858-E6E2-47D6-AA9A-A0997AD82793} = {40036858-E6E2-47D6-AA9A-A0997AD82793}
	EndProjectSection
EndProject
Project("{8BC9CEB8-8B4A-11D0-8D11-00A0C91BC942}") = "CEGUIFalagardBase-vc8_static_debug", "CEGUIFalagardBase-vc8_static_debug.vcproj", "{A890853B-087D-44CF-A979-F7BB5EF26988}"
	ProjectSection(ProjectDependencies) = postProject
		{212BB3D0-CF7C-4D30-BD74-336E3266FD6B} = {212BB3D0-CF7C-4D30-BD74-336E3266FD6B}
	EndProjectSection
EndProject
Project("{8BC9CEB8-8B4A-11D0-8D11-00A0C91BC942}") = "libbullet-vc8", "libbullet-vc8.vcproj", "{D60113BE-94DA-48A3-B74D-71DA99D03AFD}"
EndProject
Project("{8BC9CEB8-8B4A-11D0-8D11-00A0C91BC942}") = "libbullet-vc8_debug", "libbullet-vc8_debug.vcproj", "{FCF9E06D-2242-4742-90D0-D196D47C4E2B}"
EndProject
Project("{8BC9CEB8-8B4A-11D0-8D11-00A0C91BC942}") = "libbulletccdphysics-vc8", "libbulletccdphysics-vc8.vcproj", "{FAB00127-E4BF-4828-B0F9-83784102A430}"
EndProject
Project("{8BC9CEB8-8B4A-11D0-8D11-00A0C91BC942}") = "libbulletccdphysics-vc8_debug", "libbulletccdphysics-vc8_debug.vcproj", "{CC564C28-57F5-4AFC-AEC4-9F452123B4CC}"
EndProject
Project("{8BC9CEB8-8B4A-11D0-8D11-00A0C91BC942}") = "libbulletphysicsinterfacecommon-vc8", "libbulletphysicsinterfacecommon-vc8.vcproj", "{31E4101E-F940-4390-A321-8DD8827A7868}"
EndProject
Project("{8BC9CEB8-8B4A-11D0-8D11-00A0C91BC942}") = "libbulletphysicsinterfacecommon-vc8_debug", "libbulletphysicsinterfacecommon-vc8_debug.vcproj", "{F2EFBBE8-B996-48A5-BF2F-2A238C8C8F32}"
EndProject
Project("{8BC9CEB8-8B4A-11D0-8D11-00A0C91BC942}") = "libbulletdynamics-vc8", "libbulletdynamics-vc8.vcproj", "{63F0D10F-7071-4C3B-B8CC-5B12E476258B}"
EndProject
Project("{8BC9CEB8-8B4A-11D0-8D11-00A0C91BC942}") = "libbulletdynamics-vc8_debug", "libbulletdynamics-vc8_debug.vcproj", "{8588F973-C3F6-4733-AE88-E10D4082878B}"
EndProject
Global
	GlobalSection(SolutionConfigurationPlatforms) = preSolution
		Debug|Win32 = Debug|Win32
		Release|Win32 = Release|Win32
	EndGlobalSection
	GlobalSection(ProjectConfigurationPlatforms) = postSolution
		{E3C20979-17F3-4FDF-A3AA-77041EDF37DF}.Debug|Win32.ActiveCfg = Debug|Win32
		{E3C20979-17F3-4FDF-A3AA-77041EDF37DF}.Debug|Win32.Build.0 = Debug|Win32
		{E3C20979-17F3-4FDF-A3AA-77041EDF37DF}.Release|Win32.ActiveCfg = Release|Win32
		{E3C20979-17F3-4FDF-A3AA-77041EDF37DF}.Release|Win32.Build.0 = Release|Win32
		{D87DF5E5-EDD9-4353-9BD8-2EDCB1EA8C4D}.Debug|Win32.ActiveCfg = Debug|Win32
		{D87DF5E5-EDD9-4353-9BD8-2EDCB1EA8C4D}.Debug|Win32.Build.0 = Debug|Win32
		{D87DF5E5-EDD9-4353-9BD8-2EDCB1EA8C4D}.Release|Win32.ActiveCfg = Release|Win32
		{D87DF5E5-EDD9-4353-9BD8-2EDCB1EA8C4D}.Release|Win32.Build.0 = Release|Win32
		{D76C04E9-BF97-4282-8BAB-70EF55E348A9}.Debug|Win32.ActiveCfg = Debug|Win32
		{D76C04E9-BF97-4282-8BAB-70EF55E348A9}.Debug|Win32.Build.0 = Debug|Win32
		{D76C04E9-BF97-4282-8BAB-70EF55E348A9}.Release|Win32.ActiveCfg = Release|Win32
		{D76C04E9-BF97-4282-8BAB-70EF55E348A9}.Release|Win32.Build.0 = Release|Win32
		{5C293D48-E4D8-4B33-9D2B-5A13BA1A2C51}.Debug|Win32.ActiveCfg = Debug|Win32
		{5C293D48-E4D8-4B33-9D2B-5A13BA1A2C51}.Debug|Win32.Build.0 = Debug|Win32
		{5C293D48-E4D8-4B33-9D2B-5A13BA1A2C51}.Release|Win32.ActiveCfg = Release|Win32
		{5C293D48-E4D8-4B33-9D2B-5A13BA1A2C51}.Release|Win32.Build.0 = Release|Win32
		{0CCE0E95-ACC1-4009-9F6B-81C6F0B28C4F}.Debug|Win32.ActiveCfg = Debug|Win32
		{0CCE0E95-ACC1-4009-9F6B-81C6F0B28C4F}.Debug|Win32.Build.0 = Debug|Win32
		{0CCE0E95-ACC1-4009-9F6B-81C6F0B28C4F}.Release|Win32.ActiveCfg = Release|Win32
		{0CCE0E95-ACC1-4009-9F6B-81C6F0B28C4F}.Release|Win32.Build.0 = Release|Win32
		{98D125E2-68A6-4D88-A573-26D1EE936553}.Debug|Win32.ActiveCfg = Debug|Win32
		{98D125E2-68A6-4D88-A573-26D1EE936553}.Debug|Win32.Build.0 = Debug|Win32
		{98D125E2-68A6-4D88-A573-26D1EE936553}.Release|Win32.ActiveCfg = Release|Win32
		{98D125E2-68A6-4D88-A573-26D1EE936553}.Release|Win32.Build.0 = Release|Win32
		{818AF37D-6C57-4E3A-9B96-D24079460E9D}.Debug|Win32.ActiveCfg = Debug|Win32
		{818AF37D-6C57-4E3A-9B96-D24079460E9D}.Debug|Win32.Build.0 = Debug|Win32
		{818AF37D-6C57-4E3A-9B96-D24079460E9D}.Release|Win32.ActiveCfg = Release|Win32
		{818AF37D-6C57-4E3A-9B96-D24079460E9D}.Release|Win32.Build.0 = Release|Win32
		{76171D96-19F7-40B6-9580-3D5444EF37B3}.Debug|Win32.ActiveCfg = Debug|Win32
		{76171D96-19F7-40B6-9580-3D5444EF37B3}.Debug|Win32.Build.0 = Debug|Win32
		{76171D96-19F7-40B6-9580-3D5444EF37B3}.Release|Win32.ActiveCfg = Release|Win32
		{76171D96-19F7-40B6-9580-3D5444EF37B3}.Release|Win32.Build.0 = Release|Win32
		{40036858-E6E2-47D6-AA9A-A0997AD82793}.Debug|Win32.ActiveCfg = Debug|Win32
		{40036858-E6E2-47D6-AA9A-A0997AD82793}.Debug|Win32.Build.0 = Debug|Win32
		{40036858-E6E2-47D6-AA9A-A0997AD82793}.Release|Win32.ActiveCfg = Release|Win32
		{40036858-E6E2-47D6-AA9A-A0997AD82793}.Release|Win32.Build.0 = Release|Win32
		{212BB3D0-CF7C-4D30-BD74-336E3266FD6B}.Debug|Win32.ActiveCfg = Debug|Win32
		{212BB3D0-CF7C-4D30-BD74-336E3266FD6B}.Debug|Win32.Build.0 = Debug|Win32
		{212BB3D0-CF7C-4D30-BD74-336E3266FD6B}.Release|Win32.ActiveCfg = Release|Win32
		{212BB3D0-CF7C-4D30-BD74-336E3266FD6B}.Release|Win32.Build.0 = Release|Win32
		{6590F868-0754-4FC6-9EC7-7CE5504FFAF0}.Debug|Win32.ActiveCfg = Debug|Win32
		{6590F868-0754-4FC6-9EC7-7CE5504FFAF0}.Debug|Win32.Build.0 = Debug|Win32
		{6590F868-0754-4FC6-9EC7-7CE5504FFAF0}.Release|Win32.ActiveCfg = Release|Win32
		{6590F868-0754-4FC6-9EC7-7CE5504FFAF0}.Release|Win32.Build.0 = Release|Win32
		{A890853B-087D-44CF-A979-F7BB5EF26988}.Debug|Win32.ActiveCfg = Debug|Win32
		{A890853B-087D-44CF-A979-F7BB5EF26988}.Debug|Win32.Build.0 = Debug|Win32
		{A890853B-087D-44CF-A979-F7BB5EF26988}.Release|Win32.ActiveCfg = Release|Win32
		{A890853B-087D-44CF-A979-F7BB5EF26988}.Release|Win32.Build.0 = Release|Win32
		{D60113BE-94DA-48A3-B74D-71DA99D03AFD}.Debug|Win32.ActiveCfg = Debug|Win32
		{D60113BE-94DA-48A3-B74D-71DA99D03AFD}.Debug|Win32.Build.0 = Debug|Win32
		{D60113BE-94DA-48A3-B74D-71DA99D03AFD}.Release|Win32.ActiveCfg = Release|Win32
		{D60113BE-94DA-48A3-B74D-71DA99D03AFD}.Release|Win32.Build.0 = Release|Win32
		{FCF9E06D-2242-4742-90D0-D196D47C4E2B}.Debug|Win32.ActiveCfg = Debug|Win32
		{FCF9E06D-2242-4742-90D0-D196D47C4E2B}.Debug|Win32.Build.0 = Debug|Win32
		{FCF9E06D-2242-4742-90D0-D196D47C4E2B}.Release|Win32.ActiveCfg = Release|Win32
		{FCF9E06D-2242-4742-90D0-D196D47C4E2B}.Release|Win32.Build.0 = Release|Win32
		{FAB00127-E4BF-4828-B0F9-83784102A430}.Debug|Win32.ActiveCfg = Debug|Win32
		{FAB00127-E4BF-4828-B0F9-83784102A430}.Debug|Win32.Build.0 = Debug|Win32
		{FAB00127-E4BF-4828-B0F9-83784102A430}.Release|Win32.ActiveCfg = Release|Win32
		{FAB00127-E4BF-4828-B0F9-83784102A430}.Release|Win32.Build.0 = Release|Win32
		{CC564C28-57F5-4AFC-AEC4-9F452123B4CC}.Debug|Win32.ActiveCfg = Debug|Win32
		{CC564C28-57F5-4AFC-AEC4-9F452123B4CC}.Debug|Win32.Build.0 = Debug|Win32
		{CC564C28-57F5-4AFC-AEC4-9F452123B4CC}.Release|Win32.ActiveCfg = Release|Win32
		{CC564C28-57F5-4AFC-AEC4-9F452123B4CC}.Release|Win32.Build.0 = Release|Win32
		{31E4101E-F940-4390-A321-8DD8827A7868}.Debug|Win32.ActiveCfg = Debug|Win32
		{31E4101E-F940-4390-A321-8DD8827A7868}.Debug|Win32.Build.0 = Debug|Win32
		{31E4101E-F940-4390-A321-8DD8827A7868}.Release|Win32.ActiveCfg = Release|Win32
		{31E4101E-F940-4390-A321-8DD8827A7868}.Release|Win32.Build.0 = Release|Win32
		{F2EFBBE8-B996-48A5-BF2F-2A238C8C8F32}.Debug|Win32.ActiveCfg = Debug|Win32
		{F2EFBBE8-B996-48A5-BF2F-2A238C8C8F32}.Debug|Win32.Build.0 = Debug|Win32
		{F2EFBBE8-B996-48A5-BF2F-2A238C8C8F32}.Release|Win32.ActiveCfg = Release|Win32
		{F2EFBBE8-B996-48A5-BF2F-2A238C8C8F32}.Release|Win32.Build.0 = Release|Win32
		{63F0D10F-7071-4C3B-B8CC-5B12E476258B}.Debug|Win32.ActiveCfg = Debug|Win32
		{63F0D10F-7071-4C3B-B8CC-5B12E476258B}.Debug|Win32.Build.0 = Debug|Win32
		{63F0D10F-7071-4C3B-B8CC-5B12E476258B}.Release|Win32.ActiveCfg = Release|Win32
		{63F0D10F-7071-4C3B-B8CC-5B12E476258B}.Release|Win32.Build.0 = Release|Win32
		{8588F973-C3F6-4733-AE88-E10D4082878B}.Debug|Win32.ActiveCfg = Debug|Win32
		{8588F973-C3F6-4733-AE88-E10D4082878B}.Debug|Win32.Build.0 = Debug|Win32
		{8588F973-C3F6-4733-AE88-E10D4082878B}.Release|Win32.ActiveCfg = Release|Win32
		{8588F973-C3F6-4733-AE88-E10D4082878B}.Release|Win32.Build.0 = Release|Win32
	EndGlobalSection
	GlobalSection(SolutionProperties) = preSolution
		HideSolutionNode = FALSE
	EndGlobalSection
EndGlobal
