Microsoft Visual Studio Solution File, Format Version 7.00
Project("{8BC9CEB8-8B4A-11D0-8D11-00A0C91BC942}") = "build_cslibs", "build_cslibs.vcproj", "{486C6882-D5FA-4DA1-9B58-628A3E2322BE}"
EndProject
Project("{8BC9CEB8-8B4A-11D0-8D11-00A0C91BC942}") = "lib3ds", "lib3ds.vcproj", "{B4F65974-C939-4456-ABE0-BC3099C0497C}"
EndProject
Project("{8BC9CEB8-8B4A-11D0-8D11-00A0C91BC942}") = "libcal3d", "libcal3d.vcproj", "{AAFEC8F4-5D83-4587-8F9B-3170FF51E196}"
EndProject
Project("{8BC9CEB8-8B4A-11D0-8D11-00A0C91BC942}") = "libfreetype2", "libfreetype2.vcproj", "{74E49242-5E5C-40A3-A965-B9829E56CEA2}"
EndProject
Project("{8BC9CEB8-8B4A-11D0-8D11-00A0C91BC942}") = "libjpeg", "libjpeg.vcproj", "{23DA6A7D-EE1E-4AA2-A11C-16708EF1FFDD}"
EndProject
Project("{8BC9CEB8-8B4A-11D0-8D11-00A0C91BC942}") = "libmikmod", "libmikmod.vcproj", "{359B2C54-98EC-44B4-89C7-200DBB3EB226}"
EndProject
Project("{8BC9CEB8-8B4A-11D0-8D11-00A0C91BC942}") = "libmng", "libmng.vcproj", "{93BC057C-0798-4240-BCD0-CE06BB3448C3}"
EndProject
Project("{8BC9CEB8-8B4A-11D0-8D11-00A0C91BC942}") = "libode", "libode.vcproj", "{ADD96BCF-D46D-444E-AD7E-019399546F5D}"
EndProject
Project("{8BC9CEB8-8B4A-11D0-8D11-00A0C91BC942}") = "libpng", "libpng.vcproj", "{F8ACAF43-717A-4A81-8579-7676EE095F8F}"
EndProject
Project("{8BC9CEB8-8B4A-11D0-8D11-00A0C91BC942}") = "libz", "libz.vcproj", "{FD9A2557-358C-4013-BFEA-E01FD9C125EC}"
EndProject
Project("{8BC9CEB8-8B4A-11D0-8D11-00A0C91BC942}") = "libogg", "libogg.vcproj", "{5E01539C-E20A-4C50-9480-15484BC5D101}"
EndProject
Project("{8BC9CEB8-8B4A-11D0-8D11-00A0C91BC942}") = "libvorbis", "libvorbis.vcproj", "{DAE97ED8-D289-4993-9C86-50A92F57DA61}"
EndProject
Project("{8BC9CEB8-8B4A-11D0-8D11-00A0C91BC942}") = "libvorbisfile", "libvorbisfile.vcproj", "{5251ADA8-BB4A-4022-800D-C5F07244BD71}"
EndProject
Global
	GlobalSection(DPCodeReviewSolutionGUID) = preSolution
		DPCodeReviewSolutionGUID = {00000000-0000-0000-0000-000000000000}
	EndGlobalSection
	GlobalSection(SolutionConfiguration) = preSolution
		ConfigName.0 = Debug
		ConfigName.1 = Release
	EndGlobalSection
	GlobalSection(ProjectDependencies) = postSolution
		{486C6882-D5FA-4DA1-9B58-628A3E2322BE}.0 = {93BC057C-0798-4240-BCD0-CE06BB3448C3}
		{486C6882-D5FA-4DA1-9B58-628A3E2322BE}.1 = {5251ADA8-BB4A-4022-800D-C5F07244BD71}
		{486C6882-D5FA-4DA1-9B58-628A3E2322BE}.2 = {F8ACAF43-717A-4A81-8579-7676EE095F8F}
		{486C6882-D5FA-4DA1-9B58-628A3E2322BE}.3 = {5E01539C-E20A-4C50-9480-15484BC5D101}
		{486C6882-D5FA-4DA1-9B58-628A3E2322BE}.4 = {5E01539C-E20A-4C50-9480-15484BC5D101}
		{486C6882-D5FA-4DA1-9B58-628A3E2322BE}.5 = {23DA6A7D-EE1E-4AA2-A11C-16708EF1FFDD}
		{486C6882-D5FA-4DA1-9B58-628A3E2322BE}.6 = {AAFEC8F4-5D83-4587-8F9B-3170FF51E196}
		{486C6882-D5FA-4DA1-9B58-628A3E2322BE}.7 = {ADD96BCF-D46D-444E-AD7E-019399546F5D}
		{486C6882-D5FA-4DA1-9B58-628A3E2322BE}.8 = {359B2C54-98EC-44B4-89C7-200DBB3EB226}
		{486C6882-D5FA-4DA1-9B58-628A3E2322BE}.9 = {B4F65974-C939-4456-ABE0-BC3099C0497C}
		{486C6882-D5FA-4DA1-9B58-628A3E2322BE}.10 = {74E49242-5E5C-40A3-A965-B9829E56CEA2}
		{486C6882-D5FA-4DA1-9B58-628A3E2322BE}.11 = {FD9A2557-358C-4013-BFEA-E01FD9C125EC}
		{486C6882-D5FA-4DA1-9B58-628A3E2322BE}.12 = {DAE97ED8-D289-4993-9C86-50A92F57DA61}
		{74E49242-5E5C-40A3-A965-B9829E56CEA2}.0 = {FD9A2557-358C-4013-BFEA-E01FD9C125EC}
		{93BC057C-0798-4240-BCD0-CE06BB3448C3}.0 = {FD9A2557-358C-4013-BFEA-E01FD9C125EC}
		{93BC057C-0798-4240-BCD0-CE06BB3448C3}.1 = {23DA6A7D-EE1E-4AA2-A11C-16708EF1FFDD}
		{F8ACAF43-717A-4A81-8579-7676EE095F8F}.0 = {FD9A2557-358C-4013-BFEA-E01FD9C125EC}
		{DAE97ED8-D289-4993-9C86-50A92F57DA61}.0 = {5E01539C-E20A-4C50-9480-15484BC5D101}
		{5251ADA8-BB4A-4022-800D-C5F07244BD71}.0 = {5E01539C-E20A-4C50-9480-15484BC5D101}
		{5251ADA8-BB4A-4022-800D-C5F07244BD71}.1 = {DAE97ED8-D289-4993-9C86-50A92F57DA61}
	EndGlobalSection
	GlobalSection(ProjectConfiguration) = postSolution
		{486C6882-D5FA-4DA1-9B58-628A3E2322BE}.Debug.ActiveCfg = Debug|Win32
		{486C6882-D5FA-4DA1-9B58-628A3E2322BE}.Debug.Build.0 = Debug|Win32
		{486C6882-D5FA-4DA1-9B58-628A3E2322BE}.Release.ActiveCfg = Release|Win32
		{486C6882-D5FA-4DA1-9B58-628A3E2322BE}.Release.Build.0 = Release|Win32
		{B4F65974-C939-4456-ABE0-BC3099C0497C}.Debug.ActiveCfg = Debug|Win32
		{B4F65974-C939-4456-ABE0-BC3099C0497C}.Debug.Build.0 = Debug|Win32
		{B4F65974-C939-4456-ABE0-BC3099C0497C}.Release.ActiveCfg = Release|Win32
		{B4F65974-C939-4456-ABE0-BC3099C0497C}.Release.Build.0 = Release|Win32
		{AAFEC8F4-5D83-4587-8F9B-3170FF51E196}.Debug.ActiveCfg = Debug|Win32
		{AAFEC8F4-5D83-4587-8F9B-3170FF51E196}.Debug.Build.0 = Debug|Win32
		{AAFEC8F4-5D83-4587-8F9B-3170FF51E196}.Release.ActiveCfg = Release|Win32
		{AAFEC8F4-5D83-4587-8F9B-3170FF51E196}.Release.Build.0 = Release|Win32
		{74E49242-5E5C-40A3-A965-B9829E56CEA2}.Debug.ActiveCfg = Debug|Win32
		{74E49242-5E5C-40A3-A965-B9829E56CEA2}.Debug.Build.0 = Debug|Win32
		{74E49242-5E5C-40A3-A965-B9829E56CEA2}.Release.ActiveCfg = Release|Win32
		{74E49242-5E5C-40A3-A965-B9829E56CEA2}.Release.Build.0 = Release|Win32
		{23DA6A7D-EE1E-4AA2-A11C-16708EF1FFDD}.Debug.ActiveCfg = Debug|Win32
		{23DA6A7D-EE1E-4AA2-A11C-16708EF1FFDD}.Debug.Build.0 = Debug|Win32
		{23DA6A7D-EE1E-4AA2-A11C-16708EF1FFDD}.Release.ActiveCfg = Release|Win32
		{23DA6A7D-EE1E-4AA2-A11C-16708EF1FFDD}.Release.Build.0 = Release|Win32
		{359B2C54-98EC-44B4-89C7-200DBB3EB226}.Debug.ActiveCfg = Debug|Win32
		{359B2C54-98EC-44B4-89C7-200DBB3EB226}.Debug.Build.0 = Debug|Win32
		{359B2C54-98EC-44B4-89C7-200DBB3EB226}.Release.ActiveCfg = Release|Win32
		{359B2C54-98EC-44B4-89C7-200DBB3EB226}.Release.Build.0 = Release|Win32
		{93BC057C-0798-4240-BCD0-CE06BB3448C3}.Debug.ActiveCfg = Debug|Win32
		{93BC057C-0798-4240-BCD0-CE06BB3448C3}.Debug.Build.0 = Debug|Win32
		{93BC057C-0798-4240-BCD0-CE06BB3448C3}.Release.ActiveCfg = Release|Win32
		{93BC057C-0798-4240-BCD0-CE06BB3448C3}.Release.Build.0 = Release|Win32
		{ADD96BCF-D46D-444E-AD7E-019399546F5D}.Debug.ActiveCfg = Debug|Win32
		{ADD96BCF-D46D-444E-AD7E-019399546F5D}.Debug.Build.0 = Debug|Win32
		{ADD96BCF-D46D-444E-AD7E-019399546F5D}.Release.ActiveCfg = Release|Win32
		{ADD96BCF-D46D-444E-AD7E-019399546F5D}.Release.Build.0 = Release|Win32
		{F8ACAF43-717A-4A81-8579-7676EE095F8F}.Debug.ActiveCfg = Debug|Win32
		{F8ACAF43-717A-4A81-8579-7676EE095F8F}.Debug.Build.0 = Debug|Win32
		{F8ACAF43-717A-4A81-8579-7676EE095F8F}.Release.ActiveCfg = Release|Win32
		{F8ACAF43-717A-4A81-8579-7676EE095F8F}.Release.Build.0 = Release|Win32
		{FD9A2557-358C-4013-BFEA-E01FD9C125EC}.Debug.ActiveCfg = Debug|Win32
		{FD9A2557-358C-4013-BFEA-E01FD9C125EC}.Debug.Build.0 = Debug|Win32
		{FD9A2557-358C-4013-BFEA-E01FD9C125EC}.Release.ActiveCfg = Release|Win32
		{FD9A2557-358C-4013-BFEA-E01FD9C125EC}.Release.Build.0 = Release|Win32
		{5E01539C-E20A-4C50-9480-15484BC5D101}.Debug.ActiveCfg = Debug|Win32
		{5E01539C-E20A-4C50-9480-15484BC5D101}.Debug.Build.0 = Debug|Win32
		{5E01539C-E20A-4C50-9480-15484BC5D101}.Release.ActiveCfg = Release|Win32
		{5E01539C-E20A-4C50-9480-15484BC5D101}.Release.Build.0 = Release|Win32
		{DAE97ED8-D289-4993-9C86-50A92F57DA61}.Debug.ActiveCfg = Debug|Win32
		{DAE97ED8-D289-4993-9C86-50A92F57DA61}.Release.ActiveCfg = Release|Win32
		{DAE97ED8-D289-4993-9C86-50A92F57DA61}.Release.Build.0 = Release|Win32
		{5251ADA8-BB4A-4022-800D-C5F07244BD71}.Debug.ActiveCfg = Debug|Win32
		{5251ADA8-BB4A-4022-800D-C5F07244BD71}.Debug.Build.0 = Debug|Win32
		{5251ADA8-BB4A-4022-800D-C5F07244BD71}.Release.ActiveCfg = Release|Win32
		{5251ADA8-BB4A-4022-800D-C5F07244BD71}.Release.Build.0 = Release|Win32
	EndGlobalSection
	GlobalSection(ExtensibilityGlobals) = postSolution
	EndGlobalSection
	GlobalSection(ExtensibilityAddIns) = postSolution
	EndGlobalSection
EndGlobal
