Microsoft Visual Studio Solution File, Format Version 7.00
Project("{8BC9CEB8-8B4A-11D0-8D11-00A0C91BC942}") = "libcal3d-vc7", "libcal3d-vc7.vcproj", "{AAFEC8F4-5D83-4587-8F9B-3170FF51E196}"
EndProject
Project("{8BC9CEB8-8B4A-11D0-8D11-00A0C91BC942}") = "libcal3d-vc7_static", "libcal3d-vc7_static.vcproj", "{CB9CF187-9AD1-4F01-8519-D0796988C1DB}"
EndProject
Project("{8BC9CEB8-8B4A-11D0-8D11-00A0C91BC942}") = "libCEGUIBase-vc7", "libCEGUIBase-vc7.vcproj", "{41479B71-4AA0-47FC-9738-12F6DA994CD0}"
EndProject
Project("{8BC9CEB8-8B4A-11D0-8D11-00A0C91BC942}") = "CEGUIFalagardBase-vc7", "CEGUIFalagardBase-vc7.vcproj", "{9155C410-F113-11D9-8CD6-0800200C9A66}"
EndProject
Project("{8BC9CEB8-8B4A-11D0-8D11-00A0C91BC942}") = "libCEGUIBase-vc7_static", "libCEGUIBase-vc7_static.vcproj", "{B9C7EA43-2654-43CC-B772-C9FFDEC1B7AF}"
EndProject
Project("{8BC9CEB8-8B4A-11D0-8D11-00A0C91BC942}") = "CEGUIFalagardBase-vc7_static", "CEGUIFalagardBase-vc7_static.vcproj", "{F437A449-EF19-47D7-B861-8C0F88F49509}"
EndProject
Project("{8BC9CEB8-8B4A-11D0-8D11-00A0C91BC942}") = "libcal3d-vc7_debug", "libcal3d-vc7_debug.vcproj", "{C79CE12E-4DC2-485E-8161-5E991032EC11}"
EndProject
Project("{8BC9CEB8-8B4A-11D0-8D11-00A0C91BC942}") = "libcal3d-vc7_static_debug", "libcal3d-vc7_static_debug.vcproj", "{CB9CF187-9AD1-4F01-8519-D0796988C1DB}"
EndProject
Project("{8BC9CEB8-8B4A-11D0-8D11-00A0C91BC942}") = "libCEGUIBase-vc7_debug", "libCEGUIBase-vc7_debug.vcproj", "{C6EAF209-17F2-4D96-B6E6-E9ECD9EA4556}"
EndProject
Project("{8BC9CEB8-8B4A-11D0-8D11-00A0C91BC942}") = "libCEGUIBase-vc7_static_debug", "libCEGUIBase-vc7_static_debug.vcproj", "{F8962390-E48E-4711-91C7-090CEA16BDA8}"
EndProject
Project("{8BC9CEB8-8B4A-11D0-8D11-00A0C91BC942}") = "CEGUIFalagardBase-vc7_debug", "CEGUIFalagardBase-vc7_debug.vcproj", "{8BFCDD0E-ECA6-45CB-8E62-497A36927DDD}"
EndProject
Project("{8BC9CEB8-8B4A-11D0-8D11-00A0C91BC942}") = "CEGUIFalagardBase-vc7_static_debug", "CEGUIFalagardBase-vc7_static_debug.vcproj", "{F7376061-D5DF-4FA7-A2D0-6832DD8D99EA}"
EndProject
Project("{8BC9CEB8-8B4A-11D0-8D11-00A0C91BC942}") = "libbullet-vc7", "libbullet-vc7.vcproj", "{358873A7-F408-4F5A-8308-655FFEE53883}"
EndProject
Project("{8BC9CEB8-8B4A-11D0-8D11-00A0C91BC942}") = "libbulletdynamics-vc7", "libbulletdynamics-vc7.vcproj", "{6556BC20-1CAD-40EE-90C5-944905EEE6E9}"
EndProject
Project("{8BC9CEB8-8B4A-11D0-8D11-00A0C91BC942}") = "libbulletccdphysics-vc7", "libbulletccdphysics-vc7.vcproj", "{CC499D03-44C9-4CDC-A3AE-2A514A0AE227}"
EndProject
Project("{8BC9CEB8-8B4A-11D0-8D11-00A0C91BC942}") = "libbulletphysicsinterfacecommon-vc7", "libbulletphysicsinterfacecommon-vc7.vcproj", "{6B149742-8F7E-4ABF-A9D0-FDE0065D15DF}"
EndProject
Project("{8BC9CEB8-8B4A-11D0-8D11-00A0C91BC942}") = "libbullet-vc7_debug", "libbullet-vc7_debug.vcproj", "{9E0DE069-A284-4DF9-A6D9-B4E7273BC151}"
EndProject
Project("{8BC9CEB8-8B4A-11D0-8D11-00A0C91BC942}") = "libbulletccdphysics-vc7_debug", "libbulletccdphysics-vc7_debug.vcproj", "{D3B65B77-573E-44BF-A0EE-76B76D4A4719}"
EndProject
Project("{8BC9CEB8-8B4A-11D0-8D11-00A0C91BC942}") = "libbulletdynamics-vc7_debug", "libbulletdynamics-vc7_debug.vcproj", "{6F81F5A2-8808-47E3-9F30-A2DA4DD28F5E}"
EndProject
Project("{8BC9CEB8-8B4A-11D0-8D11-00A0C91BC942}") = "libbulletphysicsinterfacecommon-vc7_debug", "libbulletphysicsinterfacecommon-vc7_debug.vcproj", "{AF866B40-5F96-4E40-963C-32DA44E40430}"
EndProject
Global
	GlobalSection(DPCodeReviewSolutionGUID) = preSolution
		DPCodeReviewSolutionGUID = {00000000-0000-0000-0000-000000000000}
	EndGlobalSection
	GlobalSection(SolutionConfiguration) = preSolution
		ConfigName.0 = Release
	EndGlobalSection
	GlobalSection(ProjectDependencies) = postSolution
		{9155C410-F113-11D9-8CD6-0800200C9A66}.0 = {41479B71-4AA0-47FC-9738-12F6DA994CD0}
		{F437A449-EF19-47D7-B861-8C0F88F49509}.0 = {B9C7EA43-2654-43CC-B772-C9FFDEC1B7AF}
		{8BFCDD0E-ECA6-45CB-8E62-497A36927DDD}.0 = {C6EAF209-17F2-4D96-B6E6-E9ECD9EA4556}
		{F7376061-D5DF-4FA7-A2D0-6832DD8D99EA}.0 = {F8962390-E48E-4711-91C7-090CEA16BDA8}
	EndGlobalSection
	GlobalSection(ProjectConfiguration) = postSolution
		{AAFEC8F4-5D83-4587-8F9B-3170FF51E196}.Release.ActiveCfg = Release|Win32
		{AAFEC8F4-5D83-4587-8F9B-3170FF51E196}.Release.Build.0 = Release|Win32
		{CB9CF187-9AD1-4F01-8519-D0796988C1DB}.Release.ActiveCfg = Release|Win32
		{CB9CF187-9AD1-4F01-8519-D0796988C1DB}.Release.Build.0 = Release|Win32
		{41479B71-4AA0-47FC-9738-12F6DA994CD0}.Release.ActiveCfg = Release|Win32
		{41479B71-4AA0-47FC-9738-12F6DA994CD0}.Release.Build.0 = Release|Win32
		{9155C410-F113-11D9-8CD6-0800200C9A66}.Release.ActiveCfg = Release|Win32
		{9155C410-F113-11D9-8CD6-0800200C9A66}.Release.Build.0 = Release|Win32
		{B9C7EA43-2654-43CC-B772-C9FFDEC1B7AF}.Release.ActiveCfg = Release|Win32
		{B9C7EA43-2654-43CC-B772-C9FFDEC1B7AF}.Release.Build.0 = Release|Win32
		{F437A449-EF19-47D7-B861-8C0F88F49509}.Release.ActiveCfg = Release|Win32
		{F437A449-EF19-47D7-B861-8C0F88F49509}.Release.Build.0 = Release|Win32
		{C79CE12E-4DC2-485E-8161-5E991032EC11}.Release.ActiveCfg = Release|Win32
		{C79CE12E-4DC2-485E-8161-5E991032EC11}.Release.Build.0 = Release|Win32
		{CB9CF187-9AD1-4F01-8519-D0796988C1DB}.Release.ActiveCfg = Release|Win32
		{CB9CF187-9AD1-4F01-8519-D0796988C1DB}.Release.Build.0 = Release|Win32
		{C6EAF209-17F2-4D96-B6E6-E9ECD9EA4556}.Release.ActiveCfg = Release|Win32
		{C6EAF209-17F2-4D96-B6E6-E9ECD9EA4556}.Release.Build.0 = Release|Win32
		{F8962390-E48E-4711-91C7-090CEA16BDA8}.Release.ActiveCfg = Release|Win32
		{F8962390-E48E-4711-91C7-090CEA16BDA8}.Release.Build.0 = Release|Win32
		{8BFCDD0E-ECA6-45CB-8E62-497A36927DDD}.Release.ActiveCfg = Release|Win32
		{8BFCDD0E-ECA6-45CB-8E62-497A36927DDD}.Release.Build.0 = Release|Win32
		{F7376061-D5DF-4FA7-A2D0-6832DD8D99EA}.Release.ActiveCfg = Release|Win32
		{F7376061-D5DF-4FA7-A2D0-6832DD8D99EA}.Release.Build.0 = Release|Win32
		{358873A7-F408-4F5A-8308-655FFEE53883}.Release.ActiveCfg = Release|Win32
		{358873A7-F408-4F5A-8308-655FFEE53883}.Release.Build.0 = Release|Win32
		{6556BC20-1CAD-40EE-90C5-944905EEE6E9}.Release.ActiveCfg = Release|Win32
		{6556BC20-1CAD-40EE-90C5-944905EEE6E9}.Release.Build.0 = Release|Win32
		{CC499D03-44C9-4CDC-A3AE-2A514A0AE227}.Release.ActiveCfg = Release|Win32
		{CC499D03-44C9-4CDC-A3AE-2A514A0AE227}.Release.Build.0 = Release|Win32
		{6B149742-8F7E-4ABF-A9D0-FDE0065D15DF}.Release.ActiveCfg = Release|Win32
		{6B149742-8F7E-4ABF-A9D0-FDE0065D15DF}.Release.Build.0 = Release|Win32
		{9E0DE069-A284-4DF9-A6D9-B4E7273BC151}.Release.ActiveCfg = Release|Win32
		{9E0DE069-A284-4DF9-A6D9-B4E7273BC151}.Release.Build.0 = Release|Win32
		{D3B65B77-573E-44BF-A0EE-76B76D4A4719}.Release.ActiveCfg = Release|Win32
		{D3B65B77-573E-44BF-A0EE-76B76D4A4719}.Release.Build.0 = Release|Win32
		{6F81F5A2-8808-47E3-9F30-A2DA4DD28F5E}.Release.ActiveCfg = Release|Win32
		{6F81F5A2-8808-47E3-9F30-A2DA4DD28F5E}.Release.Build.0 = Release|Win32
		{AF866B40-5F96-4E40-963C-32DA44E40430}.Release.ActiveCfg = Release|Win32
		{AF866B40-5F96-4E40-963C-32DA44E40430}.Release.Build.0 = Release|Win32
	EndGlobalSection
	GlobalSection(ExtensibilityGlobals) = postSolution
	EndGlobalSection
	GlobalSection(ExtensibilityAddIns) = postSolution
	EndGlobalSection
EndGlobal
