Microsoft Visual Studio Solution File, Format Version 7.00
Project("{8BC9CEB8-8B4A-11D0-8D11-00A0C91BC942}") = "build_cslibs", "build_cslibs.vcproj", "{486C6882-D5FA-4DA1-9B58-628A3E2322BE}"
EndProject
Project("{8BC9CEB8-8B4A-11D0-8D11-00A0C91BC942}") = "lib3ds", "lib3ds.vcproj", "{B4F65974-C939-4456-ABE0-BC3099C0497C}"
EndProject
Project("{8BC9CEB8-8B4A-11D0-8D11-00A0C91BC942}") = "libcal3d", "libcal3d.vcproj", "{AAFEC8F4-5D83-4587-8F9B-3170FF51E196}"
EndProject
Project("{8BC9CEB8-8B4A-11D0-8D11-00A0C91BC942}") = "libfreetype2", "libfreetype2.vcproj", "{74E49242-5E5C-40A3-A965-B9829E56CEA2}"
EndProject
Project("{8BC9CEB8-8B4A-11D0-8D11-00A0C91BC942}") = "libjpeg", "libjpeg.vcproj", "{23DA6A7D-EE1E-4AA2-A11C-16708EF1FFDD}"
EndProject
Project("{8BC9CEB8-8B4A-11D0-8D11-00A0C91BC942}") = "libmikmod", "libmikmod.vcproj", "{359B2C54-98EC-44B4-89C7-200DBB3EB226}"
EndProject
Project("{8BC9CEB8-8B4A-11D0-8D11-00A0C91BC942}") = "libmng", "libmng.vcproj", "{93BC057C-0798-4240-BCD0-CE06BB3448C3}"
EndProject
Project("{8BC9CEB8-8B4A-11D0-8D11-00A0C91BC942}") = "libode", "libode.vcproj", "{ADD96BCF-D46D-444E-AD7E-019399546F5D}"
EndProject
Project("{8BC9CEB8-8B4A-11D0-8D11-00A0C91BC942}") = "libpng", "libpng.vcproj", "{F8ACAF43-717A-4A81-8579-7676EE095F8F}"
EndProject
Project("{8BC9CEB8-8B4A-11D0-8D11-00A0C91BC942}") = "libz", "libz.vcproj", "{FD9A2557-358C-4013-BFEA-E01FD9C125EC}"
EndProject
Project("{8BC9CEB8-8B4A-11D0-8D11-00A0C91BC942}") = "libogg", "libogg.vcproj", "{5E01539C-E20A-4C50-9480-15484BC5D101}"
EndProject
Project("{8BC9CEB8-8B4A-11D0-8D11-00A0C91BC942}") = "libvorbis", "libvorbis.vcproj", "{DAE97ED8-D289-4993-9C86-50A92F57DA61}"
EndProject
Project("{8BC9CEB8-8B4A-11D0-8D11-00A0C91BC942}") = "libvorbisfile", "libvorbisfile.vcproj", "{5251ADA8-BB4A-4022-800D-C5F07244BD71}"
EndProject
Project("{8BC9CEB8-8B4A-11D0-8D11-00A0C91BC942}") = "libcal3d_static", "libcal3d_static.vcproj", "{CB9CF187-9AD1-4F01-8519-D0796988C1DB}"
EndProject
Project("{8BC9CEB8-8B4A-11D0-8D11-00A0C91BC942}") = "libz_static", "libz_static.vcproj", "{14FF1784-FDC6-4423-B127-55E87C74A52D}"
EndProject
Project("{8BC9CEB8-8B4A-11D0-8D11-00A0C91BC942}") = "libcaca", "libcaca.vcproj", "{EAD24EEC-9AB3-4F9A-B3A7-E0D28916D1A5}"
EndProject
Project("{8BC9CEB8-8B4A-11D0-8D11-00A0C91BC942}") = "lib3ds_static", "lib3ds_static.vcproj", "{1A269324-CA74-44EF-8C8F-5E26156E9666}"
EndProject
Project("{8BC9CEB8-8B4A-11D0-8D11-00A0C91BC942}") = "libcaca_static", "libcaca_static.vcproj", "{8DAADEAA-A23E-4A9F-974C-9A8BBB68DFDF}"
EndProject
Project("{8BC9CEB8-8B4A-11D0-8D11-00A0C91BC942}") = "libfreetype2_static", "libfreetype2_static.vcproj", "{A54D48C6-0A8F-41D6-B0AC-8DC6F251DBF4}"
EndProject
Project("{8BC9CEB8-8B4A-11D0-8D11-00A0C91BC942}") = "libjpeg_static", "libjpeg_static.vcproj", "{D2E9B6E0-3636-46DE-9760-6BBA93F088F4}"
EndProject
Project("{8BC9CEB8-8B4A-11D0-8D11-00A0C91BC942}") = "libmikmod_static", "libmikmod_static.vcproj", "{4FC766BA-5BB7-4896-B0F1-7FB8D35BBA23}"
EndProject
Project("{8BC9CEB8-8B4A-11D0-8D11-00A0C91BC942}") = "libmng_static", "libmng_static.vcproj", "{70E9AE27-2727-4121-9631-0A9AF86E7630}"
EndProject
Project("{8BC9CEB8-8B4A-11D0-8D11-00A0C91BC942}") = "libogg_static", "libogg_static.vcproj", "{D16E7C35-1EC2-4952-BB11-5D63763A2DCC}"
EndProject
Project("{8BC9CEB8-8B4A-11D0-8D11-00A0C91BC942}") = "libpng_static", "libpng_static.vcproj", "{C7A9C5EC-245A-48AC-AD49-47D181367BE3}"
EndProject
Project("{8BC9CEB8-8B4A-11D0-8D11-00A0C91BC942}") = "libvorbis_static", "libvorbis_static.vcproj", "{010B4510-FDAF-4B12-A930-CF8844EE60C0}"
EndProject
Project("{8BC9CEB8-8B4A-11D0-8D11-00A0C91BC942}") = "libvorbisfile_static", "libvorbisfile_static.vcproj", "{ECAAFC4B-D585-45C9-9A0B-FA7C6C1099B8}"
EndProject
Project("{8BC9CEB8-8B4A-11D0-8D11-00A0C91BC942}") = "libode_static", "libode_static.vcproj", "{3A36C465-2FCB-4976-AB41-E73231BF1EE9}"
EndProject
Project("{8BC9CEB8-8B4A-11D0-8D11-00A0C91BC942}") = "libCEGUIBase", "libCEGUIBase.vcproj", "{41479B71-4AA0-47FC-9738-12F6DA994CD0}"
EndProject
Project("{8BC9CEB8-8B4A-11D0-8D11-00A0C91BC942}") = "CEGUIFalagardBase", "CEGUIFalagardBase.vcproj", "{9155C410-F113-11D9-8CD6-0800200C9A66}"
EndProject
Project("{8BC9CEB8-8B4A-11D0-8D11-00A0C91BC942}") = "libCEGUIBase_static", "libCEGUIBase_static.vcproj", "{B9C7EA43-2654-43CC-B772-C9FFDEC1B7AF}"
EndProject
Project("{8BC9CEB8-8B4A-11D0-8D11-00A0C91BC942}") = "CEGUIFalagardBase_static", "CEGUIFalagardBase_static.vcproj", "{F437A449-EF19-47D7-B861-8C0F88F49509}"
EndProject
Global
	GlobalSection(DPCodeReviewSolutionGUID) = preSolution
		DPCodeReviewSolutionGUID = {00000000-0000-0000-0000-000000000000}
	EndGlobalSection
	GlobalSection(SolutionConfiguration) = preSolution
		ConfigName.0 = Debug
		ConfigName.1 = Release
	EndGlobalSection
	GlobalSection(ProjectDependencies) = postSolution
		{486C6882-D5FA-4DA1-9B58-628A3E2322BE}.0 = {359B2C54-98EC-44B4-89C7-200DBB3EB226}
		{486C6882-D5FA-4DA1-9B58-628A3E2322BE}.1 = {ADD96BCF-D46D-444E-AD7E-019399546F5D}
		{486C6882-D5FA-4DA1-9B58-628A3E2322BE}.2 = {AAFEC8F4-5D83-4587-8F9B-3170FF51E196}
		{486C6882-D5FA-4DA1-9B58-628A3E2322BE}.3 = {23DA6A7D-EE1E-4AA2-A11C-16708EF1FFDD}
		{486C6882-D5FA-4DA1-9B58-628A3E2322BE}.4 = {5E01539C-E20A-4C50-9480-15484BC5D101}
		{486C6882-D5FA-4DA1-9B58-628A3E2322BE}.5 = {5E01539C-E20A-4C50-9480-15484BC5D101}
		{486C6882-D5FA-4DA1-9B58-628A3E2322BE}.6 = {F8ACAF43-717A-4A81-8579-7676EE095F8F}
		{486C6882-D5FA-4DA1-9B58-628A3E2322BE}.7 = {14FF1784-FDC6-4423-B127-55E87C74A52D}
		{486C6882-D5FA-4DA1-9B58-628A3E2322BE}.8 = {5251ADA8-BB4A-4022-800D-C5F07244BD71}
		{486C6882-D5FA-4DA1-9B58-628A3E2322BE}.9 = {DAE97ED8-D289-4993-9C86-50A92F57DA61}
		{486C6882-D5FA-4DA1-9B58-628A3E2322BE}.10 = {C7A9C5EC-245A-48AC-AD49-47D181367BE3}
		{486C6882-D5FA-4DA1-9B58-628A3E2322BE}.11 = {5E01539C-E20A-4C50-9480-15484BC5D101}
		{486C6882-D5FA-4DA1-9B58-628A3E2322BE}.12 = {70E9AE27-2727-4121-9631-0A9AF86E7630}
		{486C6882-D5FA-4DA1-9B58-628A3E2322BE}.13 = {4FC766BA-5BB7-4896-B0F1-7FB8D35BBA23}
		{486C6882-D5FA-4DA1-9B58-628A3E2322BE}.14 = {D2E9B6E0-3636-46DE-9760-6BBA93F088F4}
		{486C6882-D5FA-4DA1-9B58-628A3E2322BE}.15 = {A54D48C6-0A8F-41D6-B0AC-8DC6F251DBF4}
		{486C6882-D5FA-4DA1-9B58-628A3E2322BE}.16 = {CB9CF187-9AD1-4F01-8519-D0796988C1DB}
		{486C6882-D5FA-4DA1-9B58-628A3E2322BE}.17 = {EAD24EEC-9AB3-4F9A-B3A7-E0D28916D1A5}
		{486C6882-D5FA-4DA1-9B58-628A3E2322BE}.18 = {1A269324-CA74-44EF-8C8F-5E26156E9666}
		{486C6882-D5FA-4DA1-9B58-628A3E2322BE}.19 = {5251ADA8-BB4A-4022-800D-C5F07244BD71}
		{486C6882-D5FA-4DA1-9B58-628A3E2322BE}.20 = {EAD24EEC-9AB3-4F9A-B3A7-E0D28916D1A5}
		{486C6882-D5FA-4DA1-9B58-628A3E2322BE}.21 = {EAD24EEC-9AB3-4F9A-B3A7-E0D28916D1A5}
		{486C6882-D5FA-4DA1-9B58-628A3E2322BE}.22 = {93BC057C-0798-4240-BCD0-CE06BB3448C3}
		{486C6882-D5FA-4DA1-9B58-628A3E2322BE}.23 = {8DAADEAA-A23E-4A9F-974C-9A8BBB68DFDF}
		{486C6882-D5FA-4DA1-9B58-628A3E2322BE}.24 = {DAE97ED8-D289-4993-9C86-50A92F57DA61}
		{486C6882-D5FA-4DA1-9B58-628A3E2322BE}.25 = {D16E7C35-1EC2-4952-BB11-5D63763A2DCC}
		{486C6882-D5FA-4DA1-9B58-628A3E2322BE}.26 = {010B4510-FDAF-4B12-A930-CF8844EE60C0}
		{486C6882-D5FA-4DA1-9B58-628A3E2322BE}.27 = {ECAAFC4B-D585-45C9-9A0B-FA7C6C1099B8}
		{486C6882-D5FA-4DA1-9B58-628A3E2322BE}.28 = {B4F65974-C939-4456-ABE0-BC3099C0497C}
		{486C6882-D5FA-4DA1-9B58-628A3E2322BE}.29 = {74E49242-5E5C-40A3-A965-B9829E56CEA2}
		{486C6882-D5FA-4DA1-9B58-628A3E2322BE}.30 = {FD9A2557-358C-4013-BFEA-E01FD9C125EC}
		{74E49242-5E5C-40A3-A965-B9829E56CEA2}.0 = {FD9A2557-358C-4013-BFEA-E01FD9C125EC}
		{93BC057C-0798-4240-BCD0-CE06BB3448C3}.0 = {FD9A2557-358C-4013-BFEA-E01FD9C125EC}
		{93BC057C-0798-4240-BCD0-CE06BB3448C3}.1 = {23DA6A7D-EE1E-4AA2-A11C-16708EF1FFDD}
		{F8ACAF43-717A-4A81-8579-7676EE095F8F}.0 = {FD9A2557-358C-4013-BFEA-E01FD9C125EC}
		{DAE97ED8-D289-4993-9C86-50A92F57DA61}.0 = {5E01539C-E20A-4C50-9480-15484BC5D101}
		{5251ADA8-BB4A-4022-800D-C5F07244BD71}.0 = {5E01539C-E20A-4C50-9480-15484BC5D101}
		{5251ADA8-BB4A-4022-800D-C5F07244BD71}.1 = {DAE97ED8-D289-4993-9C86-50A92F57DA61}
		{41479B71-4AA0-47FC-9738-12F6DA994CD0}.0 = {74E49242-5E5C-40A3-A965-B9829E56CEA2}
		{9155C410-F113-11D9-8CD6-0800200C9A66}.0 = {41479B71-4AA0-47FC-9738-12F6DA994CD0}
		{B9C7EA43-2654-43CC-B772-C9FFDEC1B7AF}.0 = {14FF1784-FDC6-4423-B127-55E87C74A52D}
		{B9C7EA43-2654-43CC-B772-C9FFDEC1B7AF}.1 = {A54D48C6-0A8F-41D6-B0AC-8DC6F251DBF4}
		{F437A449-EF19-47D7-B861-8C0F88F49509}.0 = {B9C7EA43-2654-43CC-B772-C9FFDEC1B7AF}
	EndGlobalSection
	GlobalSection(ProjectConfiguration) = postSolution
		{486C6882-D5FA-4DA1-9B58-628A3E2322BE}.Debug.ActiveCfg = Debug|Win32
		{486C6882-D5FA-4DA1-9B58-628A3E2322BE}.Debug.Build.0 = Debug|Win32
		{486C6882-D5FA-4DA1-9B58-628A3E2322BE}.Release.ActiveCfg = Release|Win32
		{486C6882-D5FA-4DA1-9B58-628A3E2322BE}.Release.Build.0 = Release|Win32
		{B4F65974-C939-4456-ABE0-BC3099C0497C}.Debug.ActiveCfg = Debug|Win32
		{B4F65974-C939-4456-ABE0-BC3099C0497C}.Debug.Build.0 = Debug|Win32
		{B4F65974-C939-4456-ABE0-BC3099C0497C}.Release.ActiveCfg = Release|Win32
		{B4F65974-C939-4456-ABE0-BC3099C0497C}.Release.Build.0 = Release|Win32
		{AAFEC8F4-5D83-4587-8F9B-3170FF51E196}.Debug.ActiveCfg = Debug|Win32
		{AAFEC8F4-5D83-4587-8F9B-3170FF51E196}.Debug.Build.0 = Debug|Win32
		{AAFEC8F4-5D83-4587-8F9B-3170FF51E196}.Release.ActiveCfg = Release|Win32
		{AAFEC8F4-5D83-4587-8F9B-3170FF51E196}.Release.Build.0 = Release|Win32
		{74E49242-5E5C-40A3-A965-B9829E56CEA2}.Debug.ActiveCfg = Debug|Win32
		{74E49242-5E5C-40A3-A965-B9829E56CEA2}.Debug.Build.0 = Debug|Win32
		{74E49242-5E5C-40A3-A965-B9829E56CEA2}.Release.ActiveCfg = Release|Win32
		{74E49242-5E5C-40A3-A965-B9829E56CEA2}.Release.Build.0 = Release|Win32
		{23DA6A7D-EE1E-4AA2-A11C-16708EF1FFDD}.Debug.ActiveCfg = Debug|Win32
		{23DA6A7D-EE1E-4AA2-A11C-16708EF1FFDD}.Debug.Build.0 = Debug|Win32
		{23DA6A7D-EE1E-4AA2-A11C-16708EF1FFDD}.Release.ActiveCfg = Release|Win32
		{23DA6A7D-EE1E-4AA2-A11C-16708EF1FFDD}.Release.Build.0 = Release|Win32
		{359B2C54-98EC-44B4-89C7-200DBB3EB226}.Debug.ActiveCfg = Debug|Win32
		{359B2C54-98EC-44B4-89C7-200DBB3EB226}.Debug.Build.0 = Debug|Win32
		{359B2C54-98EC-44B4-89C7-200DBB3EB226}.Release.ActiveCfg = Release|Win32
		{359B2C54-98EC-44B4-89C7-200DBB3EB226}.Release.Build.0 = Release|Win32
		{93BC057C-0798-4240-BCD0-CE06BB3448C3}.Debug.ActiveCfg = Debug|Win32
		{93BC057C-0798-4240-BCD0-CE06BB3448C3}.Debug.Build.0 = Debug|Win32
		{93BC057C-0798-4240-BCD0-CE06BB3448C3}.Release.ActiveCfg = Release|Win32
		{93BC057C-0798-4240-BCD0-CE06BB3448C3}.Release.Build.0 = Release|Win32
		{ADD96BCF-D46D-444E-AD7E-019399546F5D}.Debug.ActiveCfg = Debug|Win32
		{ADD96BCF-D46D-444E-AD7E-019399546F5D}.Debug.Build.0 = Debug|Win32
		{ADD96BCF-D46D-444E-AD7E-019399546F5D}.Release.ActiveCfg = Release|Win32
		{ADD96BCF-D46D-444E-AD7E-019399546F5D}.Release.Build.0 = Release|Win32
		{F8ACAF43-717A-4A81-8579-7676EE095F8F}.Debug.ActiveCfg = Debug|Win32
		{F8ACAF43-717A-4A81-8579-7676EE095F8F}.Debug.Build.0 = Debug|Win32
		{F8ACAF43-717A-4A81-8579-7676EE095F8F}.Release.ActiveCfg = Release|Win32
		{F8ACAF43-717A-4A81-8579-7676EE095F8F}.Release.Build.0 = Release|Win32
		{FD9A2557-358C-4013-BFEA-E01FD9C125EC}.Debug.ActiveCfg = Debug|Win32
		{FD9A2557-358C-4013-BFEA-E01FD9C125EC}.Debug.Build.0 = Debug|Win32
		{FD9A2557-358C-4013-BFEA-E01FD9C125EC}.Release.ActiveCfg = Release|Win32
		{FD9A2557-358C-4013-BFEA-E01FD9C125EC}.Release.Build.0 = Release|Win32
		{5E01539C-E20A-4C50-9480-15484BC5D101}.Debug.ActiveCfg = Debug|Win32
		{5E01539C-E20A-4C50-9480-15484BC5D101}.Debug.Build.0 = Debug|Win32
		{5E01539C-E20A-4C50-9480-15484BC5D101}.Release.ActiveCfg = Release|Win32
		{5E01539C-E20A-4C50-9480-15484BC5D101}.Release.Build.0 = Release|Win32
		{DAE97ED8-D289-4993-9C86-50A92F57DA61}.Debug.ActiveCfg = Debug|Win32
		{DAE97ED8-D289-4993-9C86-50A92F57DA61}.Debug.Build.0 = Debug|Win32
		{DAE97ED8-D289-4993-9C86-50A92F57DA61}.Release.ActiveCfg = Release|Win32
		{DAE97ED8-D289-4993-9C86-50A92F57DA61}.Release.Build.0 = Release|Win32
		{5251ADA8-BB4A-4022-800D-C5F07244BD71}.Debug.ActiveCfg = Debug|Win32
		{5251ADA8-BB4A-4022-800D-C5F07244BD71}.Debug.Build.0 = Debug|Win32
		{5251ADA8-BB4A-4022-800D-C5F07244BD71}.Release.ActiveCfg = Release|Win32
		{5251ADA8-BB4A-4022-800D-C5F07244BD71}.Release.Build.0 = Release|Win32
		{CB9CF187-9AD1-4F01-8519-D0796988C1DB}.Debug.ActiveCfg = Debug|Win32
		{CB9CF187-9AD1-4F01-8519-D0796988C1DB}.Debug.Build.0 = Debug|Win32
		{CB9CF187-9AD1-4F01-8519-D0796988C1DB}.Release.ActiveCfg = Release|Win32
		{CB9CF187-9AD1-4F01-8519-D0796988C1DB}.Release.Build.0 = Release|Win32
		{14FF1784-FDC6-4423-B127-55E87C74A52D}.Debug.ActiveCfg = Debug|Win32
		{14FF1784-FDC6-4423-B127-55E87C74A52D}.Debug.Build.0 = Debug|Win32
		{14FF1784-FDC6-4423-B127-55E87C74A52D}.Release.ActiveCfg = Release|Win32
		{14FF1784-FDC6-4423-B127-55E87C74A52D}.Release.Build.0 = Release|Win32
		{EAD24EEC-9AB3-4F9A-B3A7-E0D28916D1A5}.Debug.ActiveCfg = Debug|Win32
		{EAD24EEC-9AB3-4F9A-B3A7-E0D28916D1A5}.Debug.Build.0 = Debug|Win32
		{EAD24EEC-9AB3-4F9A-B3A7-E0D28916D1A5}.Release.ActiveCfg = Release|Win32
		{EAD24EEC-9AB3-4F9A-B3A7-E0D28916D1A5}.Release.Build.0 = Release|Win32
		{1A269324-CA74-44EF-8C8F-5E26156E9666}.Debug.ActiveCfg = Debug|Win32
		{1A269324-CA74-44EF-8C8F-5E26156E9666}.Debug.Build.0 = Debug|Win32
		{1A269324-CA74-44EF-8C8F-5E26156E9666}.Release.ActiveCfg = Release|Win32
		{1A269324-CA74-44EF-8C8F-5E26156E9666}.Release.Build.0 = Release|Win32
		{8DAADEAA-A23E-4A9F-974C-9A8BBB68DFDF}.Debug.ActiveCfg = Debug|Win32
		{8DAADEAA-A23E-4A9F-974C-9A8BBB68DFDF}.Release.ActiveCfg = Release|Win32
		{8DAADEAA-A23E-4A9F-974C-9A8BBB68DFDF}.Release.Build.0 = Release|Win32
		{A54D48C6-0A8F-41D6-B0AC-8DC6F251DBF4}.Debug.ActiveCfg = Debug|Win32
		{A54D48C6-0A8F-41D6-B0AC-8DC6F251DBF4}.Debug.Build.0 = Debug|Win32
		{A54D48C6-0A8F-41D6-B0AC-8DC6F251DBF4}.Release.ActiveCfg = Release|Win32
		{A54D48C6-0A8F-41D6-B0AC-8DC6F251DBF4}.Release.Build.0 = Release|Win32
		{D2E9B6E0-3636-46DE-9760-6BBA93F088F4}.Debug.ActiveCfg = Debug|Win32
		{D2E9B6E0-3636-46DE-9760-6BBA93F088F4}.Debug.Build.0 = Debug|Win32
		{D2E9B6E0-3636-46DE-9760-6BBA93F088F4}.Release.ActiveCfg = Release|Win32
		{D2E9B6E0-3636-46DE-9760-6BBA93F088F4}.Release.Build.0 = Release|Win32
		{4FC766BA-5BB7-4896-B0F1-7FB8D35BBA23}.Debug.ActiveCfg = Debug|Win32
		{4FC766BA-5BB7-4896-B0F1-7FB8D35BBA23}.Debug.Build.0 = Debug|Win32
		{4FC766BA-5BB7-4896-B0F1-7FB8D35BBA23}.Release.ActiveCfg = Release|Win32
		{4FC766BA-5BB7-4896-B0F1-7FB8D35BBA23}.Release.Build.0 = Release|Win32
		{70E9AE27-2727-4121-9631-0A9AF86E7630}.Debug.ActiveCfg = Debug|Win32
		{70E9AE27-2727-4121-9631-0A9AF86E7630}.Debug.Build.0 = Debug|Win32
		{70E9AE27-2727-4121-9631-0A9AF86E7630}.Release.ActiveCfg = Release|Win32
		{70E9AE27-2727-4121-9631-0A9AF86E7630}.Release.Build.0 = Release|Win32
		{D16E7C35-1EC2-4952-BB11-5D63763A2DCC}.Debug.ActiveCfg = Debug|Win32
		{D16E7C35-1EC2-4952-BB11-5D63763A2DCC}.Release.ActiveCfg = Release|Win32
		{D16E7C35-1EC2-4952-BB11-5D63763A2DCC}.Release.Build.0 = Release|Win32
		{C7A9C5EC-245A-48AC-AD49-47D181367BE3}.Debug.ActiveCfg = Debug|Win32
		{C7A9C5EC-245A-48AC-AD49-47D181367BE3}.Debug.Build.0 = Debug|Win32
		{C7A9C5EC-245A-48AC-AD49-47D181367BE3}.Release.ActiveCfg = Release|Win32
		{C7A9C5EC-245A-48AC-AD49-47D181367BE3}.Release.Build.0 = Release|Win32
		{010B4510-FDAF-4B12-A930-CF8844EE60C0}.Debug.ActiveCfg = Debug|Win32
		{010B4510-FDAF-4B12-A930-CF8844EE60C0}.Release.ActiveCfg = Release|Win32
		{010B4510-FDAF-4B12-A930-CF8844EE60C0}.Release.Build.0 = Release|Win32
		{ECAAFC4B-D585-45C9-9A0B-FA7C6C1099B8}.Debug.ActiveCfg = Debug|Win32
		{ECAAFC4B-D585-45C9-9A0B-FA7C6C1099B8}.Release.ActiveCfg = Release|Win32
		{ECAAFC4B-D585-45C9-9A0B-FA7C6C1099B8}.Release.Build.0 = Release|Win32
		{3A36C465-2FCB-4976-AB41-E73231BF1EE9}.Debug.ActiveCfg = Debug|Win32
		{3A36C465-2FCB-4976-AB41-E73231BF1EE9}.Debug.Build.0 = Debug|Win32
		{3A36C465-2FCB-4976-AB41-E73231BF1EE9}.Release.ActiveCfg = Release|Win32
		{3A36C465-2FCB-4976-AB41-E73231BF1EE9}.Release.Build.0 = Release|Win32
		{41479B71-4AA0-47FC-9738-12F6DA994CD0}.Debug.ActiveCfg = Debug|Win32
		{41479B71-4AA0-47FC-9738-12F6DA994CD0}.Debug.Build.0 = Debug|Win32
		{41479B71-4AA0-47FC-9738-12F6DA994CD0}.Release.ActiveCfg = Release|Win32
		{41479B71-4AA0-47FC-9738-12F6DA994CD0}.Release.Build.0 = Release|Win32
		{9155C410-F113-11D9-8CD6-0800200C9A66}.Debug.ActiveCfg = Debug|Win32
		{9155C410-F113-11D9-8CD6-0800200C9A66}.Debug.Build.0 = Debug|Win32
		{9155C410-F113-11D9-8CD6-0800200C9A66}.Release.ActiveCfg = Release|Win32
		{9155C410-F113-11D9-8CD6-0800200C9A66}.Release.Build.0 = Release|Win32
		{B9C7EA43-2654-43CC-B772-C9FFDEC1B7AF}.Debug.ActiveCfg = Debug|Win32
		{B9C7EA43-2654-43CC-B772-C9FFDEC1B7AF}.Debug.Build.0 = Debug|Win32
		{B9C7EA43-2654-43CC-B772-C9FFDEC1B7AF}.Release.ActiveCfg = Release|Win32
		{B9C7EA43-2654-43CC-B772-C9FFDEC1B7AF}.Release.Build.0 = Release|Win32
		{F437A449-EF19-47D7-B861-8C0F88F49509}.Debug.ActiveCfg = Debug|Win32
		{F437A449-EF19-47D7-B861-8C0F88F49509}.Debug.Build.0 = Debug|Win32
		{F437A449-EF19-47D7-B861-8C0F88F49509}.Release.ActiveCfg = Release|Win32
		{F437A449-EF19-47D7-B861-8C0F88F49509}.Release.Build.0 = Release|Win32
	EndGlobalSection
	GlobalSection(ExtensibilityGlobals) = postSolution
	EndGlobalSection
	GlobalSection(ExtensibilityAddIns) = postSolution
	EndGlobalSection
EndGlobal
