Microsoft Visual Studio Solution File, Format Version 8.00
# Visual C++ Express 2005
Project("{8BC9CEB8-8B4A-11D0-8D11-00A0C91BC942}") = "grpall_CSlibs", "grpall_CSlibs.vcproj", "{5EF19EA5-1AC8-A311-489F-FBE2F918C222}"
EndProject
Project("{8BC9CEB8-8B4A-11D0-8D11-00A0C91BC942}") = "grplibs_CSlibs", "grplibs_CSlibs.vcproj", "{89347686-E846-7F71-E4CD-0AF786056792}"
EndProject
Project("{8BC9CEB8-8B4A-11D0-8D11-00A0C91BC942}") = "lib3ds", "lib3ds.vcproj", "{51501C8C-E9FE-BE64-7CA1-27CCD3F9C629}"
EndProject
Project("{8BC9CEB8-8B4A-11D0-8D11-00A0C91BC942}") = "lib3ds_static", "lib3ds_static.vcproj", "{10BF9AB5-12FB-8A18-165B-88A1649D8337}"
EndProject
Project("{8BC9CEB8-8B4A-11D0-8D11-00A0C91BC942}") = "libbullet_debug_static", "libbullet_debug_static.vcproj", "{676E806F-C52E-7848-C1C8-E6DDD24D3A23}"
EndProject
Project("{8BC9CEB8-8B4A-11D0-8D11-00A0C91BC942}") = "libbullet_static", "libbullet_static.vcproj", "{8E301370-E64A-7D1A-A5D9-88BC7CF78454}"
EndProject
Project("{8BC9CEB8-8B4A-11D0-8D11-00A0C91BC942}") = "libbulletccdphysics_debug_static", "libbulletccdphysics_debug_static.vcproj", "{D7D8127F-EA4D-83F0-2B6A-5F7A0E4CE4E3}"
EndProject
Project("{8BC9CEB8-8B4A-11D0-8D11-00A0C91BC942}") = "libbulletccdphysics_static", "libbulletccdphysics_static.vcproj", "{6ABC33A1-FCDD-1D62-7FCA-E6A708ED4704}"
EndProject
Project("{8BC9CEB8-8B4A-11D0-8D11-00A0C91BC942}") = "libbulletdynamics_debug_static", "libbulletdynamics_debug_static.vcproj", "{D85F73FD-86D2-D723-73BD-BEF4D2A525C3}"
EndProject
Project("{8BC9CEB8-8B4A-11D0-8D11-00A0C91BC942}") = "libbulletdynamics_static", "libbulletdynamics_static.vcproj", "{1818A64C-6956-9F24-0421-C1112B48194A}"
EndProject
Project("{8BC9CEB8-8B4A-11D0-8D11-00A0C91BC942}") = "libbulletmath_debug_static", "libbulletmath_debug_static.vcproj", "{DF3EF0AC-35D3-8658-34AD-77681B9B419E}"
EndProject
Project("{8BC9CEB8-8B4A-11D0-8D11-00A0C91BC942}") = "libbulletmath_static", "libbulletmath_static.vcproj", "{BF557EAC-6D1E-E0D3-9E9E-4691C9535035}"
EndProject
Project("{8BC9CEB8-8B4A-11D0-8D11-00A0C91BC942}") = "libbulletphysicsinterfacecommon_debug_static", "libbulletphysicsinterfacecommon_debug_static.vcproj", "{15446F4C-EDB9-FEA1-2C25-66DEE222F947}"
EndProject
Project("{8BC9CEB8-8B4A-11D0-8D11-00A0C91BC942}") = "libbulletphysicsinterfacecommon_static", "libbulletphysicsinterfacecommon_static.vcproj", "{B95A5C99-A204-3047-9664-7A2BD73EDDFD}"
EndProject
Project("{8BC9CEB8-8B4A-11D0-8D11-00A0C91BC942}") = "libcaca", "libcaca.vcproj", "{0F6CF609-2406-605C-1220-6CAF9C0B93EF}"
EndProject
Project("{8BC9CEB8-8B4A-11D0-8D11-00A0C91BC942}") = "libcaca_static", "libcaca_static.vcproj", "{CD8D6B87-506B-A0E0-295C-B4C5AEA10A1B}"
EndProject
Project("{8BC9CEB8-8B4A-11D0-8D11-00A0C91BC942}") = "libcal3d", "libcal3d.vcproj", "{3D43D29C-2F37-66ED-E2CE-0B9A4E303E17}"
EndProject
Project("{8BC9CEB8-8B4A-11D0-8D11-00A0C91BC942}") = "libcal3d_debug", "libcal3d_debug.vcproj", "{BD135177-210A-F529-7F75-0E50BF489021}"
EndProject
Project("{8BC9CEB8-8B4A-11D0-8D11-00A0C91BC942}") = "libcal3d_debug_static", "libcal3d_debug_static.vcproj", "{095BEBF0-89F5-579F-A580-A866881822E9}"
EndProject
Project("{8BC9CEB8-8B4A-11D0-8D11-00A0C91BC942}") = "libcal3d_static", "libcal3d_static.vcproj", "{014A7362-EE31-DDD9-308E-851D83ADAC22}"
EndProject
Project("{8BC9CEB8-8B4A-11D0-8D11-00A0C91BC942}") = "libCEGUIBase", "libCEGUIBase.vcproj", "{02BEE12B-45A8-B80B-8002-E3A7F0791B57}"
EndProject
Project("{8BC9CEB8-8B4A-11D0-8D11-00A0C91BC942}") = "libCEGUIBase_debug", "libCEGUIBase_debug.vcproj", "{F234FBAB-A137-F72F-9584-AA50206D91C7}"
EndProject
Project("{8BC9CEB8-8B4A-11D0-8D11-00A0C91BC942}") = "libCEGUIBase_static", "libCEGUIBase_static.vcproj", "{D5D7183D-3451-DA11-3D96-B4637027965A}"
EndProject
Project("{8BC9CEB8-8B4A-11D0-8D11-00A0C91BC942}") = "libCEGUIBase_static_debug", "libCEGUIBase_static_debug.vcproj", "{7DF51881-03C0-4B4E-55AE-57886FCBD170}"
EndProject
Project("{8BC9CEB8-8B4A-11D0-8D11-00A0C91BC942}") = "libCEGUIFalagardWRBase", "libCEGUIFalagardWRBase.vcproj", "{26D1B31B-4612-0550-DF1C-6DFB885FD1AE}"
EndProject
Project("{8BC9CEB8-8B4A-11D0-8D11-00A0C91BC942}") = "libCEGUIFalagardWRBase_debug", "libCEGUIFalagardWRBase_debug.vcproj", "{C2468401-C454-F520-4EAA-731A0591EA8A}"
EndProject
Project("{8BC9CEB8-8B4A-11D0-8D11-00A0C91BC942}") = "libCEGUIFalagardWRBase_static", "libCEGUIFalagardWRBase_static.vcproj", "{6B8577B4-5A46-170E-B49C-BB2E96C2041A}"
EndProject
Project("{8BC9CEB8-8B4A-11D0-8D11-00A0C91BC942}") = "libCEGUIFalagardWRBase_static_debug", "libCEGUIFalagardWRBase_static_debug.vcproj", "{27DB75D1-A8B5-2070-6D4F-DA2924581029}"
EndProject
Project("{8BC9CEB8-8B4A-11D0-8D11-00A0C91BC942}") = "libCEGUITinyXMLParser", "libCEGUITinyXMLParser.vcproj", "{AD310206-F273-C916-B9CE-AD77353FB495}"
EndProject
Project("{8BC9CEB8-8B4A-11D0-8D11-00A0C91BC942}") = "libCEGUITinyXMLParser_debug", "libCEGUITinyXMLParser_debug.vcproj", "{5E021136-A3BF-4C46-0F5A-00AEA143E048}"
EndProject
Project("{8BC9CEB8-8B4A-11D0-8D11-00A0C91BC942}") = "libCEGUITinyXMLParser_static", "libCEGUITinyXMLParser_static.vcproj", "{84C4E9DC-9319-1C1A-D2C7-AD22F4944547}"
EndProject
Project("{8BC9CEB8-8B4A-11D0-8D11-00A0C91BC942}") = "libCEGUITinyXMLParser_static_debug", "libCEGUITinyXMLParser_static_debug.vcproj", "{39D23087-9955-274A-2DBE-0FB5AE280364}"
EndProject
Project("{8BC9CEB8-8B4A-11D0-8D11-00A0C91BC942}") = "libfreetype2", "libfreetype2.vcproj", "{3FC0D9C5-1691-6CF4-1403-9CA726EAD5F4}"
EndProject
Project("{8BC9CEB8-8B4A-11D0-8D11-00A0C91BC942}") = "libfreetype2_static", "libfreetype2_static.vcproj", "{6A34C6DE-AF3A-82C2-1D86-C8B34A9C7115}"
EndProject
Project("{8BC9CEB8-8B4A-11D0-8D11-00A0C91BC942}") = "libjpeg", "libjpeg.vcproj", "{C1136BAF-ABFA-927E-FC1C-88B00774FEF5}"
EndProject
Project("{8BC9CEB8-8B4A-11D0-8D11-00A0C91BC942}") = "libjpeg_static", "libjpeg_static.vcproj", "{C6442786-99DB-B81B-C490-9F2C2FF9BBBE}"
EndProject
Project("{8BC9CEB8-8B4A-11D0-8D11-00A0C91BC942}") = "libjs", "libjs.vcproj", "{3CC4E519-E2EC-9369-4EC6-CFFFCFD658B4}"
EndProject
Project("{8BC9CEB8-8B4A-11D0-8D11-00A0C91BC942}") = "libmng", "libmng.vcproj", "{FE64FABB-86E3-27FC-6933-19A8849AD0AE}"
EndProject
Project("{8BC9CEB8-8B4A-11D0-8D11-00A0C91BC942}") = "libmng_static", "libmng_static.vcproj", "{8F15C977-7338-8ADE-20A7-19F0916F53B4}"
EndProject
Project("{8BC9CEB8-8B4A-11D0-8D11-00A0C91BC942}") = "libode", "libode.vcproj", "{704E752A-45F8-4575-93A7-6E2DA28AA3A5}"
EndProject
Project("{8BC9CEB8-8B4A-11D0-8D11-00A0C91BC942}") = "libode_static", "libode_static.vcproj", "{016C60E3-E761-209C-D081-B66F38895C42}"
EndProject
Project("{8BC9CEB8-8B4A-11D0-8D11-00A0C91BC942}") = "libogg", "libogg.vcproj", "{43A34489-330D-132F-C5AC-13809CB6DE10}"
EndProject
Project("{8BC9CEB8-8B4A-11D0-8D11-00A0C91BC942}") = "libogg_static", "libogg_static.vcproj", "{544D9014-37E1-84C4-B16E-C0DB6EE857B1}"
EndProject
Project("{8BC9CEB8-8B4A-11D0-8D11-00A0C91BC942}") = "libpcre_static", "libpcre_static.vcproj", "{40D00D4F-9093-83F0-3E72-8C393E57EF9D}"
EndProject
Project("{8BC9CEB8-8B4A-11D0-8D11-00A0C91BC942}") = "libpng", "libpng.vcproj", "{378EBA0C-3BA5-1CB2-6A4B-13E100D0686B}"
EndProject
Project("{8BC9CEB8-8B4A-11D0-8D11-00A0C91BC942}") = "libpng_static", "libpng_static.vcproj", "{76826832-67F2-BB7E-1E3C-53704C5D0C45}"
EndProject
Project("{8BC9CEB8-8B4A-11D0-8D11-00A0C91BC942}") = "libvorbis", "libvorbis.vcproj", "{F536C454-2347-9980-B8AE-D7A72653A0D6}"
EndProject
Project("{8BC9CEB8-8B4A-11D0-8D11-00A0C91BC942}") = "libvorbis_static", "libvorbis_static.vcproj", "{3D7F519D-02E9-BF81-13F5-BAE46044C6ED}"
EndProject
Project("{8BC9CEB8-8B4A-11D0-8D11-00A0C91BC942}") = "libvorbisenc", "libvorbisenc.vcproj", "{8FA50D6F-9F9A-BDD6-A11B-F1FF5328051F}"
EndProject
Project("{8BC9CEB8-8B4A-11D0-8D11-00A0C91BC942}") = "libvorbisenc_static", "libvorbisenc_static.vcproj", "{8305B412-74AF-3F73-920A-D75FAF6B10FA}"
EndProject
Project("{8BC9CEB8-8B4A-11D0-8D11-00A0C91BC942}") = "libvorbisfile", "libvorbisfile.vcproj", "{34A1A54E-1001-FAD4-207E-8244B1D8FB7D}"
EndProject
Project("{8BC9CEB8-8B4A-11D0-8D11-00A0C91BC942}") = "libvorbisfile_static", "libvorbisfile_static.vcproj", "{701D489A-A4A1-B1FA-FCA7-06538485A37C}"
EndProject
Project("{8BC9CEB8-8B4A-11D0-8D11-00A0C91BC942}") = "libz", "libz.vcproj", "{8787BA6B-D5B6-9DD7-8556-AEEFEEF0DCF8}"
EndProject
Project("{8BC9CEB8-8B4A-11D0-8D11-00A0C91BC942}") = "libz_static", "libz_static.vcproj", "{E5C680E5-EAD0-C41F-70EE-C0BF49CE7DC8}"
EndProject
Global
	GlobalSection(SolutionConfiguration) = preSolution
		ConfigName.0 = Release
	EndGlobalSection
	GlobalSection(ProjectDependencies) = postSolution
		{5EF19EA5-1AC8-A311-489F-FBE2F918C222}.0 = {51501C8C-E9FE-BE64-7CA1-27CCD3F9C629}
		{5EF19EA5-1AC8-A311-489F-FBE2F918C222}.1 = {10BF9AB5-12FB-8A18-165B-88A1649D8337}
		{5EF19EA5-1AC8-A311-489F-FBE2F918C222}.2 = {676E806F-C52E-7848-C1C8-E6DDD24D3A23}
		{5EF19EA5-1AC8-A311-489F-FBE2F918C222}.3 = {8E301370-E64A-7D1A-A5D9-88BC7CF78454}
		{5EF19EA5-1AC8-A311-489F-FBE2F918C222}.4 = {D7D8127F-EA4D-83F0-2B6A-5F7A0E4CE4E3}
		{5EF19EA5-1AC8-A311-489F-FBE2F918C222}.5 = {6ABC33A1-FCDD-1D62-7FCA-E6A708ED4704}
		{5EF19EA5-1AC8-A311-489F-FBE2F918C222}.6 = {D85F73FD-86D2-D723-73BD-BEF4D2A525C3}
		{5EF19EA5-1AC8-A311-489F-FBE2F918C222}.7 = {1818A64C-6956-9F24-0421-C1112B48194A}
		{5EF19EA5-1AC8-A311-489F-FBE2F918C222}.8 = {DF3EF0AC-35D3-8658-34AD-77681B9B419E}
		{5EF19EA5-1AC8-A311-489F-FBE2F918C222}.9 = {BF557EAC-6D1E-E0D3-9E9E-4691C9535035}
		{5EF19EA5-1AC8-A311-489F-FBE2F918C222}.10 = {15446F4C-EDB9-FEA1-2C25-66DEE222F947}
		{5EF19EA5-1AC8-A311-489F-FBE2F918C222}.11 = {B95A5C99-A204-3047-9664-7A2BD73EDDFD}
		{5EF19EA5-1AC8-A311-489F-FBE2F918C222}.12 = {0F6CF609-2406-605C-1220-6CAF9C0B93EF}
		{5EF19EA5-1AC8-A311-489F-FBE2F918C222}.13 = {CD8D6B87-506B-A0E0-295C-B4C5AEA10A1B}
		{5EF19EA5-1AC8-A311-489F-FBE2F918C222}.14 = {3D43D29C-2F37-66ED-E2CE-0B9A4E303E17}
		{5EF19EA5-1AC8-A311-489F-FBE2F918C222}.15 = {BD135177-210A-F529-7F75-0E50BF489021}
		{5EF19EA5-1AC8-A311-489F-FBE2F918C222}.16 = {095BEBF0-89F5-579F-A580-A866881822E9}
		{5EF19EA5-1AC8-A311-489F-FBE2F918C222}.17 = {014A7362-EE31-DDD9-308E-851D83ADAC22}
		{5EF19EA5-1AC8-A311-489F-FBE2F918C222}.18 = {02BEE12B-45A8-B80B-8002-E3A7F0791B57}
		{5EF19EA5-1AC8-A311-489F-FBE2F918C222}.19 = {F234FBAB-A137-F72F-9584-AA50206D91C7}
		{5EF19EA5-1AC8-A311-489F-FBE2F918C222}.20 = {D5D7183D-3451-DA11-3D96-B4637027965A}
		{5EF19EA5-1AC8-A311-489F-FBE2F918C222}.21 = {7DF51881-03C0-4B4E-55AE-57886FCBD170}
		{5EF19EA5-1AC8-A311-489F-FBE2F918C222}.22 = {26D1B31B-4612-0550-DF1C-6DFB885FD1AE}
		{5EF19EA5-1AC8-A311-489F-FBE2F918C222}.23 = {C2468401-C454-F520-4EAA-731A0591EA8A}
		{5EF19EA5-1AC8-A311-489F-FBE2F918C222}.24 = {6B8577B4-5A46-170E-B49C-BB2E96C2041A}
		{5EF19EA5-1AC8-A311-489F-FBE2F918C222}.25 = {27DB75D1-A8B5-2070-6D4F-DA2924581029}
		{5EF19EA5-1AC8-A311-489F-FBE2F918C222}.26 = {AD310206-F273-C916-B9CE-AD77353FB495}
		{5EF19EA5-1AC8-A311-489F-FBE2F918C222}.27 = {5E021136-A3BF-4C46-0F5A-00AEA143E048}
		{5EF19EA5-1AC8-A311-489F-FBE2F918C222}.28 = {84C4E9DC-9319-1C1A-D2C7-AD22F4944547}
		{5EF19EA5-1AC8-A311-489F-FBE2F918C222}.29 = {39D23087-9955-274A-2DBE-0FB5AE280364}
		{5EF19EA5-1AC8-A311-489F-FBE2F918C222}.30 = {3FC0D9C5-1691-6CF4-1403-9CA726EAD5F4}
		{5EF19EA5-1AC8-A311-489F-FBE2F918C222}.31 = {6A34C6DE-AF3A-82C2-1D86-C8B34A9C7115}
		{5EF19EA5-1AC8-A311-489F-FBE2F918C222}.32 = {C1136BAF-ABFA-927E-FC1C-88B00774FEF5}
		{5EF19EA5-1AC8-A311-489F-FBE2F918C222}.33 = {C6442786-99DB-B81B-C490-9F2C2FF9BBBE}
		{5EF19EA5-1AC8-A311-489F-FBE2F918C222}.34 = {3CC4E519-E2EC-9369-4EC6-CFFFCFD658B4}
		{5EF19EA5-1AC8-A311-489F-FBE2F918C222}.35 = {FE64FABB-86E3-27FC-6933-19A8849AD0AE}
		{5EF19EA5-1AC8-A311-489F-FBE2F918C222}.36 = {8F15C977-7338-8ADE-20A7-19F0916F53B4}
		{5EF19EA5-1AC8-A311-489F-FBE2F918C222}.37 = {704E752A-45F8-4575-93A7-6E2DA28AA3A5}
		{5EF19EA5-1AC8-A311-489F-FBE2F918C222}.38 = {016C60E3-E761-209C-D081-B66F38895C42}
		{5EF19EA5-1AC8-A311-489F-FBE2F918C222}.39 = {43A34489-330D-132F-C5AC-13809CB6DE10}
		{5EF19EA5-1AC8-A311-489F-FBE2F918C222}.40 = {544D9014-37E1-84C4-B16E-C0DB6EE857B1}
		{5EF19EA5-1AC8-A311-489F-FBE2F918C222}.41 = {40D00D4F-9093-83F0-3E72-8C393E57EF9D}
		{5EF19EA5-1AC8-A311-489F-FBE2F918C222}.42 = {378EBA0C-3BA5-1CB2-6A4B-13E100D0686B}
		{5EF19EA5-1AC8-A311-489F-FBE2F918C222}.43 = {76826832-67F2-BB7E-1E3C-53704C5D0C45}
		{5EF19EA5-1AC8-A311-489F-FBE2F918C222}.44 = {F536C454-2347-9980-B8AE-D7A72653A0D6}
		{5EF19EA5-1AC8-A311-489F-FBE2F918C222}.45 = {3D7F519D-02E9-BF81-13F5-BAE46044C6ED}
		{5EF19EA5-1AC8-A311-489F-FBE2F918C222}.46 = {8FA50D6F-9F9A-BDD6-A11B-F1FF5328051F}
		{5EF19EA5-1AC8-A311-489F-FBE2F918C222}.47 = {8305B412-74AF-3F73-920A-D75FAF6B10FA}
		{5EF19EA5-1AC8-A311-489F-FBE2F918C222}.48 = {34A1A54E-1001-FAD4-207E-8244B1D8FB7D}
		{5EF19EA5-1AC8-A311-489F-FBE2F918C222}.49 = {701D489A-A4A1-B1FA-FCA7-06538485A37C}
		{5EF19EA5-1AC8-A311-489F-FBE2F918C222}.50 = {8787BA6B-D5B6-9DD7-8556-AEEFEEF0DCF8}
		{5EF19EA5-1AC8-A311-489F-FBE2F918C222}.51 = {E5C680E5-EAD0-C41F-70EE-C0BF49CE7DC8}
		{89347686-E846-7F71-E4CD-0AF786056792}.0 = {51501C8C-E9FE-BE64-7CA1-27CCD3F9C629}
		{89347686-E846-7F71-E4CD-0AF786056792}.1 = {10BF9AB5-12FB-8A18-165B-88A1649D8337}
		{89347686-E846-7F71-E4CD-0AF786056792}.2 = {676E806F-C52E-7848-C1C8-E6DDD24D3A23}
		{89347686-E846-7F71-E4CD-0AF786056792}.3 = {8E301370-E64A-7D1A-A5D9-88BC7CF78454}
		{89347686-E846-7F71-E4CD-0AF786056792}.4 = {D7D8127F-EA4D-83F0-2B6A-5F7A0E4CE4E3}
		{89347686-E846-7F71-E4CD-0AF786056792}.5 = {6ABC33A1-FCDD-1D62-7FCA-E6A708ED4704}
		{89347686-E846-7F71-E4CD-0AF786056792}.6 = {D85F73FD-86D2-D723-73BD-BEF4D2A525C3}
		{89347686-E846-7F71-E4CD-0AF786056792}.7 = {1818A64C-6956-9F24-0421-C1112B48194A}
		{89347686-E846-7F71-E4CD-0AF786056792}.8 = {DF3EF0AC-35D3-8658-34AD-77681B9B419E}
		{89347686-E846-7F71-E4CD-0AF786056792}.9 = {BF557EAC-6D1E-E0D3-9E9E-4691C9535035}
		{89347686-E846-7F71-E4CD-0AF786056792}.10 = {15446F4C-EDB9-FEA1-2C25-66DEE222F947}
		{89347686-E846-7F71-E4CD-0AF786056792}.11 = {B95A5C99-A204-3047-9664-7A2BD73EDDFD}
		{89347686-E846-7F71-E4CD-0AF786056792}.12 = {0F6CF609-2406-605C-1220-6CAF9C0B93EF}
		{89347686-E846-7F71-E4CD-0AF786056792}.13 = {CD8D6B87-506B-A0E0-295C-B4C5AEA10A1B}
		{89347686-E846-7F71-E4CD-0AF786056792}.14 = {3D43D29C-2F37-66ED-E2CE-0B9A4E303E17}
		{89347686-E846-7F71-E4CD-0AF786056792}.15 = {BD135177-210A-F529-7F75-0E50BF489021}
		{89347686-E846-7F71-E4CD-0AF786056792}.16 = {095BEBF0-89F5-579F-A580-A866881822E9}
		{89347686-E846-7F71-E4CD-0AF786056792}.17 = {014A7362-EE31-DDD9-308E-851D83ADAC22}
		{89347686-E846-7F71-E4CD-0AF786056792}.18 = {02BEE12B-45A8-B80B-8002-E3A7F0791B57}
		{89347686-E846-7F71-E4CD-0AF786056792}.19 = {F234FBAB-A137-F72F-9584-AA50206D91C7}
		{89347686-E846-7F71-E4CD-0AF786056792}.20 = {D5D7183D-3451-DA11-3D96-B4637027965A}
		{89347686-E846-7F71-E4CD-0AF786056792}.21 = {7DF51881-03C0-4B4E-55AE-57886FCBD170}
		{89347686-E846-7F71-E4CD-0AF786056792}.22 = {26D1B31B-4612-0550-DF1C-6DFB885FD1AE}
		{89347686-E846-7F71-E4CD-0AF786056792}.23 = {C2468401-C454-F520-4EAA-731A0591EA8A}
		{89347686-E846-7F71-E4CD-0AF786056792}.24 = {6B8577B4-5A46-170E-B49C-BB2E96C2041A}
		{89347686-E846-7F71-E4CD-0AF786056792}.25 = {27DB75D1-A8B5-2070-6D4F-DA2924581029}
		{89347686-E846-7F71-E4CD-0AF786056792}.26 = {AD310206-F273-C916-B9CE-AD77353FB495}
		{89347686-E846-7F71-E4CD-0AF786056792}.27 = {5E021136-A3BF-4C46-0F5A-00AEA143E048}
		{89347686-E846-7F71-E4CD-0AF786056792}.28 = {84C4E9DC-9319-1C1A-D2C7-AD22F4944547}
		{89347686-E846-7F71-E4CD-0AF786056792}.29 = {39D23087-9955-274A-2DBE-0FB5AE280364}
		{89347686-E846-7F71-E4CD-0AF786056792}.30 = {3FC0D9C5-1691-6CF4-1403-9CA726EAD5F4}
		{89347686-E846-7F71-E4CD-0AF786056792}.31 = {6A34C6DE-AF3A-82C2-1D86-C8B34A9C7115}
		{89347686-E846-7F71-E4CD-0AF786056792}.32 = {C1136BAF-ABFA-927E-FC1C-88B00774FEF5}
		{89347686-E846-7F71-E4CD-0AF786056792}.33 = {C6442786-99DB-B81B-C490-9F2C2FF9BBBE}
		{89347686-E846-7F71-E4CD-0AF786056792}.34 = {3CC4E519-E2EC-9369-4EC6-CFFFCFD658B4}
		{89347686-E846-7F71-E4CD-0AF786056792}.35 = {FE64FABB-86E3-27FC-6933-19A8849AD0AE}
		{89347686-E846-7F71-E4CD-0AF786056792}.36 = {8F15C977-7338-8ADE-20A7-19F0916F53B4}
		{89347686-E846-7F71-E4CD-0AF786056792}.37 = {704E752A-45F8-4575-93A7-6E2DA28AA3A5}
		{89347686-E846-7F71-E4CD-0AF786056792}.38 = {016C60E3-E761-209C-D081-B66F38895C42}
		{89347686-E846-7F71-E4CD-0AF786056792}.39 = {43A34489-330D-132F-C5AC-13809CB6DE10}
		{89347686-E846-7F71-E4CD-0AF786056792}.40 = {544D9014-37E1-84C4-B16E-C0DB6EE857B1}
		{89347686-E846-7F71-E4CD-0AF786056792}.41 = {40D00D4F-9093-83F0-3E72-8C393E57EF9D}
		{89347686-E846-7F71-E4CD-0AF786056792}.42 = {378EBA0C-3BA5-1CB2-6A4B-13E100D0686B}
		{89347686-E846-7F71-E4CD-0AF786056792}.43 = {76826832-67F2-BB7E-1E3C-53704C5D0C45}
		{89347686-E846-7F71-E4CD-0AF786056792}.44 = {F536C454-2347-9980-B8AE-D7A72653A0D6}
		{89347686-E846-7F71-E4CD-0AF786056792}.45 = {3D7F519D-02E9-BF81-13F5-BAE46044C6ED}
		{89347686-E846-7F71-E4CD-0AF786056792}.46 = {8FA50D6F-9F9A-BDD6-A11B-F1FF5328051F}
		{89347686-E846-7F71-E4CD-0AF786056792}.47 = {8305B412-74AF-3F73-920A-D75FAF6B10FA}
		{89347686-E846-7F71-E4CD-0AF786056792}.48 = {34A1A54E-1001-FAD4-207E-8244B1D8FB7D}
		{89347686-E846-7F71-E4CD-0AF786056792}.49 = {701D489A-A4A1-B1FA-FCA7-06538485A37C}
		{89347686-E846-7F71-E4CD-0AF786056792}.50 = {8787BA6B-D5B6-9DD7-8556-AEEFEEF0DCF8}
		{89347686-E846-7F71-E4CD-0AF786056792}.51 = {E5C680E5-EAD0-C41F-70EE-C0BF49CE7DC8}
		{02BEE12B-45A8-B80B-8002-E3A7F0791B57}.0 = {3FC0D9C5-1691-6CF4-1403-9CA726EAD5F4}
		{02BEE12B-45A8-B80B-8002-E3A7F0791B57}.1 = {40D00D4F-9093-83F0-3E72-8C393E57EF9D}
		{02BEE12B-45A8-B80B-8002-E3A7F0791B57}.2 = {8787BA6B-D5B6-9DD7-8556-AEEFEEF0DCF8}
		{F234FBAB-A137-F72F-9584-AA50206D91C7}.0 = {3FC0D9C5-1691-6CF4-1403-9CA726EAD5F4}
		{F234FBAB-A137-F72F-9584-AA50206D91C7}.1 = {40D00D4F-9093-83F0-3E72-8C393E57EF9D}
		{F234FBAB-A137-F72F-9584-AA50206D91C7}.2 = {8787BA6B-D5B6-9DD7-8556-AEEFEEF0DCF8}
		{D5D7183D-3451-DA11-3D96-B4637027965A}.0 = {6A34C6DE-AF3A-82C2-1D86-C8B34A9C7115}
		{D5D7183D-3451-DA11-3D96-B4637027965A}.1 = {40D00D4F-9093-83F0-3E72-8C393E57EF9D}
		{D5D7183D-3451-DA11-3D96-B4637027965A}.2 = {E5C680E5-EAD0-C41F-70EE-C0BF49CE7DC8}
		{7DF51881-03C0-4B4E-55AE-57886FCBD170}.0 = {6A34C6DE-AF3A-82C2-1D86-C8B34A9C7115}
		{7DF51881-03C0-4B4E-55AE-57886FCBD170}.1 = {40D00D4F-9093-83F0-3E72-8C393E57EF9D}
		{7DF51881-03C0-4B4E-55AE-57886FCBD170}.2 = {E5C680E5-EAD0-C41F-70EE-C0BF49CE7DC8}
		{26D1B31B-4612-0550-DF1C-6DFB885FD1AE}.0 = {02BEE12B-45A8-B80B-8002-E3A7F0791B57}
		{C2468401-C454-F520-4EAA-731A0591EA8A}.0 = {F234FBAB-A137-F72F-9584-AA50206D91C7}
		{6B8577B4-5A46-170E-B49C-BB2E96C2041A}.0 = {D5D7183D-3451-DA11-3D96-B4637027965A}
		{27DB75D1-A8B5-2070-6D4F-DA2924581029}.0 = {7DF51881-03C0-4B4E-55AE-57886FCBD170}
		{AD310206-F273-C916-B9CE-AD77353FB495}.0 = {02BEE12B-45A8-B80B-8002-E3A7F0791B57}
		{5E021136-A3BF-4C46-0F5A-00AEA143E048}.0 = {F234FBAB-A137-F72F-9584-AA50206D91C7}
		{84C4E9DC-9319-1C1A-D2C7-AD22F4944547}.0 = {D5D7183D-3451-DA11-3D96-B4637027965A}
		{39D23087-9955-274A-2DBE-0FB5AE280364}.0 = {7DF51881-03C0-4B4E-55AE-57886FCBD170}
		{3FC0D9C5-1691-6CF4-1403-9CA726EAD5F4}.0 = {8787BA6B-D5B6-9DD7-8556-AEEFEEF0DCF8}
		{FE64FABB-86E3-27FC-6933-19A8849AD0AE}.0 = {C1136BAF-ABFA-927E-FC1C-88B00774FEF5}
		{FE64FABB-86E3-27FC-6933-19A8849AD0AE}.1 = {8787BA6B-D5B6-9DD7-8556-AEEFEEF0DCF8}
		{378EBA0C-3BA5-1CB2-6A4B-13E100D0686B}.0 = {8787BA6B-D5B6-9DD7-8556-AEEFEEF0DCF8}
		{F536C454-2347-9980-B8AE-D7A72653A0D6}.0 = {43A34489-330D-132F-C5AC-13809CB6DE10}
		{8FA50D6F-9F9A-BDD6-A11B-F1FF5328051F}.0 = {43A34489-330D-132F-C5AC-13809CB6DE10}
		{8FA50D6F-9F9A-BDD6-A11B-F1FF5328051F}.1 = {F536C454-2347-9980-B8AE-D7A72653A0D6}
		{34A1A54E-1001-FAD4-207E-8244B1D8FB7D}.0 = {43A34489-330D-132F-C5AC-13809CB6DE10}
		{34A1A54E-1001-FAD4-207E-8244B1D8FB7D}.1 = {F536C454-2347-9980-B8AE-D7A72653A0D6}
	EndGlobalSection
	GlobalSection(ProjectConfiguration) = postSolution
		{5EF19EA5-1AC8-A311-489F-FBE2F918C222}.Release.ActiveCfg = Release|Win32
		{5EF19EA5-1AC8-A311-489F-FBE2F918C222}.Release.Build.0 = Release|Win32
		{89347686-E846-7F71-E4CD-0AF786056792}.Release.ActiveCfg = Release|Win32
		{89347686-E846-7F71-E4CD-0AF786056792}.Release.Build.0 = Release|Win32
		{51501C8C-E9FE-BE64-7CA1-27CCD3F9C629}.Release.ActiveCfg = Release|Win32
		{51501C8C-E9FE-BE64-7CA1-27CCD3F9C629}.Release.Build.0 = Release|Win32
		{10BF9AB5-12FB-8A18-165B-88A1649D8337}.Release.ActiveCfg = Release|Win32
		{10BF9AB5-12FB-8A18-165B-88A1649D8337}.Release.Build.0 = Release|Win32
		{676E806F-C52E-7848-C1C8-E6DDD24D3A23}.Release.ActiveCfg = Release|Win32
		{676E806F-C52E-7848-C1C8-E6DDD24D3A23}.Release.Build.0 = Release|Win32
		{8E301370-E64A-7D1A-A5D9-88BC7CF78454}.Release.ActiveCfg = Release|Win32
		{8E301370-E64A-7D1A-A5D9-88BC7CF78454}.Release.Build.0 = Release|Win32
		{D7D8127F-EA4D-83F0-2B6A-5F7A0E4CE4E3}.Release.ActiveCfg = Release|Win32
		{D7D8127F-EA4D-83F0-2B6A-5F7A0E4CE4E3}.Release.Build.0 = Release|Win32
		{6ABC33A1-FCDD-1D62-7FCA-E6A708ED4704}.Release.ActiveCfg = Release|Win32
		{6ABC33A1-FCDD-1D62-7FCA-E6A708ED4704}.Release.Build.0 = Release|Win32
		{D85F73FD-86D2-D723-73BD-BEF4D2A525C3}.Release.ActiveCfg = Release|Win32
		{D85F73FD-86D2-D723-73BD-BEF4D2A525C3}.Release.Build.0 = Release|Win32
		{1818A64C-6956-9F24-0421-C1112B48194A}.Release.ActiveCfg = Release|Win32
		{1818A64C-6956-9F24-0421-C1112B48194A}.Release.Build.0 = Release|Win32
		{DF3EF0AC-35D3-8658-34AD-77681B9B419E}.Release.ActiveCfg = Release|Win32
		{DF3EF0AC-35D3-8658-34AD-77681B9B419E}.Release.Build.0 = Release|Win32
		{BF557EAC-6D1E-E0D3-9E9E-4691C9535035}.Release.ActiveCfg = Release|Win32
		{BF557EAC-6D1E-E0D3-9E9E-4691C9535035}.Release.Build.0 = Release|Win32
		{15446F4C-EDB9-FEA1-2C25-66DEE222F947}.Release.ActiveCfg = Release|Win32
		{15446F4C-EDB9-FEA1-2C25-66DEE222F947}.Release.Build.0 = Release|Win32
		{B95A5C99-A204-3047-9664-7A2BD73EDDFD}.Release.ActiveCfg = Release|Win32
		{B95A5C99-A204-3047-9664-7A2BD73EDDFD}.Release.Build.0 = Release|Win32
		{0F6CF609-2406-605C-1220-6CAF9C0B93EF}.Release.ActiveCfg = Release|Win32
		{0F6CF609-2406-605C-1220-6CAF9C0B93EF}.Release.Build.0 = Release|Win32
		{CD8D6B87-506B-A0E0-295C-B4C5AEA10A1B}.Release.ActiveCfg = Release|Win32
		{CD8D6B87-506B-A0E0-295C-B4C5AEA10A1B}.Release.Build.0 = Release|Win32
		{3D43D29C-2F37-66ED-E2CE-0B9A4E303E17}.Release.ActiveCfg = Release|Win32
		{3D43D29C-2F37-66ED-E2CE-0B9A4E303E17}.Release.Build.0 = Release|Win32
		{BD135177-210A-F529-7F75-0E50BF489021}.Release.ActiveCfg = Release|Win32
		{BD135177-210A-F529-7F75-0E50BF489021}.Release.Build.0 = Release|Win32
		{095BEBF0-89F5-579F-A580-A866881822E9}.Release.ActiveCfg = Release|Win32
		{095BEBF0-89F5-579F-A580-A866881822E9}.Release.Build.0 = Release|Win32
		{014A7362-EE31-DDD9-308E-851D83ADAC22}.Release.ActiveCfg = Release|Win32
		{014A7362-EE31-DDD9-308E-851D83ADAC22}.Release.Build.0 = Release|Win32
		{02BEE12B-45A8-B80B-8002-E3A7F0791B57}.Release.ActiveCfg = Release|Win32
		{02BEE12B-45A8-B80B-8002-E3A7F0791B57}.Release.Build.0 = Release|Win32
		{F234FBAB-A137-F72F-9584-AA50206D91C7}.Release.ActiveCfg = Release|Win32
		{F234FBAB-A137-F72F-9584-AA50206D91C7}.Release.Build.0 = Release|Win32
		{D5D7183D-3451-DA11-3D96-B4637027965A}.Release.ActiveCfg = Release|Win32
		{D5D7183D-3451-DA11-3D96-B4637027965A}.Release.Build.0 = Release|Win32
		{7DF51881-03C0-4B4E-55AE-57886FCBD170}.Release.ActiveCfg = Release|Win32
		{7DF51881-03C0-4B4E-55AE-57886FCBD170}.Release.Build.0 = Release|Win32
		{26D1B31B-4612-0550-DF1C-6DFB885FD1AE}.Release.ActiveCfg = Release|Win32
		{26D1B31B-4612-0550-DF1C-6DFB885FD1AE}.Release.Build.0 = Release|Win32
		{C2468401-C454-F520-4EAA-731A0591EA8A}.Release.ActiveCfg = Release|Win32
		{C2468401-C454-F520-4EAA-731A0591EA8A}.Release.Build.0 = Release|Win32
		{6B8577B4-5A46-170E-B49C-BB2E96C2041A}.Release.ActiveCfg = Release|Win32
		{6B8577B4-5A46-170E-B49C-BB2E96C2041A}.Release.Build.0 = Release|Win32
		{27DB75D1-A8B5-2070-6D4F-DA2924581029}.Release.ActiveCfg = Release|Win32
		{27DB75D1-A8B5-2070-6D4F-DA2924581029}.Release.Build.0 = Release|Win32
		{AD310206-F273-C916-B9CE-AD77353FB495}.Release.ActiveCfg = Release|Win32
		{AD310206-F273-C916-B9CE-AD77353FB495}.Release.Build.0 = Release|Win32
		{5E021136-A3BF-4C46-0F5A-00AEA143E048}.Release.ActiveCfg = Release|Win32
		{5E021136-A3BF-4C46-0F5A-00AEA143E048}.Release.Build.0 = Release|Win32
		{84C4E9DC-9319-1C1A-D2C7-AD22F4944547}.Release.ActiveCfg = Release|Win32
		{84C4E9DC-9319-1C1A-D2C7-AD22F4944547}.Release.Build.0 = Release|Win32
		{39D23087-9955-274A-2DBE-0FB5AE280364}.Release.ActiveCfg = Release|Win32
		{39D23087-9955-274A-2DBE-0FB5AE280364}.Release.Build.0 = Release|Win32
		{3FC0D9C5-1691-6CF4-1403-9CA726EAD5F4}.Release.ActiveCfg = Release|Win32
		{3FC0D9C5-1691-6CF4-1403-9CA726EAD5F4}.Release.Build.0 = Release|Win32
		{6A34C6DE-AF3A-82C2-1D86-C8B34A9C7115}.Release.ActiveCfg = Release|Win32
		{6A34C6DE-AF3A-82C2-1D86-C8B34A9C7115}.Release.Build.0 = Release|Win32
		{C1136BAF-ABFA-927E-FC1C-88B00774FEF5}.Release.ActiveCfg = Release|Win32
		{C1136BAF-ABFA-927E-FC1C-88B00774FEF5}.Release.Build.0 = Release|Win32
		{C6442786-99DB-B81B-C490-9F2C2FF9BBBE}.Release.ActiveCfg = Release|Win32
		{C6442786-99DB-B81B-C490-9F2C2FF9BBBE}.Release.Build.0 = Release|Win32
		{3CC4E519-E2EC-9369-4EC6-CFFFCFD658B4}.Release.ActiveCfg = Release|Win32
		{3CC4E519-E2EC-9369-4EC6-CFFFCFD658B4}.Release.Build.0 = Release|Win32
		{FE64FABB-86E3-27FC-6933-19A8849AD0AE}.Release.ActiveCfg = Release|Win32
		{FE64FABB-86E3-27FC-6933-19A8849AD0AE}.Release.Build.0 = Release|Win32
		{8F15C977-7338-8ADE-20A7-19F0916F53B4}.Release.ActiveCfg = Release|Win32
		{8F15C977-7338-8ADE-20A7-19F0916F53B4}.Release.Build.0 = Release|Win32
		{704E752A-45F8-4575-93A7-6E2DA28AA3A5}.Release.ActiveCfg = Release|Win32
		{704E752A-45F8-4575-93A7-6E2DA28AA3A5}.Release.Build.0 = Release|Win32
		{016C60E3-E761-209C-D081-B66F38895C42}.Release.ActiveCfg = Release|Win32
		{016C60E3-E761-209C-D081-B66F38895C42}.Release.Build.0 = Release|Win32
		{43A34489-330D-132F-C5AC-13809CB6DE10}.Release.ActiveCfg = Release|Win32
		{43A34489-330D-132F-C5AC-13809CB6DE10}.Release.Build.0 = Release|Win32
		{544D9014-37E1-84C4-B16E-C0DB6EE857B1}.Release.ActiveCfg = Release|Win32
		{544D9014-37E1-84C4-B16E-C0DB6EE857B1}.Release.Build.0 = Release|Win32
		{40D00D4F-9093-83F0-3E72-8C393E57EF9D}.Release.ActiveCfg = Release|Win32
		{40D00D4F-9093-83F0-3E72-8C393E57EF9D}.Release.Build.0 = Release|Win32
		{378EBA0C-3BA5-1CB2-6A4B-13E100D0686B}.Release.ActiveCfg = Release|Win32
		{378EBA0C-3BA5-1CB2-6A4B-13E100D0686B}.Release.Build.0 = Release|Win32
		{76826832-67F2-BB7E-1E3C-53704C5D0C45}.Release.ActiveCfg = Release|Win32
		{76826832-67F2-BB7E-1E3C-53704C5D0C45}.Release.Build.0 = Release|Win32
		{F536C454-2347-9980-B8AE-D7A72653A0D6}.Release.ActiveCfg = Release|Win32
		{F536C454-2347-9980-B8AE-D7A72653A0D6}.Release.Build.0 = Release|Win32
		{3D7F519D-02E9-BF81-13F5-BAE46044C6ED}.Release.ActiveCfg = Release|Win32
		{3D7F519D-02E9-BF81-13F5-BAE46044C6ED}.Release.Build.0 = Release|Win32
		{8FA50D6F-9F9A-BDD6-A11B-F1FF5328051F}.Release.ActiveCfg = Release|Win32
		{8FA50D6F-9F9A-BDD6-A11B-F1FF5328051F}.Release.Build.0 = Release|Win32
		{8305B412-74AF-3F73-920A-D75FAF6B10FA}.Release.ActiveCfg = Release|Win32
		{8305B412-74AF-3F73-920A-D75FAF6B10FA}.Release.Build.0 = Release|Win32
		{34A1A54E-1001-FAD4-207E-8244B1D8FB7D}.Release.ActiveCfg = Release|Win32
		{34A1A54E-1001-FAD4-207E-8244B1D8FB7D}.Release.Build.0 = Release|Win32
		{701D489A-A4A1-B1FA-FCA7-06538485A37C}.Release.ActiveCfg = Release|Win32
		{701D489A-A4A1-B1FA-FCA7-06538485A37C}.Release.Build.0 = Release|Win32
		{8787BA6B-D5B6-9DD7-8556-AEEFEEF0DCF8}.Release.ActiveCfg = Release|Win32
		{8787BA6B-D5B6-9DD7-8556-AEEFEEF0DCF8}.Release.Build.0 = Release|Win32
		{E5C680E5-EAD0-C41F-70EE-C0BF49CE7DC8}.Release.ActiveCfg = Release|Win32
		{E5C680E5-EAD0-C41F-70EE-C0BF49CE7DC8}.Release.Build.0 = Release|Win32
	EndGlobalSection
	GlobalSection(ExtensibilityGlobals) = postSolution
	EndGlobalSection
	GlobalSection(ExtensibilityAddIns) = postSolution
	EndGlobalSection
EndGlobal
