Microsoft Visual Studio Solution File, Format Version 10.00
# Visual C++ Express 2008
Project("{8BC9CEB8-8B4A-11D0-8D11-00A0C91BC942}") = "grpall_CSlibs", "grpall_CSlibs.vcproj", "{5EF19EA5-1AC8-A311-489F-FBE2F918C222}"
	ProjectSection(ProjectDependencies) = postProject
		{51501C8C-E9FE-BE64-7CA1-27CCD3F9C629} = {51501C8C-E9FE-BE64-7CA1-27CCD3F9C629}
		{10BF9AB5-12FB-8A18-165B-88A1649D8337} = {10BF9AB5-12FB-8A18-165B-88A1649D8337}
		{2311162C-3803-B162-3FAE-72C39EA3CF5A} = {2311162C-3803-B162-3FAE-72C39EA3CF5A}
		{C1949C7D-C6E9-52B0-DDCD-DF77C4DF83A5} = {C1949C7D-C6E9-52B0-DDCD-DF77C4DF83A5}
		{B74778B3-864F-662C-1D62-0A74766F648B} = {B74778B3-864F-662C-1D62-0A74766F648B}
		{201BDB9E-5620-AE53-8168-7BAF4FD89982} = {201BDB9E-5620-AE53-8168-7BAF4FD89982}
		{D85F73FD-86D2-D723-73BD-BEF4D2A525C3} = {D85F73FD-86D2-D723-73BD-BEF4D2A525C3}
		{1818A64C-6956-9F24-0421-C1112B48194A} = {1818A64C-6956-9F24-0421-C1112B48194A}
		{DF3EF0AC-35D3-8658-34AD-77681B9B419E} = {DF3EF0AC-35D3-8658-34AD-77681B9B419E}
		{BF557EAC-6D1E-E0D3-9E9E-4691C9535035} = {BF557EAC-6D1E-E0D3-9E9E-4691C9535035}
		{E5ED5E12-B361-1889-BA05-32A912A0C5E7} = {E5ED5E12-B361-1889-BA05-32A912A0C5E7}
		{D02EFCC6-2118-C32F-05BB-DCB1CE151381} = {D02EFCC6-2118-C32F-05BB-DCB1CE151381}
		{3D43D29C-2F37-66ED-E2CE-0B9A4E303E17} = {3D43D29C-2F37-66ED-E2CE-0B9A4E303E17}
		{BD135177-210A-F529-7F75-0E50BF489021} = {BD135177-210A-F529-7F75-0E50BF489021}
		{095BEBF0-89F5-579F-A580-A866881822E9} = {095BEBF0-89F5-579F-A580-A866881822E9}
		{014A7362-EE31-DDD9-308E-851D83ADAC22} = {014A7362-EE31-DDD9-308E-851D83ADAC22}
		{02BEE12B-45A8-B80B-8002-E3A7F0791B57} = {02BEE12B-45A8-B80B-8002-E3A7F0791B57}
		{F234FBAB-A137-F72F-9584-AA50206D91C7} = {F234FBAB-A137-F72F-9584-AA50206D91C7}
		{D5D7183D-3451-DA11-3D96-B4637027965A} = {D5D7183D-3451-DA11-3D96-B4637027965A}
		{7DF51881-03C0-4B4E-55AE-57886FCBD170} = {7DF51881-03C0-4B4E-55AE-57886FCBD170}
		{26D1B31B-4612-0550-DF1C-6DFB885FD1AE} = {26D1B31B-4612-0550-DF1C-6DFB885FD1AE}
		{C2468401-C454-F520-4EAA-731A0591EA8A} = {C2468401-C454-F520-4EAA-731A0591EA8A}
		{AD310206-F273-C916-B9CE-AD77353FB495} = {AD310206-F273-C916-B9CE-AD77353FB495}
		{5E021136-A3BF-4C46-0F5A-00AEA143E048} = {5E021136-A3BF-4C46-0F5A-00AEA143E048}
		{3FC0D9C5-1691-6CF4-1403-9CA726EAD5F4} = {3FC0D9C5-1691-6CF4-1403-9CA726EAD5F4}
		{6A34C6DE-AF3A-82C2-1D86-C8B34A9C7115} = {6A34C6DE-AF3A-82C2-1D86-C8B34A9C7115}
		{C1136BAF-ABFA-927E-FC1C-88B00774FEF5} = {C1136BAF-ABFA-927E-FC1C-88B00774FEF5}
		{C6442786-99DB-B81B-C490-9F2C2FF9BBBE} = {C6442786-99DB-B81B-C490-9F2C2FF9BBBE}
		{FE64FABB-86E3-27FC-6933-19A8849AD0AE} = {FE64FABB-86E3-27FC-6933-19A8849AD0AE}
		{8F15C977-7338-8ADE-20A7-19F0916F53B4} = {8F15C977-7338-8ADE-20A7-19F0916F53B4}
		{704E752A-45F8-4575-93A7-6E2DA28AA3A5} = {704E752A-45F8-4575-93A7-6E2DA28AA3A5}
		{016C60E3-E761-209C-D081-B66F38895C42} = {016C60E3-E761-209C-D081-B66F38895C42}
		{43A34489-330D-132F-C5AC-13809CB6DE10} = {43A34489-330D-132F-C5AC-13809CB6DE10}
		{544D9014-37E1-84C4-B16E-C0DB6EE857B1} = {544D9014-37E1-84C4-B16E-C0DB6EE857B1}
		{40D00D4F-9093-83F0-3E72-8C393E57EF9D} = {40D00D4F-9093-83F0-3E72-8C393E57EF9D}
		{378EBA0C-3BA5-1CB2-6A4B-13E100D0686B} = {378EBA0C-3BA5-1CB2-6A4B-13E100D0686B}
		{76826832-67F2-BB7E-1E3C-53704C5D0C45} = {76826832-67F2-BB7E-1E3C-53704C5D0C45}
		{F990F307-E2DA-FC65-95D8-8EDC04B2C805} = {F990F307-E2DA-FC65-95D8-8EDC04B2C805}
		{E44C1BC0-04DE-C5F0-35D1-8BF3E0ABB46B} = {E44C1BC0-04DE-C5F0-35D1-8BF3E0ABB46B}
		{5487B851-1210-B24E-E735-578CB6754819} = {5487B851-1210-B24E-E735-578CB6754819}
		{F536C454-2347-9980-B8AE-D7A72653A0D6} = {F536C454-2347-9980-B8AE-D7A72653A0D6}
		{3D7F519D-02E9-BF81-13F5-BAE46044C6ED} = {3D7F519D-02E9-BF81-13F5-BAE46044C6ED}
		{8FA50D6F-9F9A-BDD6-A11B-F1FF5328051F} = {8FA50D6F-9F9A-BDD6-A11B-F1FF5328051F}
		{8305B412-74AF-3F73-920A-D75FAF6B10FA} = {8305B412-74AF-3F73-920A-D75FAF6B10FA}
		{34A1A54E-1001-FAD4-207E-8244B1D8FB7D} = {34A1A54E-1001-FAD4-207E-8244B1D8FB7D}
		{701D489A-A4A1-B1FA-FCA7-06538485A37C} = {701D489A-A4A1-B1FA-FCA7-06538485A37C}
		{54A93D09-6867-18BC-542A-E6EDB1CF5E06} = {54A93D09-6867-18BC-542A-E6EDB1CF5E06}
		{7915B9E6-39D3-B0B1-D818-1A78BF4A5D15} = {7915B9E6-39D3-B0B1-D818-1A78BF4A5D15}
		{B2413D21-5D6F-AF05-61C6-0A5DD9EECFA4} = {B2413D21-5D6F-AF05-61C6-0A5DD9EECFA4}
		{1B510E43-445C-1CBB-7913-35CC13A2A949} = {1B510E43-445C-1CBB-7913-35CC13A2A949}
		{03B3BCB7-FD7B-EBA4-0E35-A8488B665617} = {03B3BCB7-FD7B-EBA4-0E35-A8488B665617}
		{9BF3B28E-3D94-6EE2-5D87-35EAB161C63C} = {9BF3B28E-3D94-6EE2-5D87-35EAB161C63C}
		{E8135F9D-8103-B1F9-3E86-9EEF23B8C9F6} = {E8135F9D-8103-B1F9-3E86-9EEF23B8C9F6}
		{587BE360-FA5C-A73A-27C7-170B81C5AAE9} = {587BE360-FA5C-A73A-27C7-170B81C5AAE9}
		{A9BB133D-2CEA-6ADA-B4BF-6633176A83E6} = {A9BB133D-2CEA-6ADA-B4BF-6633176A83E6}
		{FE973244-8F47-5B75-BC81-E875736541FD} = {FE973244-8F47-5B75-BC81-E875736541FD}
		{4192E6A4-5502-B6FB-779A-B0390C0D6613} = {4192E6A4-5502-B6FB-779A-B0390C0D6613}
		{E7B8C70F-9DB3-232D-82E8-525E1C36B73B} = {E7B8C70F-9DB3-232D-82E8-525E1C36B73B}
		{28A1939B-E0DB-72EE-3A1E-198BF3A5304F} = {28A1939B-E0DB-72EE-3A1E-198BF3A5304F}
		{801D7458-1BD3-EB36-B1C0-611799FB00AB} = {801D7458-1BD3-EB36-B1C0-611799FB00AB}
		{B0569B94-BE98-1EB9-77B4-61ADBCDEB281} = {B0569B94-BE98-1EB9-77B4-61ADBCDEB281}
		{2A0CC5E2-095C-595B-AA53-A6DC90FC81BC} = {2A0CC5E2-095C-595B-AA53-A6DC90FC81BC}
		{051161E5-E7F0-E88C-3932-83DADE87293A} = {051161E5-E7F0-E88C-3932-83DADE87293A}
		{D30094A4-8539-5F34-6460-083D48825362} = {D30094A4-8539-5F34-6460-083D48825362}
		{AA05C557-549E-3C3F-8341-E8D30E42773B} = {AA05C557-549E-3C3F-8341-E8D30E42773B}
		{3A5AF676-B9BD-E082-98C1-D1FE8FCD0BA2} = {3A5AF676-B9BD-E082-98C1-D1FE8FCD0BA2}
		{C1E07237-6769-AE67-BE07-14CBA057A929} = {C1E07237-6769-AE67-BE07-14CBA057A929}
		{CAE4B6BE-AA25-8C21-334B-D6B10B4320CD} = {CAE4B6BE-AA25-8C21-334B-D6B10B4320CD}
		{F8F3BCEB-686C-9180-ACD1-D3C0FDC6DC2E} = {F8F3BCEB-686C-9180-ACD1-D3C0FDC6DC2E}
		{B2922365-A308-9485-C6E2-271F01CB95FF} = {B2922365-A308-9485-C6E2-271F01CB95FF}
		{D8796529-615F-D571-EA8D-7A4DD2BEAFC7} = {D8796529-615F-D571-EA8D-7A4DD2BEAFC7}
		{597962B6-A467-EE29-17B5-027D3C0148FE} = {597962B6-A467-EE29-17B5-027D3C0148FE}
		{7AAC56DF-BDBE-DF60-BE0C-0142B2C62F3B} = {7AAC56DF-BDBE-DF60-BE0C-0142B2C62F3B}
		{014DF83F-795C-9BC1-2F12-1BE2820E1AE3} = {014DF83F-795C-9BC1-2F12-1BE2820E1AE3}
		{148E9AB3-93FF-4D03-68AC-658A7DF2AEFE} = {148E9AB3-93FF-4D03-68AC-658A7DF2AEFE}
		{B4B61B18-44B6-13EA-8A67-7D30D1EDAF68} = {B4B61B18-44B6-13EA-8A67-7D30D1EDAF68}
		{A241AEB7-7B03-D9AD-9169-F39BA93DD5A5} = {A241AEB7-7B03-D9AD-9169-F39BA93DD5A5}
		{8787BA6B-D5B6-9DD7-8556-AEEFEEF0DCF8} = {8787BA6B-D5B6-9DD7-8556-AEEFEEF0DCF8}
		{E5C680E5-EAD0-C41F-70EE-C0BF49CE7DC8} = {E5C680E5-EAD0-C41F-70EE-C0BF49CE7DC8}
	EndProjectSection
EndProject
Project("{8BC9CEB8-8B4A-11D0-8D11-00A0C91BC942}") = "grplibs_CSlibs", "grplibs_CSlibs.vcproj", "{89347686-E846-7F71-E4CD-0AF786056792}"
	ProjectSection(ProjectDependencies) = postProject
		{51501C8C-E9FE-BE64-7CA1-27CCD3F9C629} = {51501C8C-E9FE-BE64-7CA1-27CCD3F9C629}
		{10BF9AB5-12FB-8A18-165B-88A1649D8337} = {10BF9AB5-12FB-8A18-165B-88A1649D8337}
		{2311162C-3803-B162-3FAE-72C39EA3CF5A} = {2311162C-3803-B162-3FAE-72C39EA3CF5A}
		{C1949C7D-C6E9-52B0-DDCD-DF77C4DF83A5} = {C1949C7D-C6E9-52B0-DDCD-DF77C4DF83A5}
		{B74778B3-864F-662C-1D62-0A74766F648B} = {B74778B3-864F-662C-1D62-0A74766F648B}
		{201BDB9E-5620-AE53-8168-7BAF4FD89982} = {201BDB9E-5620-AE53-8168-7BAF4FD89982}
		{D85F73FD-86D2-D723-73BD-BEF4D2A525C3} = {D85F73FD-86D2-D723-73BD-BEF4D2A525C3}
		{1818A64C-6956-9F24-0421-C1112B48194A} = {1818A64C-6956-9F24-0421-C1112B48194A}
		{DF3EF0AC-35D3-8658-34AD-77681B9B419E} = {DF3EF0AC-35D3-8658-34AD-77681B9B419E}
		{BF557EAC-6D1E-E0D3-9E9E-4691C9535035} = {BF557EAC-6D1E-E0D3-9E9E-4691C9535035}
		{E5ED5E12-B361-1889-BA05-32A912A0C5E7} = {E5ED5E12-B361-1889-BA05-32A912A0C5E7}
		{D02EFCC6-2118-C32F-05BB-DCB1CE151381} = {D02EFCC6-2118-C32F-05BB-DCB1CE151381}
		{3D43D29C-2F37-66ED-E2CE-0B9A4E303E17} = {3D43D29C-2F37-66ED-E2CE-0B9A4E303E17}
		{BD135177-210A-F529-7F75-0E50BF489021} = {BD135177-210A-F529-7F75-0E50BF489021}
		{095BEBF0-89F5-579F-A580-A866881822E9} = {095BEBF0-89F5-579F-A580-A866881822E9}
		{014A7362-EE31-DDD9-308E-851D83ADAC22} = {014A7362-EE31-DDD9-308E-851D83ADAC22}
		{02BEE12B-45A8-B80B-8002-E3A7F0791B57} = {02BEE12B-45A8-B80B-8002-E3A7F0791B57}
		{F234FBAB-A137-F72F-9584-AA50206D91C7} = {F234FBAB-A137-F72F-9584-AA50206D91C7}
		{D5D7183D-3451-DA11-3D96-B4637027965A} = {D5D7183D-3451-DA11-3D96-B4637027965A}
		{7DF51881-03C0-4B4E-55AE-57886FCBD170} = {7DF51881-03C0-4B4E-55AE-57886FCBD170}
		{26D1B31B-4612-0550-DF1C-6DFB885FD1AE} = {26D1B31B-4612-0550-DF1C-6DFB885FD1AE}
		{C2468401-C454-F520-4EAA-731A0591EA8A} = {C2468401-C454-F520-4EAA-731A0591EA8A}
		{AD310206-F273-C916-B9CE-AD77353FB495} = {AD310206-F273-C916-B9CE-AD77353FB495}
		{5E021136-A3BF-4C46-0F5A-00AEA143E048} = {5E021136-A3BF-4C46-0F5A-00AEA143E048}
		{3FC0D9C5-1691-6CF4-1403-9CA726EAD5F4} = {3FC0D9C5-1691-6CF4-1403-9CA726EAD5F4}
		{6A34C6DE-AF3A-82C2-1D86-C8B34A9C7115} = {6A34C6DE-AF3A-82C2-1D86-C8B34A9C7115}
		{C1136BAF-ABFA-927E-FC1C-88B00774FEF5} = {C1136BAF-ABFA-927E-FC1C-88B00774FEF5}
		{C6442786-99DB-B81B-C490-9F2C2FF9BBBE} = {C6442786-99DB-B81B-C490-9F2C2FF9BBBE}
		{FE64FABB-86E3-27FC-6933-19A8849AD0AE} = {FE64FABB-86E3-27FC-6933-19A8849AD0AE}
		{8F15C977-7338-8ADE-20A7-19F0916F53B4} = {8F15C977-7338-8ADE-20A7-19F0916F53B4}
		{704E752A-45F8-4575-93A7-6E2DA28AA3A5} = {704E752A-45F8-4575-93A7-6E2DA28AA3A5}
		{016C60E3-E761-209C-D081-B66F38895C42} = {016C60E3-E761-209C-D081-B66F38895C42}
		{43A34489-330D-132F-C5AC-13809CB6DE10} = {43A34489-330D-132F-C5AC-13809CB6DE10}
		{544D9014-37E1-84C4-B16E-C0DB6EE857B1} = {544D9014-37E1-84C4-B16E-C0DB6EE857B1}
		{40D00D4F-9093-83F0-3E72-8C393E57EF9D} = {40D00D4F-9093-83F0-3E72-8C393E57EF9D}
		{378EBA0C-3BA5-1CB2-6A4B-13E100D0686B} = {378EBA0C-3BA5-1CB2-6A4B-13E100D0686B}
		{76826832-67F2-BB7E-1E3C-53704C5D0C45} = {76826832-67F2-BB7E-1E3C-53704C5D0C45}
		{F990F307-E2DA-FC65-95D8-8EDC04B2C805} = {F990F307-E2DA-FC65-95D8-8EDC04B2C805}
		{E44C1BC0-04DE-C5F0-35D1-8BF3E0ABB46B} = {E44C1BC0-04DE-C5F0-35D1-8BF3E0ABB46B}
		{5487B851-1210-B24E-E735-578CB6754819} = {5487B851-1210-B24E-E735-578CB6754819}
		{F536C454-2347-9980-B8AE-D7A72653A0D6} = {F536C454-2347-9980-B8AE-D7A72653A0D6}
		{3D7F519D-02E9-BF81-13F5-BAE46044C6ED} = {3D7F519D-02E9-BF81-13F5-BAE46044C6ED}
		{8FA50D6F-9F9A-BDD6-A11B-F1FF5328051F} = {8FA50D6F-9F9A-BDD6-A11B-F1FF5328051F}
		{8305B412-74AF-3F73-920A-D75FAF6B10FA} = {8305B412-74AF-3F73-920A-D75FAF6B10FA}
		{34A1A54E-1001-FAD4-207E-8244B1D8FB7D} = {34A1A54E-1001-FAD4-207E-8244B1D8FB7D}
		{701D489A-A4A1-B1FA-FCA7-06538485A37C} = {701D489A-A4A1-B1FA-FCA7-06538485A37C}
		{54A93D09-6867-18BC-542A-E6EDB1CF5E06} = {54A93D09-6867-18BC-542A-E6EDB1CF5E06}
		{7915B9E6-39D3-B0B1-D818-1A78BF4A5D15} = {7915B9E6-39D3-B0B1-D818-1A78BF4A5D15}
		{B2413D21-5D6F-AF05-61C6-0A5DD9EECFA4} = {B2413D21-5D6F-AF05-61C6-0A5DD9EECFA4}
		{1B510E43-445C-1CBB-7913-35CC13A2A949} = {1B510E43-445C-1CBB-7913-35CC13A2A949}
		{03B3BCB7-FD7B-EBA4-0E35-A8488B665617} = {03B3BCB7-FD7B-EBA4-0E35-A8488B665617}
		{9BF3B28E-3D94-6EE2-5D87-35EAB161C63C} = {9BF3B28E-3D94-6EE2-5D87-35EAB161C63C}
		{E8135F9D-8103-B1F9-3E86-9EEF23B8C9F6} = {E8135F9D-8103-B1F9-3E86-9EEF23B8C9F6}
		{587BE360-FA5C-A73A-27C7-170B81C5AAE9} = {587BE360-FA5C-A73A-27C7-170B81C5AAE9}
		{A9BB133D-2CEA-6ADA-B4BF-6633176A83E6} = {A9BB133D-2CEA-6ADA-B4BF-6633176A83E6}
		{FE973244-8F47-5B75-BC81-E875736541FD} = {FE973244-8F47-5B75-BC81-E875736541FD}
		{4192E6A4-5502-B6FB-779A-B0390C0D6613} = {4192E6A4-5502-B6FB-779A-B0390C0D6613}
		{E7B8C70F-9DB3-232D-82E8-525E1C36B73B} = {E7B8C70F-9DB3-232D-82E8-525E1C36B73B}
		{28A1939B-E0DB-72EE-3A1E-198BF3A5304F} = {28A1939B-E0DB-72EE-3A1E-198BF3A5304F}
		{801D7458-1BD3-EB36-B1C0-611799FB00AB} = {801D7458-1BD3-EB36-B1C0-611799FB00AB}
		{B0569B94-BE98-1EB9-77B4-61ADBCDEB281} = {B0569B94-BE98-1EB9-77B4-61ADBCDEB281}
		{2A0CC5E2-095C-595B-AA53-A6DC90FC81BC} = {2A0CC5E2-095C-595B-AA53-A6DC90FC81BC}
		{051161E5-E7F0-E88C-3932-83DADE87293A} = {051161E5-E7F0-E88C-3932-83DADE87293A}
		{D30094A4-8539-5F34-6460-083D48825362} = {D30094A4-8539-5F34-6460-083D48825362}
		{AA05C557-549E-3C3F-8341-E8D30E42773B} = {AA05C557-549E-3C3F-8341-E8D30E42773B}
		{3A5AF676-B9BD-E082-98C1-D1FE8FCD0BA2} = {3A5AF676-B9BD-E082-98C1-D1FE8FCD0BA2}
		{C1E07237-6769-AE67-BE07-14CBA057A929} = {C1E07237-6769-AE67-BE07-14CBA057A929}
		{CAE4B6BE-AA25-8C21-334B-D6B10B4320CD} = {CAE4B6BE-AA25-8C21-334B-D6B10B4320CD}
		{F8F3BCEB-686C-9180-ACD1-D3C0FDC6DC2E} = {F8F3BCEB-686C-9180-ACD1-D3C0FDC6DC2E}
		{B2922365-A308-9485-C6E2-271F01CB95FF} = {B2922365-A308-9485-C6E2-271F01CB95FF}
		{D8796529-615F-D571-EA8D-7A4DD2BEAFC7} = {D8796529-615F-D571-EA8D-7A4DD2BEAFC7}
		{597962B6-A467-EE29-17B5-027D3C0148FE} = {597962B6-A467-EE29-17B5-027D3C0148FE}
		{7AAC56DF-BDBE-DF60-BE0C-0142B2C62F3B} = {7AAC56DF-BDBE-DF60-BE0C-0142B2C62F3B}
		{014DF83F-795C-9BC1-2F12-1BE2820E1AE3} = {014DF83F-795C-9BC1-2F12-1BE2820E1AE3}
		{148E9AB3-93FF-4D03-68AC-658A7DF2AEFE} = {148E9AB3-93FF-4D03-68AC-658A7DF2AEFE}
		{B4B61B18-44B6-13EA-8A67-7D30D1EDAF68} = {B4B61B18-44B6-13EA-8A67-7D30D1EDAF68}
		{A241AEB7-7B03-D9AD-9169-F39BA93DD5A5} = {A241AEB7-7B03-D9AD-9169-F39BA93DD5A5}
		{8787BA6B-D5B6-9DD7-8556-AEEFEEF0DCF8} = {8787BA6B-D5B6-9DD7-8556-AEEFEEF0DCF8}
		{E5C680E5-EAD0-C41F-70EE-C0BF49CE7DC8} = {E5C680E5-EAD0-C41F-70EE-C0BF49CE7DC8}
	EndProjectSection
EndProject
Project("{8BC9CEB8-8B4A-11D0-8D11-00A0C91BC942}") = "lib3ds", "lib3ds.vcproj", "{51501C8C-E9FE-BE64-7CA1-27CCD3F9C629}"
EndProject
Project("{8BC9CEB8-8B4A-11D0-8D11-00A0C91BC942}") = "lib3ds_static", "lib3ds_static.vcproj", "{10BF9AB5-12FB-8A18-165B-88A1649D8337}"
EndProject
Project("{8BC9CEB8-8B4A-11D0-8D11-00A0C91BC942}") = "libassimp_debug_static", "libassimp_debug_static.vcproj", "{2311162C-3803-B162-3FAE-72C39EA3CF5A}"
EndProject
Project("{8BC9CEB8-8B4A-11D0-8D11-00A0C91BC942}") = "libassimp_static", "libassimp_static.vcproj", "{C1949C7D-C6E9-52B0-DDCD-DF77C4DF83A5}"
EndProject
Project("{8BC9CEB8-8B4A-11D0-8D11-00A0C91BC942}") = "libbulletcollision_debug_static", "libbulletcollision_debug_static.vcproj", "{B74778B3-864F-662C-1D62-0A74766F648B}"
EndProject
Project("{8BC9CEB8-8B4A-11D0-8D11-00A0C91BC942}") = "libbulletcollision_static", "libbulletcollision_static.vcproj", "{201BDB9E-5620-AE53-8168-7BAF4FD89982}"
EndProject
Project("{8BC9CEB8-8B4A-11D0-8D11-00A0C91BC942}") = "libbulletdynamics_debug_static", "libbulletdynamics_debug_static.vcproj", "{D85F73FD-86D2-D723-73BD-BEF4D2A525C3}"
EndProject
Project("{8BC9CEB8-8B4A-11D0-8D11-00A0C91BC942}") = "libbulletdynamics_static", "libbulletdynamics_static.vcproj", "{1818A64C-6956-9F24-0421-C1112B48194A}"
EndProject
Project("{8BC9CEB8-8B4A-11D0-8D11-00A0C91BC942}") = "libbulletmath_debug_static", "libbulletmath_debug_static.vcproj", "{DF3EF0AC-35D3-8658-34AD-77681B9B419E}"
EndProject
Project("{8BC9CEB8-8B4A-11D0-8D11-00A0C91BC942}") = "libbulletmath_static", "libbulletmath_static.vcproj", "{BF557EAC-6D1E-E0D3-9E9E-4691C9535035}"
EndProject
Project("{8BC9CEB8-8B4A-11D0-8D11-00A0C91BC942}") = "libbulletsoftbody_debug_static", "libbulletsoftbody_debug_static.vcproj", "{E5ED5E12-B361-1889-BA05-32A912A0C5E7}"
EndProject
Project("{8BC9CEB8-8B4A-11D0-8D11-00A0C91BC942}") = "libbulletsoftbody_static", "libbulletsoftbody_static.vcproj", "{D02EFCC6-2118-C32F-05BB-DCB1CE151381}"
EndProject
Project("{8BC9CEB8-8B4A-11D0-8D11-00A0C91BC942}") = "libcal3d", "libcal3d.vcproj", "{3D43D29C-2F37-66ED-E2CE-0B9A4E303E17}"
EndProject
Project("{8BC9CEB8-8B4A-11D0-8D11-00A0C91BC942}") = "libcal3d_debug", "libcal3d_debug.vcproj", "{BD135177-210A-F529-7F75-0E50BF489021}"
EndProject
Project("{8BC9CEB8-8B4A-11D0-8D11-00A0C91BC942}") = "libcal3d_debug_static", "libcal3d_debug_static.vcproj", "{095BEBF0-89F5-579F-A580-A866881822E9}"
EndProject
Project("{8BC9CEB8-8B4A-11D0-8D11-00A0C91BC942}") = "libcal3d_static", "libcal3d_static.vcproj", "{014A7362-EE31-DDD9-308E-851D83ADAC22}"
EndProject
Project("{8BC9CEB8-8B4A-11D0-8D11-00A0C91BC942}") = "libCEGUIBase", "libCEGUIBase.vcproj", "{02BEE12B-45A8-B80B-8002-E3A7F0791B57}"
	ProjectSection(ProjectDependencies) = postProject
		{3FC0D9C5-1691-6CF4-1403-9CA726EAD5F4} = {3FC0D9C5-1691-6CF4-1403-9CA726EAD5F4}
		{40D00D4F-9093-83F0-3E72-8C393E57EF9D} = {40D00D4F-9093-83F0-3E72-8C393E57EF9D}
		{8787BA6B-D5B6-9DD7-8556-AEEFEEF0DCF8} = {8787BA6B-D5B6-9DD7-8556-AEEFEEF0DCF8}
	EndProjectSection
EndProject
Project("{8BC9CEB8-8B4A-11D0-8D11-00A0C91BC942}") = "libCEGUIBase_debug", "libCEGUIBase_debug.vcproj", "{F234FBAB-A137-F72F-9584-AA50206D91C7}"
	ProjectSection(ProjectDependencies) = postProject
		{3FC0D9C5-1691-6CF4-1403-9CA726EAD5F4} = {3FC0D9C5-1691-6CF4-1403-9CA726EAD5F4}
		{40D00D4F-9093-83F0-3E72-8C393E57EF9D} = {40D00D4F-9093-83F0-3E72-8C393E57EF9D}
		{8787BA6B-D5B6-9DD7-8556-AEEFEEF0DCF8} = {8787BA6B-D5B6-9DD7-8556-AEEFEEF0DCF8}
	EndProjectSection
EndProject
Project("{8BC9CEB8-8B4A-11D0-8D11-00A0C91BC942}") = "libCEGUIBase_static", "libCEGUIBase_static.vcproj", "{D5D7183D-3451-DA11-3D96-B4637027965A}"
	ProjectSection(ProjectDependencies) = postProject
		{6A34C6DE-AF3A-82C2-1D86-C8B34A9C7115} = {6A34C6DE-AF3A-82C2-1D86-C8B34A9C7115}
		{40D00D4F-9093-83F0-3E72-8C393E57EF9D} = {40D00D4F-9093-83F0-3E72-8C393E57EF9D}
		{E5C680E5-EAD0-C41F-70EE-C0BF49CE7DC8} = {E5C680E5-EAD0-C41F-70EE-C0BF49CE7DC8}
	EndProjectSection
EndProject
Project("{8BC9CEB8-8B4A-11D0-8D11-00A0C91BC942}") = "libCEGUIBase_static_debug", "libCEGUIBase_static_debug.vcproj", "{7DF51881-03C0-4B4E-55AE-57886FCBD170}"
	ProjectSection(ProjectDependencies) = postProject
		{6A34C6DE-AF3A-82C2-1D86-C8B34A9C7115} = {6A34C6DE-AF3A-82C2-1D86-C8B34A9C7115}
		{40D00D4F-9093-83F0-3E72-8C393E57EF9D} = {40D00D4F-9093-83F0-3E72-8C393E57EF9D}
		{E5C680E5-EAD0-C41F-70EE-C0BF49CE7DC8} = {E5C680E5-EAD0-C41F-70EE-C0BF49CE7DC8}
	EndProjectSection
EndProject
Project("{8BC9CEB8-8B4A-11D0-8D11-00A0C91BC942}") = "libCEGUIFalagardWRBase", "libCEGUIFalagardWRBase.vcproj", "{26D1B31B-4612-0550-DF1C-6DFB885FD1AE}"
	ProjectSection(ProjectDependencies) = postProject
		{02BEE12B-45A8-B80B-8002-E3A7F0791B57} = {02BEE12B-45A8-B80B-8002-E3A7F0791B57}
	EndProjectSection
EndProject
Project("{8BC9CEB8-8B4A-11D0-8D11-00A0C91BC942}") = "libCEGUIFalagardWRBase_debug", "libCEGUIFalagardWRBase_debug.vcproj", "{C2468401-C454-F520-4EAA-731A0591EA8A}"
	ProjectSection(ProjectDependencies) = postProject
		{F234FBAB-A137-F72F-9584-AA50206D91C7} = {F234FBAB-A137-F72F-9584-AA50206D91C7}
	EndProjectSection
EndProject
Project("{8BC9CEB8-8B4A-11D0-8D11-00A0C91BC942}") = "libCEGUITinyXMLParser", "libCEGUITinyXMLParser.vcproj", "{AD310206-F273-C916-B9CE-AD77353FB495}"
	ProjectSection(ProjectDependencies) = postProject
		{02BEE12B-45A8-B80B-8002-E3A7F0791B57} = {02BEE12B-45A8-B80B-8002-E3A7F0791B57}
	EndProjectSection
EndProject
Project("{8BC9CEB8-8B4A-11D0-8D11-00A0C91BC942}") = "libCEGUITinyXMLParser_debug", "libCEGUITinyXMLParser_debug.vcproj", "{5E021136-A3BF-4C46-0F5A-00AEA143E048}"
	ProjectSection(ProjectDependencies) = postProject
		{F234FBAB-A137-F72F-9584-AA50206D91C7} = {F234FBAB-A137-F72F-9584-AA50206D91C7}
	EndProjectSection
EndProject
Project("{8BC9CEB8-8B4A-11D0-8D11-00A0C91BC942}") = "libfreetype2", "libfreetype2.vcproj", "{3FC0D9C5-1691-6CF4-1403-9CA726EAD5F4}"
	ProjectSection(ProjectDependencies) = postProject
		{8787BA6B-D5B6-9DD7-8556-AEEFEEF0DCF8} = {8787BA6B-D5B6-9DD7-8556-AEEFEEF0DCF8}
	EndProjectSection
EndProject
Project("{8BC9CEB8-8B4A-11D0-8D11-00A0C91BC942}") = "libfreetype2_static", "libfreetype2_static.vcproj", "{6A34C6DE-AF3A-82C2-1D86-C8B34A9C7115}"
EndProject
Project("{8BC9CEB8-8B4A-11D0-8D11-00A0C91BC942}") = "libjpeg", "libjpeg.vcproj", "{C1136BAF-ABFA-927E-FC1C-88B00774FEF5}"
EndProject
Project("{8BC9CEB8-8B4A-11D0-8D11-00A0C91BC942}") = "libjpeg_static", "libjpeg_static.vcproj", "{C6442786-99DB-B81B-C490-9F2C2FF9BBBE}"
EndProject
Project("{8BC9CEB8-8B4A-11D0-8D11-00A0C91BC942}") = "libmng", "libmng.vcproj", "{FE64FABB-86E3-27FC-6933-19A8849AD0AE}"
	ProjectSection(ProjectDependencies) = postProject
		{C1136BAF-ABFA-927E-FC1C-88B00774FEF5} = {C1136BAF-ABFA-927E-FC1C-88B00774FEF5}
		{8787BA6B-D5B6-9DD7-8556-AEEFEEF0DCF8} = {8787BA6B-D5B6-9DD7-8556-AEEFEEF0DCF8}
	EndProjectSection
EndProject
Project("{8BC9CEB8-8B4A-11D0-8D11-00A0C91BC942}") = "libmng_static", "libmng_static.vcproj", "{8F15C977-7338-8ADE-20A7-19F0916F53B4}"
EndProject
Project("{8BC9CEB8-8B4A-11D0-8D11-00A0C91BC942}") = "libode", "libode.vcproj", "{704E752A-45F8-4575-93A7-6E2DA28AA3A5}"
EndProject
Project("{8BC9CEB8-8B4A-11D0-8D11-00A0C91BC942}") = "libode_static", "libode_static.vcproj", "{016C60E3-E761-209C-D081-B66F38895C42}"
EndProject
Project("{8BC9CEB8-8B4A-11D0-8D11-00A0C91BC942}") = "libogg", "libogg.vcproj", "{43A34489-330D-132F-C5AC-13809CB6DE10}"
EndProject
Project("{8BC9CEB8-8B4A-11D0-8D11-00A0C91BC942}") = "libogg_static", "libogg_static.vcproj", "{544D9014-37E1-84C4-B16E-C0DB6EE857B1}"
EndProject
Project("{8BC9CEB8-8B4A-11D0-8D11-00A0C91BC942}") = "libpcre_static", "libpcre_static.vcproj", "{40D00D4F-9093-83F0-3E72-8C393E57EF9D}"
EndProject
Project("{8BC9CEB8-8B4A-11D0-8D11-00A0C91BC942}") = "libpng", "libpng.vcproj", "{378EBA0C-3BA5-1CB2-6A4B-13E100D0686B}"
	ProjectSection(ProjectDependencies) = postProject
		{8787BA6B-D5B6-9DD7-8556-AEEFEEF0DCF8} = {8787BA6B-D5B6-9DD7-8556-AEEFEEF0DCF8}
	EndProjectSection
EndProject
Project("{8BC9CEB8-8B4A-11D0-8D11-00A0C91BC942}") = "libpng_static", "libpng_static.vcproj", "{76826832-67F2-BB7E-1E3C-53704C5D0C45}"
EndProject
Project("{8BC9CEB8-8B4A-11D0-8D11-00A0C91BC942}") = "libsoft_oal", "libsoft_oal.vcproj", "{F990F307-E2DA-FC65-95D8-8EDC04B2C805}"
EndProject
Project("{8BC9CEB8-8B4A-11D0-8D11-00A0C91BC942}") = "libspeex", "libspeex.vcproj", "{E44C1BC0-04DE-C5F0-35D1-8BF3E0ABB46B}"
	ProjectSection(ProjectDependencies) = postProject
		{43A34489-330D-132F-C5AC-13809CB6DE10} = {43A34489-330D-132F-C5AC-13809CB6DE10}
	EndProjectSection
EndProject
Project("{8BC9CEB8-8B4A-11D0-8D11-00A0C91BC942}") = "libspeex_static", "libspeex_static.vcproj", "{5487B851-1210-B24E-E735-578CB6754819}"
EndProject
Project("{8BC9CEB8-8B4A-11D0-8D11-00A0C91BC942}") = "libvorbis", "libvorbis.vcproj", "{F536C454-2347-9980-B8AE-D7A72653A0D6}"
	ProjectSection(ProjectDependencies) = postProject
		{43A34489-330D-132F-C5AC-13809CB6DE10} = {43A34489-330D-132F-C5AC-13809CB6DE10}
	EndProjectSection
EndProject
Project("{8BC9CEB8-8B4A-11D0-8D11-00A0C91BC942}") = "libvorbis_static", "libvorbis_static.vcproj", "{3D7F519D-02E9-BF81-13F5-BAE46044C6ED}"
EndProject
Project("{8BC9CEB8-8B4A-11D0-8D11-00A0C91BC942}") = "libvorbisenc", "libvorbisenc.vcproj", "{8FA50D6F-9F9A-BDD6-A11B-F1FF5328051F}"
	ProjectSection(ProjectDependencies) = postProject
		{43A34489-330D-132F-C5AC-13809CB6DE10} = {43A34489-330D-132F-C5AC-13809CB6DE10}
		{F536C454-2347-9980-B8AE-D7A72653A0D6} = {F536C454-2347-9980-B8AE-D7A72653A0D6}
	EndProjectSection
EndProject
Project("{8BC9CEB8-8B4A-11D0-8D11-00A0C91BC942}") = "libvorbisenc_static", "libvorbisenc_static.vcproj", "{8305B412-74AF-3F73-920A-D75FAF6B10FA}"
EndProject
Project("{8BC9CEB8-8B4A-11D0-8D11-00A0C91BC942}") = "libvorbisfile", "libvorbisfile.vcproj", "{34A1A54E-1001-FAD4-207E-8244B1D8FB7D}"
	ProjectSection(ProjectDependencies) = postProject
		{43A34489-330D-132F-C5AC-13809CB6DE10} = {43A34489-330D-132F-C5AC-13809CB6DE10}
		{F536C454-2347-9980-B8AE-D7A72653A0D6} = {F536C454-2347-9980-B8AE-D7A72653A0D6}
	EndProjectSection
EndProject
Project("{8BC9CEB8-8B4A-11D0-8D11-00A0C91BC942}") = "libvorbisfile_static", "libvorbisfile_static.vcproj", "{701D489A-A4A1-B1FA-FCA7-06538485A37C}"
EndProject
Project("{8BC9CEB8-8B4A-11D0-8D11-00A0C91BC942}") = "libwxbase29u", "libwxbase29u.vcproj", "{54A93D09-6867-18BC-542A-E6EDB1CF5E06}"
	ProjectSection(ProjectDependencies) = postProject
		{E5C680E5-EAD0-C41F-70EE-C0BF49CE7DC8} = {E5C680E5-EAD0-C41F-70EE-C0BF49CE7DC8}
	EndProjectSection
EndProject
Project("{8BC9CEB8-8B4A-11D0-8D11-00A0C91BC942}") = "libwxbase29u_debug", "libwxbase29u_debug.vcproj", "{7915B9E6-39D3-B0B1-D818-1A78BF4A5D15}"
	ProjectSection(ProjectDependencies) = postProject
		{E5C680E5-EAD0-C41F-70EE-C0BF49CE7DC8} = {E5C680E5-EAD0-C41F-70EE-C0BF49CE7DC8}
	EndProjectSection
EndProject
Project("{8BC9CEB8-8B4A-11D0-8D11-00A0C91BC942}") = "libwxbase29u_net", "libwxbase29u_net.vcproj", "{B2413D21-5D6F-AF05-61C6-0A5DD9EECFA4}"
	ProjectSection(ProjectDependencies) = postProject
		{54A93D09-6867-18BC-542A-E6EDB1CF5E06} = {54A93D09-6867-18BC-542A-E6EDB1CF5E06}
	EndProjectSection
EndProject
Project("{8BC9CEB8-8B4A-11D0-8D11-00A0C91BC942}") = "libwxbase29u_net_debug", "libwxbase29u_net_debug.vcproj", "{1B510E43-445C-1CBB-7913-35CC13A2A949}"
	ProjectSection(ProjectDependencies) = postProject
		{7915B9E6-39D3-B0B1-D818-1A78BF4A5D15} = {7915B9E6-39D3-B0B1-D818-1A78BF4A5D15}
	EndProjectSection
EndProject
Project("{8BC9CEB8-8B4A-11D0-8D11-00A0C91BC942}") = "libwxbase29u_xml", "libwxbase29u_xml.vcproj", "{03B3BCB7-FD7B-EBA4-0E35-A8488B665617}"
	ProjectSection(ProjectDependencies) = postProject
		{54A93D09-6867-18BC-542A-E6EDB1CF5E06} = {54A93D09-6867-18BC-542A-E6EDB1CF5E06}
	EndProjectSection
EndProject
Project("{8BC9CEB8-8B4A-11D0-8D11-00A0C91BC942}") = "libwxbase29u_xml_debug", "libwxbase29u_xml_debug.vcproj", "{9BF3B28E-3D94-6EE2-5D87-35EAB161C63C}"
	ProjectSection(ProjectDependencies) = postProject
		{7915B9E6-39D3-B0B1-D818-1A78BF4A5D15} = {7915B9E6-39D3-B0B1-D818-1A78BF4A5D15}
	EndProjectSection
EndProject
Project("{8BC9CEB8-8B4A-11D0-8D11-00A0C91BC942}") = "libwxmsw29u_adv", "libwxmsw29u_adv.vcproj", "{E8135F9D-8103-B1F9-3E86-9EEF23B8C9F6}"
	ProjectSection(ProjectDependencies) = postProject
		{54A93D09-6867-18BC-542A-E6EDB1CF5E06} = {54A93D09-6867-18BC-542A-E6EDB1CF5E06}
		{4192E6A4-5502-B6FB-779A-B0390C0D6613} = {4192E6A4-5502-B6FB-779A-B0390C0D6613}
	EndProjectSection
EndProject
Project("{8BC9CEB8-8B4A-11D0-8D11-00A0C91BC942}") = "libwxmsw29u_adv_debug", "libwxmsw29u_adv_debug.vcproj", "{587BE360-FA5C-A73A-27C7-170B81C5AAE9}"
	ProjectSection(ProjectDependencies) = postProject
		{7915B9E6-39D3-B0B1-D818-1A78BF4A5D15} = {7915B9E6-39D3-B0B1-D818-1A78BF4A5D15}
		{E7B8C70F-9DB3-232D-82E8-525E1C36B73B} = {E7B8C70F-9DB3-232D-82E8-525E1C36B73B}
	EndProjectSection
EndProject
Project("{8BC9CEB8-8B4A-11D0-8D11-00A0C91BC942}") = "libwxmsw29u_aui", "libwxmsw29u_aui.vcproj", "{A9BB133D-2CEA-6ADA-B4BF-6633176A83E6}"
	ProjectSection(ProjectDependencies) = postProject
		{54A93D09-6867-18BC-542A-E6EDB1CF5E06} = {54A93D09-6867-18BC-542A-E6EDB1CF5E06}
		{4192E6A4-5502-B6FB-779A-B0390C0D6613} = {4192E6A4-5502-B6FB-779A-B0390C0D6613}
	EndProjectSection
EndProject
Project("{8BC9CEB8-8B4A-11D0-8D11-00A0C91BC942}") = "libwxmsw29u_aui_debug", "libwxmsw29u_aui_debug.vcproj", "{FE973244-8F47-5B75-BC81-E875736541FD}"
	ProjectSection(ProjectDependencies) = postProject
		{7915B9E6-39D3-B0B1-D818-1A78BF4A5D15} = {7915B9E6-39D3-B0B1-D818-1A78BF4A5D15}
		{E7B8C70F-9DB3-232D-82E8-525E1C36B73B} = {E7B8C70F-9DB3-232D-82E8-525E1C36B73B}
	EndProjectSection
EndProject
Project("{8BC9CEB8-8B4A-11D0-8D11-00A0C91BC942}") = "libwxmsw29u_core", "libwxmsw29u_core.vcproj", "{4192E6A4-5502-B6FB-779A-B0390C0D6613}"
	ProjectSection(ProjectDependencies) = postProject
		{C6442786-99DB-B81B-C490-9F2C2FF9BBBE} = {C6442786-99DB-B81B-C490-9F2C2FF9BBBE}
		{76826832-67F2-BB7E-1E3C-53704C5D0C45} = {76826832-67F2-BB7E-1E3C-53704C5D0C45}
		{54A93D09-6867-18BC-542A-E6EDB1CF5E06} = {54A93D09-6867-18BC-542A-E6EDB1CF5E06}
		{A241AEB7-7B03-D9AD-9169-F39BA93DD5A5} = {A241AEB7-7B03-D9AD-9169-F39BA93DD5A5}
		{E5C680E5-EAD0-C41F-70EE-C0BF49CE7DC8} = {E5C680E5-EAD0-C41F-70EE-C0BF49CE7DC8}
	EndProjectSection
EndProject
Project("{8BC9CEB8-8B4A-11D0-8D11-00A0C91BC942}") = "libwxmsw29u_core_debug", "libwxmsw29u_core_debug.vcproj", "{E7B8C70F-9DB3-232D-82E8-525E1C36B73B}"
	ProjectSection(ProjectDependencies) = postProject
		{C6442786-99DB-B81B-C490-9F2C2FF9BBBE} = {C6442786-99DB-B81B-C490-9F2C2FF9BBBE}
		{76826832-67F2-BB7E-1E3C-53704C5D0C45} = {76826832-67F2-BB7E-1E3C-53704C5D0C45}
		{7915B9E6-39D3-B0B1-D818-1A78BF4A5D15} = {7915B9E6-39D3-B0B1-D818-1A78BF4A5D15}
		{A241AEB7-7B03-D9AD-9169-F39BA93DD5A5} = {A241AEB7-7B03-D9AD-9169-F39BA93DD5A5}
		{E5C680E5-EAD0-C41F-70EE-C0BF49CE7DC8} = {E5C680E5-EAD0-C41F-70EE-C0BF49CE7DC8}
	EndProjectSection
EndProject
Project("{8BC9CEB8-8B4A-11D0-8D11-00A0C91BC942}") = "libwxmsw29u_gl", "libwxmsw29u_gl.vcproj", "{28A1939B-E0DB-72EE-3A1E-198BF3A5304F}"
	ProjectSection(ProjectDependencies) = postProject
		{54A93D09-6867-18BC-542A-E6EDB1CF5E06} = {54A93D09-6867-18BC-542A-E6EDB1CF5E06}
		{4192E6A4-5502-B6FB-779A-B0390C0D6613} = {4192E6A4-5502-B6FB-779A-B0390C0D6613}
	EndProjectSection
EndProject
Project("{8BC9CEB8-8B4A-11D0-8D11-00A0C91BC942}") = "libwxmsw29u_gl_debug", "libwxmsw29u_gl_debug.vcproj", "{801D7458-1BD3-EB36-B1C0-611799FB00AB}"
	ProjectSection(ProjectDependencies) = postProject
		{7915B9E6-39D3-B0B1-D818-1A78BF4A5D15} = {7915B9E6-39D3-B0B1-D818-1A78BF4A5D15}
		{E7B8C70F-9DB3-232D-82E8-525E1C36B73B} = {E7B8C70F-9DB3-232D-82E8-525E1C36B73B}
	EndProjectSection
EndProject
Project("{8BC9CEB8-8B4A-11D0-8D11-00A0C91BC942}") = "libwxmsw29u_html", "libwxmsw29u_html.vcproj", "{B0569B94-BE98-1EB9-77B4-61ADBCDEB281}"
	ProjectSection(ProjectDependencies) = postProject
		{54A93D09-6867-18BC-542A-E6EDB1CF5E06} = {54A93D09-6867-18BC-542A-E6EDB1CF5E06}
		{4192E6A4-5502-B6FB-779A-B0390C0D6613} = {4192E6A4-5502-B6FB-779A-B0390C0D6613}
	EndProjectSection
EndProject
Project("{8BC9CEB8-8B4A-11D0-8D11-00A0C91BC942}") = "libwxmsw29u_html_debug", "libwxmsw29u_html_debug.vcproj", "{2A0CC5E2-095C-595B-AA53-A6DC90FC81BC}"
	ProjectSection(ProjectDependencies) = postProject
		{7915B9E6-39D3-B0B1-D818-1A78BF4A5D15} = {7915B9E6-39D3-B0B1-D818-1A78BF4A5D15}
		{E7B8C70F-9DB3-232D-82E8-525E1C36B73B} = {E7B8C70F-9DB3-232D-82E8-525E1C36B73B}
	EndProjectSection
EndProject
Project("{8BC9CEB8-8B4A-11D0-8D11-00A0C91BC942}") = "libwxmsw29u_media", "libwxmsw29u_media.vcproj", "{051161E5-E7F0-E88C-3932-83DADE87293A}"
	ProjectSection(ProjectDependencies) = postProject
		{54A93D09-6867-18BC-542A-E6EDB1CF5E06} = {54A93D09-6867-18BC-542A-E6EDB1CF5E06}
		{4192E6A4-5502-B6FB-779A-B0390C0D6613} = {4192E6A4-5502-B6FB-779A-B0390C0D6613}
	EndProjectSection
EndProject
Project("{8BC9CEB8-8B4A-11D0-8D11-00A0C91BC942}") = "libwxmsw29u_media_debug", "libwxmsw29u_media_debug.vcproj", "{D30094A4-8539-5F34-6460-083D48825362}"
	ProjectSection(ProjectDependencies) = postProject
		{7915B9E6-39D3-B0B1-D818-1A78BF4A5D15} = {7915B9E6-39D3-B0B1-D818-1A78BF4A5D15}
		{E7B8C70F-9DB3-232D-82E8-525E1C36B73B} = {E7B8C70F-9DB3-232D-82E8-525E1C36B73B}
	EndProjectSection
EndProject
Project("{8BC9CEB8-8B4A-11D0-8D11-00A0C91BC942}") = "libwxmsw29u_propgrid", "libwxmsw29u_propgrid.vcproj", "{AA05C557-549E-3C3F-8341-E8D30E42773B}"
	ProjectSection(ProjectDependencies) = postProject
		{54A93D09-6867-18BC-542A-E6EDB1CF5E06} = {54A93D09-6867-18BC-542A-E6EDB1CF5E06}
		{E8135F9D-8103-B1F9-3E86-9EEF23B8C9F6} = {E8135F9D-8103-B1F9-3E86-9EEF23B8C9F6}
		{4192E6A4-5502-B6FB-779A-B0390C0D6613} = {4192E6A4-5502-B6FB-779A-B0390C0D6613}
	EndProjectSection
EndProject
Project("{8BC9CEB8-8B4A-11D0-8D11-00A0C91BC942}") = "libwxmsw29u_propgrid_debug", "libwxmsw29u_propgrid_debug.vcproj", "{3A5AF676-B9BD-E082-98C1-D1FE8FCD0BA2}"
	ProjectSection(ProjectDependencies) = postProject
		{7915B9E6-39D3-B0B1-D818-1A78BF4A5D15} = {7915B9E6-39D3-B0B1-D818-1A78BF4A5D15}
		{587BE360-FA5C-A73A-27C7-170B81C5AAE9} = {587BE360-FA5C-A73A-27C7-170B81C5AAE9}
		{E7B8C70F-9DB3-232D-82E8-525E1C36B73B} = {E7B8C70F-9DB3-232D-82E8-525E1C36B73B}
	EndProjectSection
EndProject
Project("{8BC9CEB8-8B4A-11D0-8D11-00A0C91BC942}") = "libwxmsw29u_ribbon", "libwxmsw29u_ribbon.vcproj", "{C1E07237-6769-AE67-BE07-14CBA057A929}"
	ProjectSection(ProjectDependencies) = postProject
		{54A93D09-6867-18BC-542A-E6EDB1CF5E06} = {54A93D09-6867-18BC-542A-E6EDB1CF5E06}
		{4192E6A4-5502-B6FB-779A-B0390C0D6613} = {4192E6A4-5502-B6FB-779A-B0390C0D6613}
	EndProjectSection
EndProject
Project("{8BC9CEB8-8B4A-11D0-8D11-00A0C91BC942}") = "libwxmsw29u_ribbon_debug", "libwxmsw29u_ribbon_debug.vcproj", "{CAE4B6BE-AA25-8C21-334B-D6B10B4320CD}"
	ProjectSection(ProjectDependencies) = postProject
		{7915B9E6-39D3-B0B1-D818-1A78BF4A5D15} = {7915B9E6-39D3-B0B1-D818-1A78BF4A5D15}
		{E7B8C70F-9DB3-232D-82E8-525E1C36B73B} = {E7B8C70F-9DB3-232D-82E8-525E1C36B73B}
	EndProjectSection
EndProject
Project("{8BC9CEB8-8B4A-11D0-8D11-00A0C91BC942}") = "libwxmsw29u_richtext", "libwxmsw29u_richtext.vcproj", "{F8F3BCEB-686C-9180-ACD1-D3C0FDC6DC2E}"
	ProjectSection(ProjectDependencies) = postProject
		{54A93D09-6867-18BC-542A-E6EDB1CF5E06} = {54A93D09-6867-18BC-542A-E6EDB1CF5E06}
		{03B3BCB7-FD7B-EBA4-0E35-A8488B665617} = {03B3BCB7-FD7B-EBA4-0E35-A8488B665617}
		{E8135F9D-8103-B1F9-3E86-9EEF23B8C9F6} = {E8135F9D-8103-B1F9-3E86-9EEF23B8C9F6}
		{4192E6A4-5502-B6FB-779A-B0390C0D6613} = {4192E6A4-5502-B6FB-779A-B0390C0D6613}
		{B0569B94-BE98-1EB9-77B4-61ADBCDEB281} = {B0569B94-BE98-1EB9-77B4-61ADBCDEB281}
	EndProjectSection
EndProject
Project("{8BC9CEB8-8B4A-11D0-8D11-00A0C91BC942}") = "libwxmsw29u_richtext_debug", "libwxmsw29u_richtext_debug.vcproj", "{B2922365-A308-9485-C6E2-271F01CB95FF}"
	ProjectSection(ProjectDependencies) = postProject
		{7915B9E6-39D3-B0B1-D818-1A78BF4A5D15} = {7915B9E6-39D3-B0B1-D818-1A78BF4A5D15}
		{9BF3B28E-3D94-6EE2-5D87-35EAB161C63C} = {9BF3B28E-3D94-6EE2-5D87-35EAB161C63C}
		{587BE360-FA5C-A73A-27C7-170B81C5AAE9} = {587BE360-FA5C-A73A-27C7-170B81C5AAE9}
		{E7B8C70F-9DB3-232D-82E8-525E1C36B73B} = {E7B8C70F-9DB3-232D-82E8-525E1C36B73B}
		{2A0CC5E2-095C-595B-AA53-A6DC90FC81BC} = {2A0CC5E2-095C-595B-AA53-A6DC90FC81BC}
	EndProjectSection
EndProject
Project("{8BC9CEB8-8B4A-11D0-8D11-00A0C91BC942}") = "libwxmsw29u_stc", "libwxmsw29u_stc.vcproj", "{D8796529-615F-D571-EA8D-7A4DD2BEAFC7}"
	ProjectSection(ProjectDependencies) = postProject
		{54A93D09-6867-18BC-542A-E6EDB1CF5E06} = {54A93D09-6867-18BC-542A-E6EDB1CF5E06}
		{4192E6A4-5502-B6FB-779A-B0390C0D6613} = {4192E6A4-5502-B6FB-779A-B0390C0D6613}
	EndProjectSection
EndProject
Project("{8BC9CEB8-8B4A-11D0-8D11-00A0C91BC942}") = "libwxmsw29u_stc_debug", "libwxmsw29u_stc_debug.vcproj", "{597962B6-A467-EE29-17B5-027D3C0148FE}"
	ProjectSection(ProjectDependencies) = postProject
		{7915B9E6-39D3-B0B1-D818-1A78BF4A5D15} = {7915B9E6-39D3-B0B1-D818-1A78BF4A5D15}
		{E7B8C70F-9DB3-232D-82E8-525E1C36B73B} = {E7B8C70F-9DB3-232D-82E8-525E1C36B73B}
	EndProjectSection
EndProject
Project("{8BC9CEB8-8B4A-11D0-8D11-00A0C91BC942}") = "libwxmsw29u_webview", "libwxmsw29u_webview.vcproj", "{7AAC56DF-BDBE-DF60-BE0C-0142B2C62F3B}"
	ProjectSection(ProjectDependencies) = postProject
		{54A93D09-6867-18BC-542A-E6EDB1CF5E06} = {54A93D09-6867-18BC-542A-E6EDB1CF5E06}
		{4192E6A4-5502-B6FB-779A-B0390C0D6613} = {4192E6A4-5502-B6FB-779A-B0390C0D6613}
	EndProjectSection
EndProject
Project("{8BC9CEB8-8B4A-11D0-8D11-00A0C91BC942}") = "libwxmsw29u_webview_debug", "libwxmsw29u_webview_debug.vcproj", "{014DF83F-795C-9BC1-2F12-1BE2820E1AE3}"
	ProjectSection(ProjectDependencies) = postProject
		{7915B9E6-39D3-B0B1-D818-1A78BF4A5D15} = {7915B9E6-39D3-B0B1-D818-1A78BF4A5D15}
		{E7B8C70F-9DB3-232D-82E8-525E1C36B73B} = {E7B8C70F-9DB3-232D-82E8-525E1C36B73B}
	EndProjectSection
EndProject
Project("{8BC9CEB8-8B4A-11D0-8D11-00A0C91BC942}") = "libwxmsw29u_xrc", "libwxmsw29u_xrc.vcproj", "{148E9AB3-93FF-4D03-68AC-658A7DF2AEFE}"
	ProjectSection(ProjectDependencies) = postProject
		{54A93D09-6867-18BC-542A-E6EDB1CF5E06} = {54A93D09-6867-18BC-542A-E6EDB1CF5E06}
		{03B3BCB7-FD7B-EBA4-0E35-A8488B665617} = {03B3BCB7-FD7B-EBA4-0E35-A8488B665617}
		{E8135F9D-8103-B1F9-3E86-9EEF23B8C9F6} = {E8135F9D-8103-B1F9-3E86-9EEF23B8C9F6}
		{4192E6A4-5502-B6FB-779A-B0390C0D6613} = {4192E6A4-5502-B6FB-779A-B0390C0D6613}
		{B0569B94-BE98-1EB9-77B4-61ADBCDEB281} = {B0569B94-BE98-1EB9-77B4-61ADBCDEB281}
	EndProjectSection
EndProject
Project("{8BC9CEB8-8B4A-11D0-8D11-00A0C91BC942}") = "libwxmsw29u_xrc_debug", "libwxmsw29u_xrc_debug.vcproj", "{B4B61B18-44B6-13EA-8A67-7D30D1EDAF68}"
	ProjectSection(ProjectDependencies) = postProject
		{7915B9E6-39D3-B0B1-D818-1A78BF4A5D15} = {7915B9E6-39D3-B0B1-D818-1A78BF4A5D15}
		{9BF3B28E-3D94-6EE2-5D87-35EAB161C63C} = {9BF3B28E-3D94-6EE2-5D87-35EAB161C63C}
		{587BE360-FA5C-A73A-27C7-170B81C5AAE9} = {587BE360-FA5C-A73A-27C7-170B81C5AAE9}
		{E7B8C70F-9DB3-232D-82E8-525E1C36B73B} = {E7B8C70F-9DB3-232D-82E8-525E1C36B73B}
		{2A0CC5E2-095C-595B-AA53-A6DC90FC81BC} = {2A0CC5E2-095C-595B-AA53-A6DC90FC81BC}
	EndProjectSection
EndProject
Project("{8BC9CEB8-8B4A-11D0-8D11-00A0C91BC942}") = "libwxtiff_static", "libwxtiff_static.vcproj", "{A241AEB7-7B03-D9AD-9169-F39BA93DD5A5}"
EndProject
Project("{8BC9CEB8-8B4A-11D0-8D11-00A0C91BC942}") = "libz", "libz.vcproj", "{8787BA6B-D5B6-9DD7-8556-AEEFEEF0DCF8}"
EndProject
Project("{8BC9CEB8-8B4A-11D0-8D11-00A0C91BC942}") = "libz_static", "libz_static.vcproj", "{E5C680E5-EAD0-C41F-70EE-C0BF49CE7DC8}"
EndProject
Global
	GlobalSection(SolutionConfigurationPlatforms) = preSolution
		Release|Win32 = Release|Win32
		Release|x64 = Release|x64
	EndGlobalSection
	GlobalSection(ProjectConfigurationPlatforms) = postSolution
		{5EF19EA5-1AC8-A311-489F-FBE2F918C222}.Release|Win32.ActiveCfg = Release|Win32
		{5EF19EA5-1AC8-A311-489F-FBE2F918C222}.Release|Win32.Build.0 = Release|Win32
		{5EF19EA5-1AC8-A311-489F-FBE2F918C222}.Release|x64.ActiveCfg = Release|x64
		{5EF19EA5-1AC8-A311-489F-FBE2F918C222}.Release|x64.Build.0 = Release|x64
		{89347686-E846-7F71-E4CD-0AF786056792}.Release|Win32.ActiveCfg = Release|Win32
		{89347686-E846-7F71-E4CD-0AF786056792}.Release|Win32.Build.0 = Release|Win32
		{89347686-E846-7F71-E4CD-0AF786056792}.Release|x64.ActiveCfg = Release|x64
		{89347686-E846-7F71-E4CD-0AF786056792}.Release|x64.Build.0 = Release|x64
		{51501C8C-E9FE-BE64-7CA1-27CCD3F9C629}.Release|Win32.ActiveCfg = Release|Win32
		{51501C8C-E9FE-BE64-7CA1-27CCD3F9C629}.Release|Win32.Build.0 = Release|Win32
		{51501C8C-E9FE-BE64-7CA1-27CCD3F9C629}.Release|x64.ActiveCfg = Release|x64
		{51501C8C-E9FE-BE64-7CA1-27CCD3F9C629}.Release|x64.Build.0 = Release|x64
		{10BF9AB5-12FB-8A18-165B-88A1649D8337}.Release|Win32.ActiveCfg = Release|Win32
		{10BF9AB5-12FB-8A18-165B-88A1649D8337}.Release|Win32.Build.0 = Release|Win32
		{10BF9AB5-12FB-8A18-165B-88A1649D8337}.Release|x64.ActiveCfg = Release|x64
		{10BF9AB5-12FB-8A18-165B-88A1649D8337}.Release|x64.Build.0 = Release|x64
		{2311162C-3803-B162-3FAE-72C39EA3CF5A}.Release|Win32.ActiveCfg = Release|Win32
		{2311162C-3803-B162-3FAE-72C39EA3CF5A}.Release|Win32.Build.0 = Release|Win32
		{2311162C-3803-B162-3FAE-72C39EA3CF5A}.Release|x64.ActiveCfg = Release|x64
		{2311162C-3803-B162-3FAE-72C39EA3CF5A}.Release|x64.Build.0 = Release|x64
		{C1949C7D-C6E9-52B0-DDCD-DF77C4DF83A5}.Release|Win32.ActiveCfg = Release|Win32
		{C1949C7D-C6E9-52B0-DDCD-DF77C4DF83A5}.Release|Win32.Build.0 = Release|Win32
		{C1949C7D-C6E9-52B0-DDCD-DF77C4DF83A5}.Release|x64.ActiveCfg = Release|x64
		{C1949C7D-C6E9-52B0-DDCD-DF77C4DF83A5}.Release|x64.Build.0 = Release|x64
		{B74778B3-864F-662C-1D62-0A74766F648B}.Release|Win32.ActiveCfg = Release|Win32
		{B74778B3-864F-662C-1D62-0A74766F648B}.Release|Win32.Build.0 = Release|Win32
		{B74778B3-864F-662C-1D62-0A74766F648B}.Release|x64.ActiveCfg = Release|x64
		{B74778B3-864F-662C-1D62-0A74766F648B}.Release|x64.Build.0 = Release|x64
		{201BDB9E-5620-AE53-8168-7BAF4FD89982}.Release|Win32.ActiveCfg = Release|Win32
		{201BDB9E-5620-AE53-8168-7BAF4FD89982}.Release|Win32.Build.0 = Release|Win32
		{201BDB9E-5620-AE53-8168-7BAF4FD89982}.Release|x64.ActiveCfg = Release|x64
		{201BDB9E-5620-AE53-8168-7BAF4FD89982}.Release|x64.Build.0 = Release|x64
		{D85F73FD-86D2-D723-73BD-BEF4D2A525C3}.Release|Win32.ActiveCfg = Release|Win32
		{D85F73FD-86D2-D723-73BD-BEF4D2A525C3}.Release|Win32.Build.0 = Release|Win32
		{D85F73FD-86D2-D723-73BD-BEF4D2A525C3}.Release|x64.ActiveCfg = Release|x64
		{D85F73FD-86D2-D723-73BD-BEF4D2A525C3}.Release|x64.Build.0 = Release|x64
		{1818A64C-6956-9F24-0421-C1112B48194A}.Release|Win32.ActiveCfg = Release|Win32
		{1818A64C-6956-9F24-0421-C1112B48194A}.Release|Win32.Build.0 = Release|Win32
		{1818A64C-6956-9F24-0421-C1112B48194A}.Release|x64.ActiveCfg = Release|x64
		{1818A64C-6956-9F24-0421-C1112B48194A}.Release|x64.Build.0 = Release|x64
		{DF3EF0AC-35D3-8658-34AD-77681B9B419E}.Release|Win32.ActiveCfg = Release|Win32
		{DF3EF0AC-35D3-8658-34AD-77681B9B419E}.Release|Win32.Build.0 = Release|Win32
		{DF3EF0AC-35D3-8658-34AD-77681B9B419E}.Release|x64.ActiveCfg = Release|x64
		{DF3EF0AC-35D3-8658-34AD-77681B9B419E}.Release|x64.Build.0 = Release|x64
		{BF557EAC-6D1E-E0D3-9E9E-4691C9535035}.Release|Win32.ActiveCfg = Release|Win32
		{BF557EAC-6D1E-E0D3-9E9E-4691C9535035}.Release|Win32.Build.0 = Release|Win32
		{BF557EAC-6D1E-E0D3-9E9E-4691C9535035}.Release|x64.ActiveCfg = Release|x64
		{BF557EAC-6D1E-E0D3-9E9E-4691C9535035}.Release|x64.Build.0 = Release|x64
		{E5ED5E12-B361-1889-BA05-32A912A0C5E7}.Release|Win32.ActiveCfg = Release|Win32
		{E5ED5E12-B361-1889-BA05-32A912A0C5E7}.Release|Win32.Build.0 = Release|Win32
		{E5ED5E12-B361-1889-BA05-32A912A0C5E7}.Release|x64.ActiveCfg = Release|x64
		{E5ED5E12-B361-1889-BA05-32A912A0C5E7}.Release|x64.Build.0 = Release|x64
		{D02EFCC6-2118-C32F-05BB-DCB1CE151381}.Release|Win32.ActiveCfg = Release|Win32
		{D02EFCC6-2118-C32F-05BB-DCB1CE151381}.Release|Win32.Build.0 = Release|Win32
		{D02EFCC6-2118-C32F-05BB-DCB1CE151381}.Release|x64.ActiveCfg = Release|x64
		{D02EFCC6-2118-C32F-05BB-DCB1CE151381}.Release|x64.Build.0 = Release|x64
		{3D43D29C-2F37-66ED-E2CE-0B9A4E303E17}.Release|Win32.ActiveCfg = Release|Win32
		{3D43D29C-2F37-66ED-E2CE-0B9A4E303E17}.Release|Win32.Build.0 = Release|Win32
		{3D43D29C-2F37-66ED-E2CE-0B9A4E303E17}.Release|x64.ActiveCfg = Release|x64
		{3D43D29C-2F37-66ED-E2CE-0B9A4E303E17}.Release|x64.Build.0 = Release|x64
		{BD135177-210A-F529-7F75-0E50BF489021}.Release|Win32.ActiveCfg = Release|Win32
		{BD135177-210A-F529-7F75-0E50BF489021}.Release|Win32.Build.0 = Release|Win32
		{BD135177-210A-F529-7F75-0E50BF489021}.Release|x64.ActiveCfg = Release|x64
		{BD135177-210A-F529-7F75-0E50BF489021}.Release|x64.Build.0 = Release|x64
		{095BEBF0-89F5-579F-A580-A866881822E9}.Release|Win32.ActiveCfg = Release|Win32
		{095BEBF0-89F5-579F-A580-A866881822E9}.Release|Win32.Build.0 = Release|Win32
		{095BEBF0-89F5-579F-A580-A866881822E9}.Release|x64.ActiveCfg = Release|x64
		{095BEBF0-89F5-579F-A580-A866881822E9}.Release|x64.Build.0 = Release|x64
		{014A7362-EE31-DDD9-308E-851D83ADAC22}.Release|Win32.ActiveCfg = Release|Win32
		{014A7362-EE31-DDD9-308E-851D83ADAC22}.Release|Win32.Build.0 = Release|Win32
		{014A7362-EE31-DDD9-308E-851D83ADAC22}.Release|x64.ActiveCfg = Release|x64
		{014A7362-EE31-DDD9-308E-851D83ADAC22}.Release|x64.Build.0 = Release|x64
		{02BEE12B-45A8-B80B-8002-E3A7F0791B57}.Release|Win32.ActiveCfg = Release|Win32
		{02BEE12B-45A8-B80B-8002-E3A7F0791B57}.Release|Win32.Build.0 = Release|Win32
		{02BEE12B-45A8-B80B-8002-E3A7F0791B57}.Release|x64.ActiveCfg = Release|x64
		{02BEE12B-45A8-B80B-8002-E3A7F0791B57}.Release|x64.Build.0 = Release|x64
		{F234FBAB-A137-F72F-9584-AA50206D91C7}.Release|Win32.ActiveCfg = Release|Win32
		{F234FBAB-A137-F72F-9584-AA50206D91C7}.Release|Win32.Build.0 = Release|Win32
		{F234FBAB-A137-F72F-9584-AA50206D91C7}.Release|x64.ActiveCfg = Release|x64
		{F234FBAB-A137-F72F-9584-AA50206D91C7}.Release|x64.Build.0 = Release|x64
		{D5D7183D-3451-DA11-3D96-B4637027965A}.Release|Win32.ActiveCfg = Release|Win32
		{D5D7183D-3451-DA11-3D96-B4637027965A}.Release|Win32.Build.0 = Release|Win32
		{D5D7183D-3451-DA11-3D96-B4637027965A}.Release|x64.ActiveCfg = Release|x64
		{D5D7183D-3451-DA11-3D96-B4637027965A}.Release|x64.Build.0 = Release|x64
		{7DF51881-03C0-4B4E-55AE-57886FCBD170}.Release|Win32.ActiveCfg = Release|Win32
		{7DF51881-03C0-4B4E-55AE-57886FCBD170}.Release|Win32.Build.0 = Release|Win32
		{7DF51881-03C0-4B4E-55AE-57886FCBD170}.Release|x64.ActiveCfg = Release|x64
		{7DF51881-03C0-4B4E-55AE-57886FCBD170}.Release|x64.Build.0 = Release|x64
		{26D1B31B-4612-0550-DF1C-6DFB885FD1AE}.Release|Win32.ActiveCfg = Release|Win32
		{26D1B31B-4612-0550-DF1C-6DFB885FD1AE}.Release|Win32.Build.0 = Release|Win32
		{26D1B31B-4612-0550-DF1C-6DFB885FD1AE}.Release|x64.ActiveCfg = Release|x64
		{26D1B31B-4612-0550-DF1C-6DFB885FD1AE}.Release|x64.Build.0 = Release|x64
		{C2468401-C454-F520-4EAA-731A0591EA8A}.Release|Win32.ActiveCfg = Release|Win32
		{C2468401-C454-F520-4EAA-731A0591EA8A}.Release|Win32.Build.0 = Release|Win32
		{C2468401-C454-F520-4EAA-731A0591EA8A}.Release|x64.ActiveCfg = Release|x64
		{C2468401-C454-F520-4EAA-731A0591EA8A}.Release|x64.Build.0 = Release|x64
		{AD310206-F273-C916-B9CE-AD77353FB495}.Release|Win32.ActiveCfg = Release|Win32
		{AD310206-F273-C916-B9CE-AD77353FB495}.Release|Win32.Build.0 = Release|Win32
		{AD310206-F273-C916-B9CE-AD77353FB495}.Release|x64.ActiveCfg = Release|x64
		{AD310206-F273-C916-B9CE-AD77353FB495}.Release|x64.Build.0 = Release|x64
		{5E021136-A3BF-4C46-0F5A-00AEA143E048}.Release|Win32.ActiveCfg = Release|Win32
		{5E021136-A3BF-4C46-0F5A-00AEA143E048}.Release|Win32.Build.0 = Release|Win32
		{5E021136-A3BF-4C46-0F5A-00AEA143E048}.Release|x64.ActiveCfg = Release|x64
		{5E021136-A3BF-4C46-0F5A-00AEA143E048}.Release|x64.Build.0 = Release|x64
		{3FC0D9C5-1691-6CF4-1403-9CA726EAD5F4}.Release|Win32.ActiveCfg = Release|Win32
		{3FC0D9C5-1691-6CF4-1403-9CA726EAD5F4}.Release|Win32.Build.0 = Release|Win32
		{3FC0D9C5-1691-6CF4-1403-9CA726EAD5F4}.Release|x64.ActiveCfg = Release|x64
		{3FC0D9C5-1691-6CF4-1403-9CA726EAD5F4}.Release|x64.Build.0 = Release|x64
		{6A34C6DE-AF3A-82C2-1D86-C8B34A9C7115}.Release|Win32.ActiveCfg = Release|Win32
		{6A34C6DE-AF3A-82C2-1D86-C8B34A9C7115}.Release|Win32.Build.0 = Release|Win32
		{6A34C6DE-AF3A-82C2-1D86-C8B34A9C7115}.Release|x64.ActiveCfg = Release|x64
		{6A34C6DE-AF3A-82C2-1D86-C8B34A9C7115}.Release|x64.Build.0 = Release|x64
		{C1136BAF-ABFA-927E-FC1C-88B00774FEF5}.Release|Win32.ActiveCfg = Release|Win32
		{C1136BAF-ABFA-927E-FC1C-88B00774FEF5}.Release|Win32.Build.0 = Release|Win32
		{C1136BAF-ABFA-927E-FC1C-88B00774FEF5}.Release|x64.ActiveCfg = Release|x64
		{C1136BAF-ABFA-927E-FC1C-88B00774FEF5}.Release|x64.Build.0 = Release|x64
		{C6442786-99DB-B81B-C490-9F2C2FF9BBBE}.Release|Win32.ActiveCfg = Release|Win32
		{C6442786-99DB-B81B-C490-9F2C2FF9BBBE}.Release|Win32.Build.0 = Release|Win32
		{C6442786-99DB-B81B-C490-9F2C2FF9BBBE}.Release|x64.ActiveCfg = Release|x64
		{C6442786-99DB-B81B-C490-9F2C2FF9BBBE}.Release|x64.Build.0 = Release|x64
		{FE64FABB-86E3-27FC-6933-19A8849AD0AE}.Release|Win32.ActiveCfg = Release|Win32
		{FE64FABB-86E3-27FC-6933-19A8849AD0AE}.Release|Win32.Build.0 = Release|Win32
		{FE64FABB-86E3-27FC-6933-19A8849AD0AE}.Release|x64.ActiveCfg = Release|x64
		{FE64FABB-86E3-27FC-6933-19A8849AD0AE}.Release|x64.Build.0 = Release|x64
		{8F15C977-7338-8ADE-20A7-19F0916F53B4}.Release|Win32.ActiveCfg = Release|Win32
		{8F15C977-7338-8ADE-20A7-19F0916F53B4}.Release|Win32.Build.0 = Release|Win32
		{8F15C977-7338-8ADE-20A7-19F0916F53B4}.Release|x64.ActiveCfg = Release|x64
		{8F15C977-7338-8ADE-20A7-19F0916F53B4}.Release|x64.Build.0 = Release|x64
		{704E752A-45F8-4575-93A7-6E2DA28AA3A5}.Release|Win32.ActiveCfg = Release|Win32
		{704E752A-45F8-4575-93A7-6E2DA28AA3A5}.Release|Win32.Build.0 = Release|Win32
		{704E752A-45F8-4575-93A7-6E2DA28AA3A5}.Release|x64.ActiveCfg = Release|x64
		{704E752A-45F8-4575-93A7-6E2DA28AA3A5}.Release|x64.Build.0 = Release|x64
		{016C60E3-E761-209C-D081-B66F38895C42}.Release|Win32.ActiveCfg = Release|Win32
		{016C60E3-E761-209C-D081-B66F38895C42}.Release|Win32.Build.0 = Release|Win32
		{016C60E3-E761-209C-D081-B66F38895C42}.Release|x64.ActiveCfg = Release|x64
		{016C60E3-E761-209C-D081-B66F38895C42}.Release|x64.Build.0 = Release|x64
		{43A34489-330D-132F-C5AC-13809CB6DE10}.Release|Win32.ActiveCfg = Release|Win32
		{43A34489-330D-132F-C5AC-13809CB6DE10}.Release|Win32.Build.0 = Release|Win32
		{43A34489-330D-132F-C5AC-13809CB6DE10}.Release|x64.ActiveCfg = Release|x64
		{43A34489-330D-132F-C5AC-13809CB6DE10}.Release|x64.Build.0 = Release|x64
		{544D9014-37E1-84C4-B16E-C0DB6EE857B1}.Release|Win32.ActiveCfg = Release|Win32
		{544D9014-37E1-84C4-B16E-C0DB6EE857B1}.Release|Win32.Build.0 = Release|Win32
		{544D9014-37E1-84C4-B16E-C0DB6EE857B1}.Release|x64.ActiveCfg = Release|x64
		{544D9014-37E1-84C4-B16E-C0DB6EE857B1}.Release|x64.Build.0 = Release|x64
		{40D00D4F-9093-83F0-3E72-8C393E57EF9D}.Release|Win32.ActiveCfg = Release|Win32
		{40D00D4F-9093-83F0-3E72-8C393E57EF9D}.Release|Win32.Build.0 = Release|Win32
		{40D00D4F-9093-83F0-3E72-8C393E57EF9D}.Release|x64.ActiveCfg = Release|x64
		{40D00D4F-9093-83F0-3E72-8C393E57EF9D}.Release|x64.Build.0 = Release|x64
		{378EBA0C-3BA5-1CB2-6A4B-13E100D0686B}.Release|Win32.ActiveCfg = Release|Win32
		{378EBA0C-3BA5-1CB2-6A4B-13E100D0686B}.Release|Win32.Build.0 = Release|Win32
		{378EBA0C-3BA5-1CB2-6A4B-13E100D0686B}.Release|x64.ActiveCfg = Release|x64
		{378EBA0C-3BA5-1CB2-6A4B-13E100D0686B}.Release|x64.Build.0 = Release|x64
		{76826832-67F2-BB7E-1E3C-53704C5D0C45}.Release|Win32.ActiveCfg = Release|Win32
		{76826832-67F2-BB7E-1E3C-53704C5D0C45}.Release|Win32.Build.0 = Release|Win32
		{76826832-67F2-BB7E-1E3C-53704C5D0C45}.Release|x64.ActiveCfg = Release|x64
		{76826832-67F2-BB7E-1E3C-53704C5D0C45}.Release|x64.Build.0 = Release|x64
		{F990F307-E2DA-FC65-95D8-8EDC04B2C805}.Release|Win32.ActiveCfg = Release|Win32
		{F990F307-E2DA-FC65-95D8-8EDC04B2C805}.Release|Win32.Build.0 = Release|Win32
		{F990F307-E2DA-FC65-95D8-8EDC04B2C805}.Release|x64.ActiveCfg = Release|x64
		{F990F307-E2DA-FC65-95D8-8EDC04B2C805}.Release|x64.Build.0 = Release|x64
		{E44C1BC0-04DE-C5F0-35D1-8BF3E0ABB46B}.Release|Win32.ActiveCfg = Release|Win32
		{E44C1BC0-04DE-C5F0-35D1-8BF3E0ABB46B}.Release|Win32.Build.0 = Release|Win32
		{E44C1BC0-04DE-C5F0-35D1-8BF3E0ABB46B}.Release|x64.ActiveCfg = Release|x64
		{E44C1BC0-04DE-C5F0-35D1-8BF3E0ABB46B}.Release|x64.Build.0 = Release|x64
		{5487B851-1210-B24E-E735-578CB6754819}.Release|Win32.ActiveCfg = Release|Win32
		{5487B851-1210-B24E-E735-578CB6754819}.Release|Win32.Build.0 = Release|Win32
		{5487B851-1210-B24E-E735-578CB6754819}.Release|x64.ActiveCfg = Release|x64
		{5487B851-1210-B24E-E735-578CB6754819}.Release|x64.Build.0 = Release|x64
		{F536C454-2347-9980-B8AE-D7A72653A0D6}.Release|Win32.ActiveCfg = Release|Win32
		{F536C454-2347-9980-B8AE-D7A72653A0D6}.Release|Win32.Build.0 = Release|Win32
		{F536C454-2347-9980-B8AE-D7A72653A0D6}.Release|x64.ActiveCfg = Release|x64
		{F536C454-2347-9980-B8AE-D7A72653A0D6}.Release|x64.Build.0 = Release|x64
		{3D7F519D-02E9-BF81-13F5-BAE46044C6ED}.Release|Win32.ActiveCfg = Release|Win32
		{3D7F519D-02E9-BF81-13F5-BAE46044C6ED}.Release|Win32.Build.0 = Release|Win32
		{3D7F519D-02E9-BF81-13F5-BAE46044C6ED}.Release|x64.ActiveCfg = Release|x64
		{3D7F519D-02E9-BF81-13F5-BAE46044C6ED}.Release|x64.Build.0 = Release|x64
		{8FA50D6F-9F9A-BDD6-A11B-F1FF5328051F}.Release|Win32.ActiveCfg = Release|Win32
		{8FA50D6F-9F9A-BDD6-A11B-F1FF5328051F}.Release|Win32.Build.0 = Release|Win32
		{8FA50D6F-9F9A-BDD6-A11B-F1FF5328051F}.Release|x64.ActiveCfg = Release|x64
		{8FA50D6F-9F9A-BDD6-A11B-F1FF5328051F}.Release|x64.Build.0 = Release|x64
		{8305B412-74AF-3F73-920A-D75FAF6B10FA}.Release|Win32.ActiveCfg = Release|Win32
		{8305B412-74AF-3F73-920A-D75FAF6B10FA}.Release|Win32.Build.0 = Release|Win32
		{8305B412-74AF-3F73-920A-D75FAF6B10FA}.Release|x64.ActiveCfg = Release|x64
		{8305B412-74AF-3F73-920A-D75FAF6B10FA}.Release|x64.Build.0 = Release|x64
		{34A1A54E-1001-FAD4-207E-8244B1D8FB7D}.Release|Win32.ActiveCfg = Release|Win32
		{34A1A54E-1001-FAD4-207E-8244B1D8FB7D}.Release|Win32.Build.0 = Release|Win32
		{34A1A54E-1001-FAD4-207E-8244B1D8FB7D}.Release|x64.ActiveCfg = Release|x64
		{34A1A54E-1001-FAD4-207E-8244B1D8FB7D}.Release|x64.Build.0 = Release|x64
		{701D489A-A4A1-B1FA-FCA7-06538485A37C}.Release|Win32.ActiveCfg = Release|Win32
		{701D489A-A4A1-B1FA-FCA7-06538485A37C}.Release|Win32.Build.0 = Release|Win32
		{701D489A-A4A1-B1FA-FCA7-06538485A37C}.Release|x64.ActiveCfg = Release|x64
		{701D489A-A4A1-B1FA-FCA7-06538485A37C}.Release|x64.Build.0 = Release|x64
		{54A93D09-6867-18BC-542A-E6EDB1CF5E06}.Release|Win32.ActiveCfg = Release|Win32
		{54A93D09-6867-18BC-542A-E6EDB1CF5E06}.Release|Win32.Build.0 = Release|Win32
		{54A93D09-6867-18BC-542A-E6EDB1CF5E06}.Release|x64.ActiveCfg = Release|x64
		{54A93D09-6867-18BC-542A-E6EDB1CF5E06}.Release|x64.Build.0 = Release|x64
		{7915B9E6-39D3-B0B1-D818-1A78BF4A5D15}.Release|Win32.ActiveCfg = Release|Win32
		{7915B9E6-39D3-B0B1-D818-1A78BF4A5D15}.Release|Win32.Build.0 = Release|Win32
		{7915B9E6-39D3-B0B1-D818-1A78BF4A5D15}.Release|x64.ActiveCfg = Release|x64
		{7915B9E6-39D3-B0B1-D818-1A78BF4A5D15}.Release|x64.Build.0 = Release|x64
		{B2413D21-5D6F-AF05-61C6-0A5DD9EECFA4}.Release|Win32.ActiveCfg = Release|Win32
		{B2413D21-5D6F-AF05-61C6-0A5DD9EECFA4}.Release|Win32.Build.0 = Release|Win32
		{B2413D21-5D6F-AF05-61C6-0A5DD9EECFA4}.Release|x64.ActiveCfg = Release|x64
		{B2413D21-5D6F-AF05-61C6-0A5DD9EECFA4}.Release|x64.Build.0 = Release|x64
		{1B510E43-445C-1CBB-7913-35CC13A2A949}.Release|Win32.ActiveCfg = Release|Win32
		{1B510E43-445C-1CBB-7913-35CC13A2A949}.Release|Win32.Build.0 = Release|Win32
		{1B510E43-445C-1CBB-7913-35CC13A2A949}.Release|x64.ActiveCfg = Release|x64
		{1B510E43-445C-1CBB-7913-35CC13A2A949}.Release|x64.Build.0 = Release|x64
		{03B3BCB7-FD7B-EBA4-0E35-A8488B665617}.Release|Win32.ActiveCfg = Release|Win32
		{03B3BCB7-FD7B-EBA4-0E35-A8488B665617}.Release|Win32.Build.0 = Release|Win32
		{03B3BCB7-FD7B-EBA4-0E35-A8488B665617}.Release|x64.ActiveCfg = Release|x64
		{03B3BCB7-FD7B-EBA4-0E35-A8488B665617}.Release|x64.Build.0 = Release|x64
		{9BF3B28E-3D94-6EE2-5D87-35EAB161C63C}.Release|Win32.ActiveCfg = Release|Win32
		{9BF3B28E-3D94-6EE2-5D87-35EAB161C63C}.Release|Win32.Build.0 = Release|Win32
		{9BF3B28E-3D94-6EE2-5D87-35EAB161C63C}.Release|x64.ActiveCfg = Release|x64
		{9BF3B28E-3D94-6EE2-5D87-35EAB161C63C}.Release|x64.Build.0 = Release|x64
		{E8135F9D-8103-B1F9-3E86-9EEF23B8C9F6}.Release|Win32.ActiveCfg = Release|Win32
		{E8135F9D-8103-B1F9-3E86-9EEF23B8C9F6}.Release|Win32.Build.0 = Release|Win32
		{E8135F9D-8103-B1F9-3E86-9EEF23B8C9F6}.Release|x64.ActiveCfg = Release|x64
		{E8135F9D-8103-B1F9-3E86-9EEF23B8C9F6}.Release|x64.Build.0 = Release|x64
		{587BE360-FA5C-A73A-27C7-170B81C5AAE9}.Release|Win32.ActiveCfg = Release|Win32
		{587BE360-FA5C-A73A-27C7-170B81C5AAE9}.Release|Win32.Build.0 = Release|Win32
		{587BE360-FA5C-A73A-27C7-170B81C5AAE9}.Release|x64.ActiveCfg = Release|x64
		{587BE360-FA5C-A73A-27C7-170B81C5AAE9}.Release|x64.Build.0 = Release|x64
		{A9BB133D-2CEA-6ADA-B4BF-6633176A83E6}.Release|Win32.ActiveCfg = Release|Win32
		{A9BB133D-2CEA-6ADA-B4BF-6633176A83E6}.Release|Win32.Build.0 = Release|Win32
		{A9BB133D-2CEA-6ADA-B4BF-6633176A83E6}.Release|x64.ActiveCfg = Release|x64
		{A9BB133D-2CEA-6ADA-B4BF-6633176A83E6}.Release|x64.Build.0 = Release|x64
		{FE973244-8F47-5B75-BC81-E875736541FD}.Release|Win32.ActiveCfg = Release|Win32
		{FE973244-8F47-5B75-BC81-E875736541FD}.Release|Win32.Build.0 = Release|Win32
		{FE973244-8F47-5B75-BC81-E875736541FD}.Release|x64.ActiveCfg = Release|x64
		{FE973244-8F47-5B75-BC81-E875736541FD}.Release|x64.Build.0 = Release|x64
		{4192E6A4-5502-B6FB-779A-B0390C0D6613}.Release|Win32.ActiveCfg = Release|Win32
		{4192E6A4-5502-B6FB-779A-B0390C0D6613}.Release|Win32.Build.0 = Release|Win32
		{4192E6A4-5502-B6FB-779A-B0390C0D6613}.Release|x64.ActiveCfg = Release|x64
		{4192E6A4-5502-B6FB-779A-B0390C0D6613}.Release|x64.Build.0 = Release|x64
		{E7B8C70F-9DB3-232D-82E8-525E1C36B73B}.Release|Win32.ActiveCfg = Release|Win32
		{E7B8C70F-9DB3-232D-82E8-525E1C36B73B}.Release|Win32.Build.0 = Release|Win32
		{E7B8C70F-9DB3-232D-82E8-525E1C36B73B}.Release|x64.ActiveCfg = Release|x64
		{E7B8C70F-9DB3-232D-82E8-525E1C36B73B}.Release|x64.Build.0 = Release|x64
		{28A1939B-E0DB-72EE-3A1E-198BF3A5304F}.Release|Win32.ActiveCfg = Release|Win32
		{28A1939B-E0DB-72EE-3A1E-198BF3A5304F}.Release|Win32.Build.0 = Release|Win32
		{28A1939B-E0DB-72EE-3A1E-198BF3A5304F}.Release|x64.ActiveCfg = Release|x64
		{28A1939B-E0DB-72EE-3A1E-198BF3A5304F}.Release|x64.Build.0 = Release|x64
		{801D7458-1BD3-EB36-B1C0-611799FB00AB}.Release|Win32.ActiveCfg = Release|Win32
		{801D7458-1BD3-EB36-B1C0-611799FB00AB}.Release|Win32.Build.0 = Release|Win32
		{801D7458-1BD3-EB36-B1C0-611799FB00AB}.Release|x64.ActiveCfg = Release|x64
		{801D7458-1BD3-EB36-B1C0-611799FB00AB}.Release|x64.Build.0 = Release|x64
		{B0569B94-BE98-1EB9-77B4-61ADBCDEB281}.Release|Win32.ActiveCfg = Release|Win32
		{B0569B94-BE98-1EB9-77B4-61ADBCDEB281}.Release|Win32.Build.0 = Release|Win32
		{B0569B94-BE98-1EB9-77B4-61ADBCDEB281}.Release|x64.ActiveCfg = Release|x64
		{B0569B94-BE98-1EB9-77B4-61ADBCDEB281}.Release|x64.Build.0 = Release|x64
		{2A0CC5E2-095C-595B-AA53-A6DC90FC81BC}.Release|Win32.ActiveCfg = Release|Win32
		{2A0CC5E2-095C-595B-AA53-A6DC90FC81BC}.Release|Win32.Build.0 = Release|Win32
		{2A0CC5E2-095C-595B-AA53-A6DC90FC81BC}.Release|x64.ActiveCfg = Release|x64
		{2A0CC5E2-095C-595B-AA53-A6DC90FC81BC}.Release|x64.Build.0 = Release|x64
		{051161E5-E7F0-E88C-3932-83DADE87293A}.Release|Win32.ActiveCfg = Release|Win32
		{051161E5-E7F0-E88C-3932-83DADE87293A}.Release|Win32.Build.0 = Release|Win32
		{051161E5-E7F0-E88C-3932-83DADE87293A}.Release|x64.ActiveCfg = Release|x64
		{051161E5-E7F0-E88C-3932-83DADE87293A}.Release|x64.Build.0 = Release|x64
		{D30094A4-8539-5F34-6460-083D48825362}.Release|Win32.ActiveCfg = Release|Win32
		{D30094A4-8539-5F34-6460-083D48825362}.Release|Win32.Build.0 = Release|Win32
		{D30094A4-8539-5F34-6460-083D48825362}.Release|x64.ActiveCfg = Release|x64
		{D30094A4-8539-5F34-6460-083D48825362}.Release|x64.Build.0 = Release|x64
		{AA05C557-549E-3C3F-8341-E8D30E42773B}.Release|Win32.ActiveCfg = Release|Win32
		{AA05C557-549E-3C3F-8341-E8D30E42773B}.Release|Win32.Build.0 = Release|Win32
		{AA05C557-549E-3C3F-8341-E8D30E42773B}.Release|x64.ActiveCfg = Release|x64
		{AA05C557-549E-3C3F-8341-E8D30E42773B}.Release|x64.Build.0 = Release|x64
		{3A5AF676-B9BD-E082-98C1-D1FE8FCD0BA2}.Release|Win32.ActiveCfg = Release|Win32
		{3A5AF676-B9BD-E082-98C1-D1FE8FCD0BA2}.Release|Win32.Build.0 = Release|Win32
		{3A5AF676-B9BD-E082-98C1-D1FE8FCD0BA2}.Release|x64.ActiveCfg = Release|x64
		{3A5AF676-B9BD-E082-98C1-D1FE8FCD0BA2}.Release|x64.Build.0 = Release|x64
		{C1E07237-6769-AE67-BE07-14CBA057A929}.Release|Win32.ActiveCfg = Release|Win32
		{C1E07237-6769-AE67-BE07-14CBA057A929}.Release|Win32.Build.0 = Release|Win32
		{C1E07237-6769-AE67-BE07-14CBA057A929}.Release|x64.ActiveCfg = Release|x64
		{C1E07237-6769-AE67-BE07-14CBA057A929}.Release|x64.Build.0 = Release|x64
		{CAE4B6BE-AA25-8C21-334B-D6B10B4320CD}.Release|Win32.ActiveCfg = Release|Win32
		{CAE4B6BE-AA25-8C21-334B-D6B10B4320CD}.Release|Win32.Build.0 = Release|Win32
		{CAE4B6BE-AA25-8C21-334B-D6B10B4320CD}.Release|x64.ActiveCfg = Release|x64
		{CAE4B6BE-AA25-8C21-334B-D6B10B4320CD}.Release|x64.Build.0 = Release|x64
		{F8F3BCEB-686C-9180-ACD1-D3C0FDC6DC2E}.Release|Win32.ActiveCfg = Release|Win32
		{F8F3BCEB-686C-9180-ACD1-D3C0FDC6DC2E}.Release|Win32.Build.0 = Release|Win32
		{F8F3BCEB-686C-9180-ACD1-D3C0FDC6DC2E}.Release|x64.ActiveCfg = Release|x64
		{F8F3BCEB-686C-9180-ACD1-D3C0FDC6DC2E}.Release|x64.Build.0 = Release|x64
		{B2922365-A308-9485-C6E2-271F01CB95FF}.Release|Win32.ActiveCfg = Release|Win32
		{B2922365-A308-9485-C6E2-271F01CB95FF}.Release|Win32.Build.0 = Release|Win32
		{B2922365-A308-9485-C6E2-271F01CB95FF}.Release|x64.ActiveCfg = Release|x64
		{B2922365-A308-9485-C6E2-271F01CB95FF}.Release|x64.Build.0 = Release|x64
		{D8796529-615F-D571-EA8D-7A4DD2BEAFC7}.Release|Win32.ActiveCfg = Release|Win32
		{D8796529-615F-D571-EA8D-7A4DD2BEAFC7}.Release|Win32.Build.0 = Release|Win32
		{D8796529-615F-D571-EA8D-7A4DD2BEAFC7}.Release|x64.ActiveCfg = Release|x64
		{D8796529-615F-D571-EA8D-7A4DD2BEAFC7}.Release|x64.Build.0 = Release|x64
		{597962B6-A467-EE29-17B5-027D3C0148FE}.Release|Win32.ActiveCfg = Release|Win32
		{597962B6-A467-EE29-17B5-027D3C0148FE}.Release|Win32.Build.0 = Release|Win32
		{597962B6-A467-EE29-17B5-027D3C0148FE}.Release|x64.ActiveCfg = Release|x64
		{597962B6-A467-EE29-17B5-027D3C0148FE}.Release|x64.Build.0 = Release|x64
		{7AAC56DF-BDBE-DF60-BE0C-0142B2C62F3B}.Release|Win32.ActiveCfg = Release|Win32
		{7AAC56DF-BDBE-DF60-BE0C-0142B2C62F3B}.Release|Win32.Build.0 = Release|Win32
		{7AAC56DF-BDBE-DF60-BE0C-0142B2C62F3B}.Release|x64.ActiveCfg = Release|x64
		{7AAC56DF-BDBE-DF60-BE0C-0142B2C62F3B}.Release|x64.Build.0 = Release|x64
		{014DF83F-795C-9BC1-2F12-1BE2820E1AE3}.Release|Win32.ActiveCfg = Release|Win32
		{014DF83F-795C-9BC1-2F12-1BE2820E1AE3}.Release|Win32.Build.0 = Release|Win32
		{014DF83F-795C-9BC1-2F12-1BE2820E1AE3}.Release|x64.ActiveCfg = Release|x64
		{014DF83F-795C-9BC1-2F12-1BE2820E1AE3}.Release|x64.Build.0 = Release|x64
		{148E9AB3-93FF-4D03-68AC-658A7DF2AEFE}.Release|Win32.ActiveCfg = Release|Win32
		{148E9AB3-93FF-4D03-68AC-658A7DF2AEFE}.Release|Win32.Build.0 = Release|Win32
		{148E9AB3-93FF-4D03-68AC-658A7DF2AEFE}.Release|x64.ActiveCfg = Release|x64
		{148E9AB3-93FF-4D03-68AC-658A7DF2AEFE}.Release|x64.Build.0 = Release|x64
		{B4B61B18-44B6-13EA-8A67-7D30D1EDAF68}.Release|Win32.ActiveCfg = Release|Win32
		{B4B61B18-44B6-13EA-8A67-7D30D1EDAF68}.Release|Win32.Build.0 = Release|Win32
		{B4B61B18-44B6-13EA-8A67-7D30D1EDAF68}.Release|x64.ActiveCfg = Release|x64
		{B4B61B18-44B6-13EA-8A67-7D30D1EDAF68}.Release|x64.Build.0 = Release|x64
		{A241AEB7-7B03-D9AD-9169-F39BA93DD5A5}.Release|Win32.ActiveCfg = Release|Win32
		{A241AEB7-7B03-D9AD-9169-F39BA93DD5A5}.Release|Win32.Build.0 = Release|Win32
		{A241AEB7-7B03-D9AD-9169-F39BA93DD5A5}.Release|x64.ActiveCfg = Release|x64
		{A241AEB7-7B03-D9AD-9169-F39BA93DD5A5}.Release|x64.Build.0 = Release|x64
		{8787BA6B-D5B6-9DD7-8556-AEEFEEF0DCF8}.Release|Win32.ActiveCfg = Release|Win32
		{8787BA6B-D5B6-9DD7-8556-AEEFEEF0DCF8}.Release|Win32.Build.0 = Release|Win32
		{8787BA6B-D5B6-9DD7-8556-AEEFEEF0DCF8}.Release|x64.ActiveCfg = Release|x64
		{8787BA6B-D5B6-9DD7-8556-AEEFEEF0DCF8}.Release|x64.Build.0 = Release|x64
		{E5C680E5-EAD0-C41F-70EE-C0BF49CE7DC8}.Release|Win32.ActiveCfg = Release|Win32
		{E5C680E5-EAD0-C41F-70EE-C0BF49CE7DC8}.Release|Win32.Build.0 = Release|Win32
		{E5C680E5-EAD0-C41F-70EE-C0BF49CE7DC8}.Release|x64.ActiveCfg = Release|x64
		{E5C680E5-EAD0-C41F-70EE-C0BF49CE7DC8}.Release|x64.Build.0 = Release|x64
	EndGlobalSection
	GlobalSection(SolutionProperties) = preSolution
		HideSolutionNode = FALSE
	EndGlobalSection
EndGlobal
