
Microsoft Visual Studio Solution File, Format Version 9.00
# Visual C++ Express 2005
Project("{8BC9CEB8-8B4A-11D0-8D11-00A0C91BC942}") = "libcal3d-vc8", "libcal3d-vc8.vcproj", "{E3C20979-17F3-4FDF-A3AA-77041EDF37DF}"
EndProject
Global
	GlobalSection(SolutionConfigurationPlatforms) = preSolution
		Debug|Win32 = Debug|Win32
		Release|Win32 = Release|Win32
	EndGlobalSection
	GlobalSection(ProjectConfigurationPlatforms) = postSolution
		{E3C20979-17F3-4FDF-A3AA-77041EDF37DF}.Debug|Win32.ActiveCfg = Debug|Win32
		{E3C20979-17F3-4FDF-A3AA-77041EDF37DF}.Debug|Win32.Build.0 = Debug|Win32
		{E3C20979-17F3-4FDF-A3AA-77041EDF37DF}.Release|Win32.ActiveCfg = Release|Win32
		{E3C20979-17F3-4FDF-A3AA-77041EDF37DF}.Release|Win32.Build.0 = Release|Win32
	EndGlobalSection
	GlobalSection(SolutionProperties) = preSolution
		HideSolutionNode = FALSE
	EndGlobalSection
EndGlobal
