Microsoft Visual Studio Solution File, Format Version 9.00
# Visual C++ Express 2005
Project("{8BC9CEB8-8B4A-11D0-8D11-00A0C91BC942}") = "grpall_CSlibs", "grpall_CSlibs.vcproj", "{5EF19EA5-1AC8-A311-489F-FBE2F918C222}"
EndProject
Project("{8BC9CEB8-8B4A-11D0-8D11-00A0C91BC942}") = "grplibs_CSlibs", "grplibs_CSlibs.vcproj", "{89347686-E846-7F71-E4CD-0AF786056792}"
EndProject
Project("{8BC9CEB8-8B4A-11D0-8D11-00A0C91BC942}") = "libbullet_debug_static", "libbullet_debug_static.vcproj", "{676E806F-C52E-7848-C1C8-E6DDD24D3A23}"
EndProject
Project("{8BC9CEB8-8B4A-11D0-8D11-00A0C91BC942}") = "libbullet_static", "libbullet_static.vcproj", "{8E301370-E64A-7D1A-A5D9-88BC7CF78454}"
EndProject
Project("{8BC9CEB8-8B4A-11D0-8D11-00A0C91BC942}") = "libbulletccdphysics_debug_static", "libbulletccdphysics_debug_static.vcproj", "{D7D8127F-EA4D-83F0-2B6A-5F7A0E4CE4E3}"
EndProject
Project("{8BC9CEB8-8B4A-11D0-8D11-00A0C91BC942}") = "libbulletccdphysics_static", "libbulletccdphysics_static.vcproj", "{6ABC33A1-FCDD-1D62-7FCA-E6A708ED4704}"
EndProject
Project("{8BC9CEB8-8B4A-11D0-8D11-00A0C91BC942}") = "libbulletdynamics_debug_static", "libbulletdynamics_debug_static.vcproj", "{D85F73FD-86D2-D723-73BD-BEF4D2A525C3}"
EndProject
Project("{8BC9CEB8-8B4A-11D0-8D11-00A0C91BC942}") = "libbulletdynamics_static", "libbulletdynamics_static.vcproj", "{1818A64C-6956-9F24-0421-C1112B48194A}"
EndProject
Project("{8BC9CEB8-8B4A-11D0-8D11-00A0C91BC942}") = "libbulletmath_debug_static", "libbulletmath_debug_static.vcproj", "{DF3EF0AC-35D3-8658-34AD-77681B9B419E}"
EndProject
Project("{8BC9CEB8-8B4A-11D0-8D11-00A0C91BC942}") = "libbulletmath_static", "libbulletmath_static.vcproj", "{BF557EAC-6D1E-E0D3-9E9E-4691C9535035}"
EndProject
Project("{8BC9CEB8-8B4A-11D0-8D11-00A0C91BC942}") = "libbulletphysicsinterfacecommon_debug_static", "libbulletphysicsinterfacecommon_debug_static.vcproj", "{15446F4C-EDB9-FEA1-2C25-66DEE222F947}"
EndProject
Project("{8BC9CEB8-8B4A-11D0-8D11-00A0C91BC942}") = "libbulletphysicsinterfacecommon_static", "libbulletphysicsinterfacecommon_static.vcproj", "{B95A5C99-A204-3047-9664-7A2BD73EDDFD}"
EndProject
Project("{8BC9CEB8-8B4A-11D0-8D11-00A0C91BC942}") = "libcal3d", "libcal3d.vcproj", "{3D43D29C-2F37-66ED-E2CE-0B9A4E303E17}"
EndProject
Project("{8BC9CEB8-8B4A-11D0-8D11-00A0C91BC942}") = "libcal3d_debug", "libcal3d_debug.vcproj", "{BD135177-210A-F529-7F75-0E50BF489021}"
EndProject
Project("{8BC9CEB8-8B4A-11D0-8D11-00A0C91BC942}") = "libcal3d_debug_static", "libcal3d_debug_static.vcproj", "{095BEBF0-89F5-579F-A580-A866881822E9}"
EndProject
Project("{8BC9CEB8-8B4A-11D0-8D11-00A0C91BC942}") = "libcal3d_static", "libcal3d_static.vcproj", "{014A7362-EE31-DDD9-308E-851D83ADAC22}"
EndProject
Project("{8BC9CEB8-8B4A-11D0-8D11-00A0C91BC942}") = "libCEGUIBase", "libCEGUIBase.vcproj", "{02BEE12B-45A8-B80B-8002-E3A7F0791B57}"
EndProject
Project("{8BC9CEB8-8B4A-11D0-8D11-00A0C91BC942}") = "libCEGUIBase_debug", "libCEGUIBase_debug.vcproj", "{F234FBAB-A137-F72F-9584-AA50206D91C7}"
EndProject
Project("{8BC9CEB8-8B4A-11D0-8D11-00A0C91BC942}") = "libCEGUIBase_static", "libCEGUIBase_static.vcproj", "{D5D7183D-3451-DA11-3D96-B4637027965A}"
EndProject
Project("{8BC9CEB8-8B4A-11D0-8D11-00A0C91BC942}") = "libCEGUIBase_static_debug", "libCEGUIBase_static_debug.vcproj", "{7DF51881-03C0-4B4E-55AE-57886FCBD170}"
EndProject
Project("{8BC9CEB8-8B4A-11D0-8D11-00A0C91BC942}") = "libCEGUIFalagardWRBase", "libCEGUIFalagardWRBase.vcproj", "{26D1B31B-4612-0550-DF1C-6DFB885FD1AE}"
EndProject
Project("{8BC9CEB8-8B4A-11D0-8D11-00A0C91BC942}") = "libCEGUIFalagardWRBase_debug", "libCEGUIFalagardWRBase_debug.vcproj", "{C2468401-C454-F520-4EAA-731A0591EA8A}"
EndProject
Project("{8BC9CEB8-8B4A-11D0-8D11-00A0C91BC942}") = "libCEGUIFalagardWRBase_static", "libCEGUIFalagardWRBase_static.vcproj", "{6B8577B4-5A46-170E-B49C-BB2E96C2041A}"
EndProject
Project("{8BC9CEB8-8B4A-11D0-8D11-00A0C91BC942}") = "libCEGUIFalagardWRBase_static_debug", "libCEGUIFalagardWRBase_static_debug.vcproj", "{27DB75D1-A8B5-2070-6D4F-DA2924581029}"
EndProject
Project("{8BC9CEB8-8B4A-11D0-8D11-00A0C91BC942}") = "libCEGUITinyXMLParser", "libCEGUITinyXMLParser.vcproj", "{AD310206-F273-C916-B9CE-AD77353FB495}"
EndProject
Project("{8BC9CEB8-8B4A-11D0-8D11-00A0C91BC942}") = "libCEGUITinyXMLParser_debug", "libCEGUITinyXMLParser_debug.vcproj", "{5E021136-A3BF-4C46-0F5A-00AEA143E048}"
EndProject
Project("{8BC9CEB8-8B4A-11D0-8D11-00A0C91BC942}") = "libCEGUITinyXMLParser_static", "libCEGUITinyXMLParser_static.vcproj", "{84C4E9DC-9319-1C1A-D2C7-AD22F4944547}"
EndProject
Project("{8BC9CEB8-8B4A-11D0-8D11-00A0C91BC942}") = "libCEGUITinyXMLParser_static_debug", "libCEGUITinyXMLParser_static_debug.vcproj", "{39D23087-9955-274A-2DBE-0FB5AE280364}"
EndProject
Global
	GlobalSection(SolutionConfiguration) = preSolution
		ConfigName.0 = Release
	EndGlobalSection
	GlobalSection(ProjectDependencies) = postSolution
		{5EF19EA5-1AC8-A311-489F-FBE2F918C222}.0 = {676E806F-C52E-7848-C1C8-E6DDD24D3A23}
		{5EF19EA5-1AC8-A311-489F-FBE2F918C222}.1 = {8E301370-E64A-7D1A-A5D9-88BC7CF78454}
		{5EF19EA5-1AC8-A311-489F-FBE2F918C222}.2 = {D7D8127F-EA4D-83F0-2B6A-5F7A0E4CE4E3}
		{5EF19EA5-1AC8-A311-489F-FBE2F918C222}.3 = {6ABC33A1-FCDD-1D62-7FCA-E6A708ED4704}
		{5EF19EA5-1AC8-A311-489F-FBE2F918C222}.4 = {D85F73FD-86D2-D723-73BD-BEF4D2A525C3}
		{5EF19EA5-1AC8-A311-489F-FBE2F918C222}.5 = {1818A64C-6956-9F24-0421-C1112B48194A}
		{5EF19EA5-1AC8-A311-489F-FBE2F918C222}.6 = {DF3EF0AC-35D3-8658-34AD-77681B9B419E}
		{5EF19EA5-1AC8-A311-489F-FBE2F918C222}.7 = {BF557EAC-6D1E-E0D3-9E9E-4691C9535035}
		{5EF19EA5-1AC8-A311-489F-FBE2F918C222}.8 = {15446F4C-EDB9-FEA1-2C25-66DEE222F947}
		{5EF19EA5-1AC8-A311-489F-FBE2F918C222}.9 = {B95A5C99-A204-3047-9664-7A2BD73EDDFD}
		{5EF19EA5-1AC8-A311-489F-FBE2F918C222}.10 = {3D43D29C-2F37-66ED-E2CE-0B9A4E303E17}
		{5EF19EA5-1AC8-A311-489F-FBE2F918C222}.11 = {BD135177-210A-F529-7F75-0E50BF489021}
		{5EF19EA5-1AC8-A311-489F-FBE2F918C222}.12 = {095BEBF0-89F5-579F-A580-A866881822E9}
		{5EF19EA5-1AC8-A311-489F-FBE2F918C222}.13 = {014A7362-EE31-DDD9-308E-851D83ADAC22}
		{5EF19EA5-1AC8-A311-489F-FBE2F918C222}.14 = {02BEE12B-45A8-B80B-8002-E3A7F0791B57}
		{5EF19EA5-1AC8-A311-489F-FBE2F918C222}.15 = {F234FBAB-A137-F72F-9584-AA50206D91C7}
		{5EF19EA5-1AC8-A311-489F-FBE2F918C222}.16 = {D5D7183D-3451-DA11-3D96-B4637027965A}
		{5EF19EA5-1AC8-A311-489F-FBE2F918C222}.17 = {7DF51881-03C0-4B4E-55AE-57886FCBD170}
		{5EF19EA5-1AC8-A311-489F-FBE2F918C222}.18 = {26D1B31B-4612-0550-DF1C-6DFB885FD1AE}
		{5EF19EA5-1AC8-A311-489F-FBE2F918C222}.19 = {C2468401-C454-F520-4EAA-731A0591EA8A}
		{5EF19EA5-1AC8-A311-489F-FBE2F918C222}.20 = {6B8577B4-5A46-170E-B49C-BB2E96C2041A}
		{5EF19EA5-1AC8-A311-489F-FBE2F918C222}.21 = {27DB75D1-A8B5-2070-6D4F-DA2924581029}
		{5EF19EA5-1AC8-A311-489F-FBE2F918C222}.22 = {AD310206-F273-C916-B9CE-AD77353FB495}
		{5EF19EA5-1AC8-A311-489F-FBE2F918C222}.23 = {5E021136-A3BF-4C46-0F5A-00AEA143E048}
		{5EF19EA5-1AC8-A311-489F-FBE2F918C222}.24 = {84C4E9DC-9319-1C1A-D2C7-AD22F4944547}
		{5EF19EA5-1AC8-A311-489F-FBE2F918C222}.25 = {39D23087-9955-274A-2DBE-0FB5AE280364}
		{89347686-E846-7F71-E4CD-0AF786056792}.0 = {676E806F-C52E-7848-C1C8-E6DDD24D3A23}
		{89347686-E846-7F71-E4CD-0AF786056792}.1 = {8E301370-E64A-7D1A-A5D9-88BC7CF78454}
		{89347686-E846-7F71-E4CD-0AF786056792}.2 = {D7D8127F-EA4D-83F0-2B6A-5F7A0E4CE4E3}
		{89347686-E846-7F71-E4CD-0AF786056792}.3 = {6ABC33A1-FCDD-1D62-7FCA-E6A708ED4704}
		{89347686-E846-7F71-E4CD-0AF786056792}.4 = {D85F73FD-86D2-D723-73BD-BEF4D2A525C3}
		{89347686-E846-7F71-E4CD-0AF786056792}.5 = {1818A64C-6956-9F24-0421-C1112B48194A}
		{89347686-E846-7F71-E4CD-0AF786056792}.6 = {DF3EF0AC-35D3-8658-34AD-77681B9B419E}
		{89347686-E846-7F71-E4CD-0AF786056792}.7 = {BF557EAC-6D1E-E0D3-9E9E-4691C9535035}
		{89347686-E846-7F71-E4CD-0AF786056792}.8 = {15446F4C-EDB9-FEA1-2C25-66DEE222F947}
		{89347686-E846-7F71-E4CD-0AF786056792}.9 = {B95A5C99-A204-3047-9664-7A2BD73EDDFD}
		{89347686-E846-7F71-E4CD-0AF786056792}.10 = {3D43D29C-2F37-66ED-E2CE-0B9A4E303E17}
		{89347686-E846-7F71-E4CD-0AF786056792}.11 = {BD135177-210A-F529-7F75-0E50BF489021}
		{89347686-E846-7F71-E4CD-0AF786056792}.12 = {095BEBF0-89F5-579F-A580-A866881822E9}
		{89347686-E846-7F71-E4CD-0AF786056792}.13 = {014A7362-EE31-DDD9-308E-851D83ADAC22}
		{89347686-E846-7F71-E4CD-0AF786056792}.14 = {02BEE12B-45A8-B80B-8002-E3A7F0791B57}
		{89347686-E846-7F71-E4CD-0AF786056792}.15 = {F234FBAB-A137-F72F-9584-AA50206D91C7}
		{89347686-E846-7F71-E4CD-0AF786056792}.16 = {D5D7183D-3451-DA11-3D96-B4637027965A}
		{89347686-E846-7F71-E4CD-0AF786056792}.17 = {7DF51881-03C0-4B4E-55AE-57886FCBD170}
		{89347686-E846-7F71-E4CD-0AF786056792}.18 = {26D1B31B-4612-0550-DF1C-6DFB885FD1AE}
		{89347686-E846-7F71-E4CD-0AF786056792}.19 = {C2468401-C454-F520-4EAA-731A0591EA8A}
		{89347686-E846-7F71-E4CD-0AF786056792}.20 = {6B8577B4-5A46-170E-B49C-BB2E96C2041A}
		{89347686-E846-7F71-E4CD-0AF786056792}.21 = {27DB75D1-A8B5-2070-6D4F-DA2924581029}
		{89347686-E846-7F71-E4CD-0AF786056792}.22 = {AD310206-F273-C916-B9CE-AD77353FB495}
		{89347686-E846-7F71-E4CD-0AF786056792}.23 = {5E021136-A3BF-4C46-0F5A-00AEA143E048}
		{89347686-E846-7F71-E4CD-0AF786056792}.24 = {84C4E9DC-9319-1C1A-D2C7-AD22F4944547}
		{89347686-E846-7F71-E4CD-0AF786056792}.25 = {39D23087-9955-274A-2DBE-0FB5AE280364}
		{26D1B31B-4612-0550-DF1C-6DFB885FD1AE}.0 = {02BEE12B-45A8-B80B-8002-E3A7F0791B57}
		{C2468401-C454-F520-4EAA-731A0591EA8A}.0 = {F234FBAB-A137-F72F-9584-AA50206D91C7}
		{6B8577B4-5A46-170E-B49C-BB2E96C2041A}.0 = {D5D7183D-3451-DA11-3D96-B4637027965A}
		{27DB75D1-A8B5-2070-6D4F-DA2924581029}.0 = {7DF51881-03C0-4B4E-55AE-57886FCBD170}
		{AD310206-F273-C916-B9CE-AD77353FB495}.0 = {02BEE12B-45A8-B80B-8002-E3A7F0791B57}
		{5E021136-A3BF-4C46-0F5A-00AEA143E048}.0 = {F234FBAB-A137-F72F-9584-AA50206D91C7}
		{84C4E9DC-9319-1C1A-D2C7-AD22F4944547}.0 = {D5D7183D-3451-DA11-3D96-B4637027965A}
		{39D23087-9955-274A-2DBE-0FB5AE280364}.0 = {7DF51881-03C0-4B4E-55AE-57886FCBD170}
	EndGlobalSection
	GlobalSection(ProjectConfiguration) = postSolution
		{5EF19EA5-1AC8-A311-489F-FBE2F918C222}.Release.ActiveCfg = Release|Win32
		{5EF19EA5-1AC8-A311-489F-FBE2F918C222}.Release.Build.0 = Release|Win32
		{89347686-E846-7F71-E4CD-0AF786056792}.Release.ActiveCfg = Release|Win32
		{89347686-E846-7F71-E4CD-0AF786056792}.Release.Build.0 = Release|Win32
		{676E806F-C52E-7848-C1C8-E6DDD24D3A23}.Release.ActiveCfg = Release|Win32
		{676E806F-C52E-7848-C1C8-E6DDD24D3A23}.Release.Build.0 = Release|Win32
		{8E301370-E64A-7D1A-A5D9-88BC7CF78454}.Release.ActiveCfg = Release|Win32
		{8E301370-E64A-7D1A-A5D9-88BC7CF78454}.Release.Build.0 = Release|Win32
		{D7D8127F-EA4D-83F0-2B6A-5F7A0E4CE4E3}.Release.ActiveCfg = Release|Win32
		{D7D8127F-EA4D-83F0-2B6A-5F7A0E4CE4E3}.Release.Build.0 = Release|Win32
		{6ABC33A1-FCDD-1D62-7FCA-E6A708ED4704}.Release.ActiveCfg = Release|Win32
		{6ABC33A1-FCDD-1D62-7FCA-E6A708ED4704}.Release.Build.0 = Release|Win32
		{D85F73FD-86D2-D723-73BD-BEF4D2A525C3}.Release.ActiveCfg = Release|Win32
		{D85F73FD-86D2-D723-73BD-BEF4D2A525C3}.Release.Build.0 = Release|Win32
		{1818A64C-6956-9F24-0421-C1112B48194A}.Release.ActiveCfg = Release|Win32
		{1818A64C-6956-9F24-0421-C1112B48194A}.Release.Build.0 = Release|Win32
		{DF3EF0AC-35D3-8658-34AD-77681B9B419E}.Release.ActiveCfg = Release|Win32
		{DF3EF0AC-35D3-8658-34AD-77681B9B419E}.Release.Build.0 = Release|Win32
		{BF557EAC-6D1E-E0D3-9E9E-4691C9535035}.Release.ActiveCfg = Release|Win32
		{BF557EAC-6D1E-E0D3-9E9E-4691C9535035}.Release.Build.0 = Release|Win32
		{15446F4C-EDB9-FEA1-2C25-66DEE222F947}.Release.ActiveCfg = Release|Win32
		{15446F4C-EDB9-FEA1-2C25-66DEE222F947}.Release.Build.0 = Release|Win32
		{B95A5C99-A204-3047-9664-7A2BD73EDDFD}.Release.ActiveCfg = Release|Win32
		{B95A5C99-A204-3047-9664-7A2BD73EDDFD}.Release.Build.0 = Release|Win32
		{3D43D29C-2F37-66ED-E2CE-0B9A4E303E17}.Release.ActiveCfg = Release|Win32
		{3D43D29C-2F37-66ED-E2CE-0B9A4E303E17}.Release.Build.0 = Release|Win32
		{BD135177-210A-F529-7F75-0E50BF489021}.Release.ActiveCfg = Release|Win32
		{BD135177-210A-F529-7F75-0E50BF489021}.Release.Build.0 = Release|Win32
		{095BEBF0-89F5-579F-A580-A866881822E9}.Release.ActiveCfg = Release|Win32
		{095BEBF0-89F5-579F-A580-A866881822E9}.Release.Build.0 = Release|Win32
		{014A7362-EE31-DDD9-308E-851D83ADAC22}.Release.ActiveCfg = Release|Win32
		{014A7362-EE31-DDD9-308E-851D83ADAC22}.Release.Build.0 = Release|Win32
		{02BEE12B-45A8-B80B-8002-E3A7F0791B57}.Release.ActiveCfg = Release|Win32
		{02BEE12B-45A8-B80B-8002-E3A7F0791B57}.Release.Build.0 = Release|Win32
		{F234FBAB-A137-F72F-9584-AA50206D91C7}.Release.ActiveCfg = Release|Win32
		{F234FBAB-A137-F72F-9584-AA50206D91C7}.Release.Build.0 = Release|Win32
		{D5D7183D-3451-DA11-3D96-B4637027965A}.Release.ActiveCfg = Release|Win32
		{D5D7183D-3451-DA11-3D96-B4637027965A}.Release.Build.0 = Release|Win32
		{7DF51881-03C0-4B4E-55AE-57886FCBD170}.Release.ActiveCfg = Release|Win32
		{7DF51881-03C0-4B4E-55AE-57886FCBD170}.Release.Build.0 = Release|Win32
		{26D1B31B-4612-0550-DF1C-6DFB885FD1AE}.Release.ActiveCfg = Release|Win32
		{26D1B31B-4612-0550-DF1C-6DFB885FD1AE}.Release.Build.0 = Release|Win32
		{C2468401-C454-F520-4EAA-731A0591EA8A}.Release.ActiveCfg = Release|Win32
		{C2468401-C454-F520-4EAA-731A0591EA8A}.Release.Build.0 = Release|Win32
		{6B8577B4-5A46-170E-B49C-BB2E96C2041A}.Release.ActiveCfg = Release|Win32
		{6B8577B4-5A46-170E-B49C-BB2E96C2041A}.Release.Build.0 = Release|Win32
		{27DB75D1-A8B5-2070-6D4F-DA2924581029}.Release.ActiveCfg = Release|Win32
		{27DB75D1-A8B5-2070-6D4F-DA2924581029}.Release.Build.0 = Release|Win32
		{AD310206-F273-C916-B9CE-AD77353FB495}.Release.ActiveCfg = Release|Win32
		{AD310206-F273-C916-B9CE-AD77353FB495}.Release.Build.0 = Release|Win32
		{5E021136-A3BF-4C46-0F5A-00AEA143E048}.Release.ActiveCfg = Release|Win32
		{5E021136-A3BF-4C46-0F5A-00AEA143E048}.Release.Build.0 = Release|Win32
		{84C4E9DC-9319-1C1A-D2C7-AD22F4944547}.Release.ActiveCfg = Release|Win32
		{84C4E9DC-9319-1C1A-D2C7-AD22F4944547}.Release.Build.0 = Release|Win32
		{39D23087-9955-274A-2DBE-0FB5AE280364}.Release.ActiveCfg = Release|Win32
		{39D23087-9955-274A-2DBE-0FB5AE280364}.Release.Build.0 = Release|Win32
	EndGlobalSection
	GlobalSection(ExtensibilityGlobals) = postSolution
	EndGlobalSection
	GlobalSection(ExtensibilityAddIns) = postSolution
	EndGlobalSection
EndGlobal
